// !$*UTF8*$!
{
	archiveVersion = 1;
	classes = {
	};
	objectVersion = 46;
	objects = {

/* Begin PBXBuildFile section */
		0E21C24B42EE3D4F591EC569 /* libPods-HealthyWay.a in Frameworks */ = {isa = PBXBuildFile; fileRef = BA484E84199F6DCBDAC57AFF /* libPods-HealthyWay.a */; };
		44190E8B1D59282B00A8A4C1 /* HWAuthorizationOperation.m in Sources */ = {isa = PBXBuildFile; fileRef = 44190E8A1D59282B00A8A4C1 /* HWAuthorizationOperation.m */; };
		44930B491D54C0FD007A4D41 /* HWBaseAuthView.m in Sources */ = {isa = PBXBuildFile; fileRef = 44930B481D54C0FD007A4D41 /* HWBaseAuthView.m */; };
		44930B4C1D54DF8B007A4D41 /* HWSignUpView.m in Sources */ = {isa = PBXBuildFile; fileRef = 44930B4B1D54DF8B007A4D41 /* HWSignUpView.m */; };
		5802061B1D1D368400349B32 /* main.m in Sources */ = {isa = PBXBuildFile; fileRef = 5802061A1D1D368400349B32 /* main.m */; };
		5802061E1D1D368400349B32 /* AppDelegate.m in Sources */ = {isa = PBXBuildFile; fileRef = 5802061D1D1D368400349B32 /* AppDelegate.m */; };
		580206261D1D368400349B32 /* Assets.xcassets in Resources */ = {isa = PBXBuildFile; fileRef = 580206251D1D368400349B32 /* Assets.xcassets */; };
		580206291D1D368400349B32 /* LaunchScreen.storyboard in Resources */ = {isa = PBXBuildFile; fileRef = 580206271D1D368400349B32 /* LaunchScreen.storyboard */; };
		580206341D1D368400349B32 /* HealthyWayTests.m in Sources */ = {isa = PBXBuildFile; fileRef = 580206331D1D368400349B32 /* HealthyWayTests.m */; };
		580C29541D5B25CE009B5118 /* HWBaseOperation.m in Sources */ = {isa = PBXBuildFile; fileRef = 580C29531D5B25CE009B5118 /* HWBaseOperation.m */; };
		580C29581D5B3CEE009B5118 /* HWCreateUpdateUserProfileOperation.m in Sources */ = {isa = PBXBuildFile; fileRef = 580C29571D5B3CEE009B5118 /* HWCreateUpdateUserProfileOperation.m */; };
		580C295D1D5B3D2C009B5118 /* HWBirthDatePicker.m in Sources */ = {isa = PBXBuildFile; fileRef = 580C295C1D5B3D2C009B5118 /* HWBirthDatePicker.m */; };
		580C295F1D5B3D3E009B5118 /* HWBirthDatePicker.xib in Resources */ = {isa = PBXBuildFile; fileRef = 580C295E1D5B3D3E009B5118 /* HWBirthDatePicker.xib */; };
		580C29631D5B400A009B5118 /* HWCommonDateFormatter.m in Sources */ = {isa = PBXBuildFile; fileRef = 580C29621D5B400A009B5118 /* HWCommonDateFormatter.m */; };
		580C29671D5B421A009B5118 /* HWUserProfileController+ImagePicker.m in Sources */ = {isa = PBXBuildFile; fileRef = 580C29661D5B421A009B5118 /* HWUserProfileController+ImagePicker.m */; };
		580C296D1D5B42A2009B5118 /* UIImage+Scale.m in Sources */ = {isa = PBXBuildFile; fileRef = 580C296C1D5B42A2009B5118 /* UIImage+Scale.m */; };
		580C29711D5B50F1009B5118 /* HWUserProfileData.m in Sources */ = {isa = PBXBuildFile; fileRef = 580C29701D5B50F1009B5118 /* HWUserProfileData.m */; };
		5810FF0B1D589FEA00AF5C96 /* HWAuthorizationViewController+AuthViewTransitionSubtype.m in Sources */ = {isa = PBXBuildFile; fileRef = 5810FF0A1D589FEA00AF5C96 /* HWAuthorizationViewController+AuthViewTransitionSubtype.m */; };
		5810FF101D58A9C500AF5C96 /* CAAnimation+CompletionBlock.m in Sources */ = {isa = PBXBuildFile; fileRef = 5810FF0F1D58A9C500AF5C96 /* CAAnimation+CompletionBlock.m */; };
		5810FF151D58CCC300AF5C96 /* NSString+ErrorString.m in Sources */ = {isa = PBXBuildFile; fileRef = 5810FF141D58CCC300AF5C96 /* NSString+ErrorString.m */; };
		58A2A7A01D4F859E006DBC38 /* HWKeychainHandler.m in Sources */ = {isa = PBXBuildFile; fileRef = 58A2A79F1D4F859E006DBC38 /* HWKeychainHandler.m */; };
		58A2A7AB1D4F938E006DBC38 /* UIView+MakeFromXib.m in Sources */ = {isa = PBXBuildFile; fileRef = 58A2A7AA1D4F938E006DBC38 /* UIView+MakeFromXib.m */; };
		58B305481D508D1A0011F405 /* HWBaseViewController.m in Sources */ = {isa = PBXBuildFile; fileRef = 58B305471D508D1A0011F405 /* HWBaseViewController.m */; };
		58B3054B1D508D280011F405 /* HWBaseNavigationController.m in Sources */ = {isa = PBXBuildFile; fileRef = 58B3054A1D508D280011F405 /* HWBaseNavigationController.m */; };
		58B3054E1D508D380011F405 /* HWBaseKeyboardHandlerViewController.m in Sources */ = {isa = PBXBuildFile; fileRef = 58B3054D1D508D380011F405 /* HWBaseKeyboardHandlerViewController.m */; };
		58B305501D508D460011F405 /* AuthStoryBoard.storyboard in Resources */ = {isa = PBXBuildFile; fileRef = 58B3054F1D508D460011F405 /* AuthStoryBoard.storyboard */; };
		58B305531D508D550011F405 /* HWAutologinViewController.m in Sources */ = {isa = PBXBuildFile; fileRef = 58B305521D508D550011F405 /* HWAutologinViewController.m */; };
		58B305561D508D690011F405 /* HWAuthorizationViewController.m in Sources */ = {isa = PBXBuildFile; fileRef = 58B305551D508D690011F405 /* HWAuthorizationViewController.m */; };
		58B305581D508D840011F405 /* UserProfileStoryboard.storyboard in Resources */ = {isa = PBXBuildFile; fileRef = 58B305571D508D840011F405 /* UserProfileStoryboard.storyboard */; };
		58B3055B1D508D950011F405 /* HWCreateUserProfileContainerController.m in Sources */ = {isa = PBXBuildFile; fileRef = 58B3055A1D508D950011F405 /* HWCreateUserProfileContainerController.m */; };
		58B3055F1D508DA60011F405 /* HWUserProfileController.m in Sources */ = {isa = PBXBuildFile; fileRef = 58B3055D1D508DA60011F405 /* HWUserProfileController.m */; };
		58B305601D508DA60011F405 /* HWUserProfileController.xib in Resources */ = {isa = PBXBuildFile; fileRef = 58B3055E1D508DA60011F405 /* HWUserProfileController.xib */; };
		58B305641D508DC40011F405 /* HWForgotPasswordView.m in Sources */ = {isa = PBXBuildFile; fileRef = 58B305621D508DC40011F405 /* HWForgotPasswordView.m */; };
		58B305651D508DC40011F405 /* HWForgotPasswordView.xib in Resources */ = {isa = PBXBuildFile; fileRef = 58B305631D508DC40011F405 /* HWForgotPasswordView.xib */; };
		58B3056A1D508DD10011F405 /* HWSignUpView.xib in Resources */ = {isa = PBXBuildFile; fileRef = 58B305681D508DD10011F405 /* HWSignUpView.xib */; };
		58B3056E1D508DE00011F405 /* HWSignInView.m in Sources */ = {isa = PBXBuildFile; fileRef = 58B3056C1D508DE00011F405 /* HWSignInView.m */; };
		58B3056F1D508DE00011F405 /* HWSignInView.xib in Resources */ = {isa = PBXBuildFile; fileRef = 58B3056D1D508DE00011F405 /* HWSignInView.xib */; };
		58B305721D508DF90011F405 /* HWCredentials.m in Sources */ = {isa = PBXBuildFile; fileRef = 58B305711D508DF90011F405 /* HWCredentials.m */; };
		58B305751D508E330011F405 /* HWAuthService.m in Sources */ = {isa = PBXBuildFile; fileRef = 58B305741D508E330011F405 /* HWAuthService.m */; };
		58C727691D23D13400F5F85D /* HWAlertService.m in Sources */ = {isa = PBXBuildFile; fileRef = 58C727681D23D13400F5F85D /* HWAlertService.m */; };
		58C727701D23D30A00F5F85D /* HWErrorHandler.m in Sources */ = {isa = PBXBuildFile; fileRef = 58C7276F1D23D30A00F5F85D /* HWErrorHandler.m */; };
		58C727751D23D37E00F5F85D /* NSString+JSONRepresentation.m in Sources */ = {isa = PBXBuildFile; fileRef = 58C727741D23D37E00F5F85D /* NSString+JSONRepresentation.m */; };
		58C727781D23D3BD00F5F85D /* HWValidator.m in Sources */ = {isa = PBXBuildFile; fileRef = 58C727771D23D3BD00F5F85D /* HWValidator.m */; };
		58D774241D22C83B00CEE186 /* GoogleService-Info.plist in Resources */ = {isa = PBXBuildFile; fileRef = 58D774231D22C83B00CEE186 /* GoogleService-Info.plist */; };
		58E337C31D22F42E00B3A280 /* HWBaseAppManager.m in Sources */ = {isa = PBXBuildFile; fileRef = 58E337C21D22F42E00B3A280 /* HWBaseAppManager.m */; };
/* End PBXBuildFile section */

/* Begin PBXContainerItemProxy section */
		580206301D1D368400349B32 /* PBXContainerItemProxy */ = {
			isa = PBXContainerItemProxy;
			containerPortal = 5802060E1D1D368300349B32 /* Project object */;
			proxyType = 1;
			remoteGlobalIDString = 580206151D1D368400349B32;
			remoteInfo = HealthyWay;
		};
/* End PBXContainerItemProxy section */

/* Begin PBXFileReference section */
		0D6832D0B10F075E049BCAFE /* Pods-HealthyWay.release.xcconfig */ = {isa = PBXFileReference; includeInIndex = 1; lastKnownFileType = text.xcconfig; name = "Pods-HealthyWay.release.xcconfig"; path = "Pods/Target Support Files/Pods-HealthyWay/Pods-HealthyWay.release.xcconfig"; sourceTree = "<group>"; };
		3CCE95E83D318FA9D7DFA3BC /* Pods-HealthyWay.debug.xcconfig */ = {isa = PBXFileReference; includeInIndex = 1; lastKnownFileType = text.xcconfig; name = "Pods-HealthyWay.debug.xcconfig"; path = "Pods/Target Support Files/Pods-HealthyWay/Pods-HealthyWay.debug.xcconfig"; sourceTree = "<group>"; };
		44190E891D59282B00A8A4C1 /* HWAuthorizationOperation.h */ = {isa = PBXFileReference; fileEncoding = 4; lastKnownFileType = sourcecode.c.h; name = HWAuthorizationOperation.h; path = Classes/Operations/SignInOperation/HWAuthorizationOperation.h; sourceTree = "<group>"; };
		44190E8A1D59282B00A8A4C1 /* HWAuthorizationOperation.m */ = {isa = PBXFileReference; fileEncoding = 4; lastKnownFileType = sourcecode.c.objc; name = HWAuthorizationOperation.m; path = Classes/Operations/SignInOperation/HWAuthorizationOperation.m; sourceTree = "<group>"; };
		44930B471D54C0FD007A4D41 /* HWBaseAuthView.h */ = {isa = PBXFileReference; fileEncoding = 4; lastKnownFileType = sourcecode.c.h; name = HWBaseAuthView.h; path = Classes/MVC/Views/Auth/AuthView/HWBaseAuthView.h; sourceTree = "<group>"; };
		44930B481D54C0FD007A4D41 /* HWBaseAuthView.m */ = {isa = PBXFileReference; fileEncoding = 4; lastKnownFileType = sourcecode.c.objc; name = HWBaseAuthView.m; path = Classes/MVC/Views/Auth/AuthView/HWBaseAuthView.m; sourceTree = "<group>"; };
		44930B4A1D54DF8B007A4D41 /* HWSignUpView.h */ = {isa = PBXFileReference; fileEncoding = 4; lastKnownFileType = sourcecode.c.h; name = HWSignUpView.h; path = Classes/MVC/Views/Auth/SignUpView/HWSignUpView.h; sourceTree = "<group>"; };
		44930B4B1D54DF8B007A4D41 /* HWSignUpView.m */ = {isa = PBXFileReference; fileEncoding = 4; lastKnownFileType = sourcecode.c.objc; name = HWSignUpView.m; path = Classes/MVC/Views/Auth/SignUpView/HWSignUpView.m; sourceTree = "<group>"; };
		44930B4E1D54FAC8007A4D41 /* HWAuthViews.h */ = {isa = PBXFileReference; fileEncoding = 4; lastKnownFileType = sourcecode.c.h; name = HWAuthViews.h; path = Classes/MVC/Views/Auth/HWAuthViews.h; sourceTree = "<group>"; };
		580206161D1D368400349B32 /* HealthyWay.app */ = {isa = PBXFileReference; explicitFileType = wrapper.application; includeInIndex = 0; path = HealthyWay.app; sourceTree = BUILT_PRODUCTS_DIR; };
		5802061A1D1D368400349B32 /* main.m */ = {isa = PBXFileReference; lastKnownFileType = sourcecode.c.objc; path = main.m; sourceTree = "<group>"; };
		5802061C1D1D368400349B32 /* AppDelegate.h */ = {isa = PBXFileReference; lastKnownFileType = sourcecode.c.h; path = AppDelegate.h; sourceTree = "<group>"; };
		5802061D1D1D368400349B32 /* AppDelegate.m */ = {isa = PBXFileReference; lastKnownFileType = sourcecode.c.objc; path = AppDelegate.m; sourceTree = "<group>"; };
		580206251D1D368400349B32 /* Assets.xcassets */ = {isa = PBXFileReference; lastKnownFileType = folder.assetcatalog; path = Assets.xcassets; sourceTree = "<group>"; };
		580206281D1D368400349B32 /* Base */ = {isa = PBXFileReference; lastKnownFileType = file.storyboard; name = Base; path = Base.lproj/LaunchScreen.storyboard; sourceTree = "<group>"; };
		5802062A1D1D368400349B32 /* Info.plist */ = {isa = PBXFileReference; lastKnownFileType = text.plist.xml; path = Info.plist; sourceTree = "<group>"; };
		5802062F1D1D368400349B32 /* HealthyWayTests.xctest */ = {isa = PBXFileReference; explicitFileType = wrapper.cfbundle; includeInIndex = 0; path = HealthyWayTests.xctest; sourceTree = BUILT_PRODUCTS_DIR; };
		580206331D1D368400349B32 /* HealthyWayTests.m */ = {isa = PBXFileReference; lastKnownFileType = sourcecode.c.objc; path = HealthyWayTests.m; sourceTree = "<group>"; };
		580206351D1D368400349B32 /* Info.plist */ = {isa = PBXFileReference; lastKnownFileType = text.plist.xml; path = Info.plist; sourceTree = "<group>"; };
		580B40951D59E39D00B8D41D /* HWAuthTypes.h */ = {isa = PBXFileReference; lastKnownFileType = sourcecode.c.h; name = HWAuthTypes.h; path = Classes/MVC/ModelsServices/AuthService/AuthTypes/HWAuthTypes.h; sourceTree = "<group>"; };
		580C29521D5B25CE009B5118 /* HWBaseOperation.h */ = {isa = PBXFileReference; fileEncoding = 4; lastKnownFileType = sourcecode.c.h; name = HWBaseOperation.h; path = Classes/Operations/BaseOperation/HWBaseOperation.h; sourceTree = "<group>"; };
		580C29531D5B25CE009B5118 /* HWBaseOperation.m */ = {isa = PBXFileReference; fileEncoding = 4; lastKnownFileType = sourcecode.c.objc; name = HWBaseOperation.m; path = Classes/Operations/BaseOperation/HWBaseOperation.m; sourceTree = "<group>"; };
		580C29561D5B3CEE009B5118 /* HWCreateUpdateUserProfileOperation.h */ = {isa = PBXFileReference; fileEncoding = 4; lastKnownFileType = sourcecode.c.h; name = HWCreateUpdateUserProfileOperation.h; path = Classes/Operations/CreateUpdateUserProfileOperation/HWCreateUpdateUserProfileOperation.h; sourceTree = "<group>"; };
		580C29571D5B3CEE009B5118 /* HWCreateUpdateUserProfileOperation.m */ = {isa = PBXFileReference; fileEncoding = 4; lastKnownFileType = sourcecode.c.objc; name = HWCreateUpdateUserProfileOperation.m; path = Classes/Operations/CreateUpdateUserProfileOperation/HWCreateUpdateUserProfileOperation.m; sourceTree = "<group>"; };
		580C295B1D5B3D2C009B5118 /* HWBirthDatePicker.h */ = {isa = PBXFileReference; fileEncoding = 4; lastKnownFileType = sourcecode.c.h; name = HWBirthDatePicker.h; path = Classes/MVC/Views/UserProfile/HWBirthDatePicker.h; sourceTree = "<group>"; };
		580C295C1D5B3D2C009B5118 /* HWBirthDatePicker.m */ = {isa = PBXFileReference; fileEncoding = 4; lastKnownFileType = sourcecode.c.objc; name = HWBirthDatePicker.m; path = Classes/MVC/Views/UserProfile/HWBirthDatePicker.m; sourceTree = "<group>"; };
		580C295E1D5B3D3E009B5118 /* HWBirthDatePicker.xib */ = {isa = PBXFileReference; fileEncoding = 4; lastKnownFileType = file.xib; name = HWBirthDatePicker.xib; path = Classes/MVC/Views/UserProfile/HWBirthDatePicker.xib; sourceTree = "<group>"; };
		580C29611D5B400A009B5118 /* HWCommonDateFormatter.h */ = {isa = PBXFileReference; fileEncoding = 4; lastKnownFileType = sourcecode.c.h; name = HWCommonDateFormatter.h; path = Classes/HelperClasses/CommonDateFormatter/HWCommonDateFormatter.h; sourceTree = "<group>"; };
		580C29621D5B400A009B5118 /* HWCommonDateFormatter.m */ = {isa = PBXFileReference; fileEncoding = 4; lastKnownFileType = sourcecode.c.objc; name = HWCommonDateFormatter.m; path = Classes/HelperClasses/CommonDateFormatter/HWCommonDateFormatter.m; sourceTree = "<group>"; };
		580C29651D5B421A009B5118 /* HWUserProfileController+ImagePicker.h */ = {isa = PBXFileReference; fileEncoding = 4; lastKnownFileType = sourcecode.c.h; name = "HWUserProfileController+ImagePicker.h"; path = "Classes/MVC/ViewControllers/UserAccountInformation/UserProfileController/UserProfileController+ImagePicker/HWUserProfileController+ImagePicker.h"; sourceTree = "<group>"; };
		580C29661D5B421A009B5118 /* HWUserProfileController+ImagePicker.m */ = {isa = PBXFileReference; fileEncoding = 4; lastKnownFileType = sourcecode.c.objc; name = "HWUserProfileController+ImagePicker.m"; path = "Classes/MVC/ViewControllers/UserAccountInformation/UserProfileController/UserProfileController+ImagePicker/HWUserProfileController+ImagePicker.m"; sourceTree = "<group>"; };
		580C296B1D5B42A2009B5118 /* UIImage+Scale.h */ = {isa = PBXFileReference; fileEncoding = 4; lastKnownFileType = sourcecode.c.h; name = "UIImage+Scale.h"; path = "Classes/Categories/UIImage/UIImage+Scale/UIImage+Scale.h"; sourceTree = "<group>"; };
		580C296C1D5B42A2009B5118 /* UIImage+Scale.m */ = {isa = PBXFileReference; fileEncoding = 4; lastKnownFileType = sourcecode.c.objc; name = "UIImage+Scale.m"; path = "Classes/Categories/UIImage/UIImage+Scale/UIImage+Scale.m"; sourceTree = "<group>"; };
		580C296F1D5B50F1009B5118 /* HWUserProfileData.h */ = {isa = PBXFileReference; fileEncoding = 4; lastKnownFileType = sourcecode.c.h; name = HWUserProfileData.h; path = Classes/MVC/Models/UserProfileData/HWUserProfileData.h; sourceTree = "<group>"; };
		580C29701D5B50F1009B5118 /* HWUserProfileData.m */ = {isa = PBXFileReference; fileEncoding = 4; lastKnownFileType = sourcecode.c.objc; name = HWUserProfileData.m; path = Classes/MVC/Models/UserProfileData/HWUserProfileData.m; sourceTree = "<group>"; };
		5810FF091D589FEA00AF5C96 /* HWAuthorizationViewController+AuthViewTransitionSubtype.h */ = {isa = PBXFileReference; fileEncoding = 4; lastKnownFileType = sourcecode.c.h; name = "HWAuthorizationViewController+AuthViewTransitionSubtype.h"; path = "Classes/MVC/ViewControllers/Authentication/AuthorizationViewController/AuthorizationViewController+AuthViewTransitionSubtype/HWAuthorizationViewController+AuthViewTransitionSubtype.h"; sourceTree = "<group>"; };
		5810FF0A1D589FEA00AF5C96 /* HWAuthorizationViewController+AuthViewTransitionSubtype.m */ = {isa = PBXFileReference; fileEncoding = 4; lastKnownFileType = sourcecode.c.objc; name = "HWAuthorizationViewController+AuthViewTransitionSubtype.m"; path = "Classes/MVC/ViewControllers/Authentication/AuthorizationViewController/AuthorizationViewController+AuthViewTransitionSubtype/HWAuthorizationViewController+AuthViewTransitionSubtype.m"; sourceTree = "<group>"; };
		5810FF0E1D58A9C500AF5C96 /* CAAnimation+CompletionBlock.h */ = {isa = PBXFileReference; fileEncoding = 4; lastKnownFileType = sourcecode.c.h; name = "CAAnimation+CompletionBlock.h"; path = "Classes/Categories/CAAnimation/CAAnimation+CompletionBlock/CAAnimation+CompletionBlock.h"; sourceTree = "<group>"; };
		5810FF0F1D58A9C500AF5C96 /* CAAnimation+CompletionBlock.m */ = {isa = PBXFileReference; fileEncoding = 4; lastKnownFileType = sourcecode.c.objc; name = "CAAnimation+CompletionBlock.m"; path = "Classes/Categories/CAAnimation/CAAnimation+CompletionBlock/CAAnimation+CompletionBlock.m"; sourceTree = "<group>"; };
		5810FF131D58CCC300AF5C96 /* NSString+ErrorString.h */ = {isa = PBXFileReference; fileEncoding = 4; lastKnownFileType = sourcecode.c.h; name = "NSString+ErrorString.h"; path = "Classes/Categories/NSString/NSString+ErrorString/NSString+ErrorString.h"; sourceTree = "<group>"; };
		5810FF141D58CCC300AF5C96 /* NSString+ErrorString.m */ = {isa = PBXFileReference; fileEncoding = 4; lastKnownFileType = sourcecode.c.objc; name = "NSString+ErrorString.m"; path = "Classes/Categories/NSString/NSString+ErrorString/NSString+ErrorString.m"; sourceTree = "<group>"; };
		587861291D22C2A800CD0179 /* HealthyWay-PrefixHeader.pch */ = {isa = PBXFileReference; lastKnownFileType = sourcecode.c.h; name = "HealthyWay-PrefixHeader.pch"; path = "PrecompiledHeader/HealthyWay-PrefixHeader.pch"; sourceTree = "<group>"; };
		58A2A79E1D4F859E006DBC38 /* HWKeychainHandler.h */ = {isa = PBXFileReference; fileEncoding = 4; lastKnownFileType = sourcecode.c.h; name = HWKeychainHandler.h; path = Classes/Services/Keychain/HWKeychainHandler.h; sourceTree = "<group>"; };
		58A2A79F1D4F859E006DBC38 /* HWKeychainHandler.m */ = {isa = PBXFileReference; fileEncoding = 4; lastKnownFileType = sourcecode.c.objc; name = HWKeychainHandler.m; path = Classes/Services/Keychain/HWKeychainHandler.m; sourceTree = "<group>"; };
		58A2A7A21D4F88D9006DBC38 /* Constants.h */ = {isa = PBXFileReference; lastKnownFileType = sourcecode.c.h; name = Constants.h; path = Constants/Constants.h; sourceTree = "<group>"; };
		58A2A7A91D4F938E006DBC38 /* UIView+MakeFromXib.h */ = {isa = PBXFileReference; fileEncoding = 4; lastKnownFileType = sourcecode.c.h; name = "UIView+MakeFromXib.h"; path = "Classes/Categories/UIView/UIView+MakeFromXib/UIView+MakeFromXib.h"; sourceTree = "<group>"; };
		58A2A7AA1D4F938E006DBC38 /* UIView+MakeFromXib.m */ = {isa = PBXFileReference; fileEncoding = 4; lastKnownFileType = sourcecode.c.objc; name = "UIView+MakeFromXib.m"; path = "Classes/Categories/UIView/UIView+MakeFromXib/UIView+MakeFromXib.m"; sourceTree = "<group>"; };
		58B305461D508D1A0011F405 /* HWBaseViewController.h */ = {isa = PBXFileReference; fileEncoding = 4; lastKnownFileType = sourcecode.c.h; name = HWBaseViewController.h; path = Classes/MVC/ViewControllers/BaseViewController/HWBaseViewController.h; sourceTree = "<group>"; };
		58B305471D508D1A0011F405 /* HWBaseViewController.m */ = {isa = PBXFileReference; fileEncoding = 4; lastKnownFileType = sourcecode.c.objc; name = HWBaseViewController.m; path = Classes/MVC/ViewControllers/BaseViewController/HWBaseViewController.m; sourceTree = "<group>"; };
		58B305491D508D280011F405 /* HWBaseNavigationController.h */ = {isa = PBXFileReference; fileEncoding = 4; lastKnownFileType = sourcecode.c.h; name = HWBaseNavigationController.h; path = Classes/MVC/ViewControllers/BaseNavigationController/HWBaseNavigationController.h; sourceTree = "<group>"; };
		58B3054A1D508D280011F405 /* HWBaseNavigationController.m */ = {isa = PBXFileReference; fileEncoding = 4; lastKnownFileType = sourcecode.c.objc; name = HWBaseNavigationController.m; path = Classes/MVC/ViewControllers/BaseNavigationController/HWBaseNavigationController.m; sourceTree = "<group>"; };
		58B3054C1D508D380011F405 /* HWBaseKeyboardHandlerViewController.h */ = {isa = PBXFileReference; fileEncoding = 4; lastKnownFileType = sourcecode.c.h; name = HWBaseKeyboardHandlerViewController.h; path = Classes/MVC/ViewControllers/BaseKeyboardHandlerViewController/HWBaseKeyboardHandlerViewController.h; sourceTree = "<group>"; };
		58B3054D1D508D380011F405 /* HWBaseKeyboardHandlerViewController.m */ = {isa = PBXFileReference; fileEncoding = 4; lastKnownFileType = sourcecode.c.objc; name = HWBaseKeyboardHandlerViewController.m; path = Classes/MVC/ViewControllers/BaseKeyboardHandlerViewController/HWBaseKeyboardHandlerViewController.m; sourceTree = "<group>"; };
		58B3054F1D508D460011F405 /* AuthStoryBoard.storyboard */ = {isa = PBXFileReference; fileEncoding = 4; lastKnownFileType = file.storyboard; name = AuthStoryBoard.storyboard; path = Classes/MVC/ViewControllers/Authentication/AuthStoryBoard.storyboard; sourceTree = "<group>"; };
		58B305511D508D550011F405 /* HWAutologinViewController.h */ = {isa = PBXFileReference; fileEncoding = 4; lastKnownFileType = sourcecode.c.h; name = HWAutologinViewController.h; path = Classes/MVC/ViewControllers/Authentication/AutologinViewController/HWAutologinViewController.h; sourceTree = "<group>"; };
		58B305521D508D550011F405 /* HWAutologinViewController.m */ = {isa = PBXFileReference; fileEncoding = 4; lastKnownFileType = sourcecode.c.objc; name = HWAutologinViewController.m; path = Classes/MVC/ViewControllers/Authentication/AutologinViewController/HWAutologinViewController.m; sourceTree = "<group>"; };
		58B305541D508D690011F405 /* HWAuthorizationViewController.h */ = {isa = PBXFileReference; fileEncoding = 4; lastKnownFileType = sourcecode.c.h; name = HWAuthorizationViewController.h; path = Classes/MVC/ViewControllers/Authentication/AuthorizationViewController/HWAuthorizationViewController.h; sourceTree = "<group>"; };
		58B305551D508D690011F405 /* HWAuthorizationViewController.m */ = {isa = PBXFileReference; fileEncoding = 4; lastKnownFileType = sourcecode.c.objc; name = HWAuthorizationViewController.m; path = Classes/MVC/ViewControllers/Authentication/AuthorizationViewController/HWAuthorizationViewController.m; sourceTree = "<group>"; };
		58B305571D508D840011F405 /* UserProfileStoryboard.storyboard */ = {isa = PBXFileReference; fileEncoding = 4; lastKnownFileType = file.storyboard; name = UserProfileStoryboard.storyboard; path = Classes/MVC/ViewControllers/UserAccountInformation/UserProfileStoryboard.storyboard; sourceTree = "<group>"; };
		58B305591D508D950011F405 /* HWCreateUserProfileContainerController.h */ = {isa = PBXFileReference; fileEncoding = 4; lastKnownFileType = sourcecode.c.h; name = HWCreateUserProfileContainerController.h; path = Classes/MVC/ViewControllers/UserAccountInformation/CreateUserProfileContainerController/HWCreateUserProfileContainerController.h; sourceTree = "<group>"; };
		58B3055A1D508D950011F405 /* HWCreateUserProfileContainerController.m */ = {isa = PBXFileReference; fileEncoding = 4; lastKnownFileType = sourcecode.c.objc; name = HWCreateUserProfileContainerController.m; path = Classes/MVC/ViewControllers/UserAccountInformation/CreateUserProfileContainerController/HWCreateUserProfileContainerController.m; sourceTree = "<group>"; };
		58B3055C1D508DA60011F405 /* HWUserProfileController.h */ = {isa = PBXFileReference; fileEncoding = 4; lastKnownFileType = sourcecode.c.h; name = HWUserProfileController.h; path = Classes/MVC/ViewControllers/UserAccountInformation/UserProfileController/HWUserProfileController.h; sourceTree = "<group>"; };
		58B3055D1D508DA60011F405 /* HWUserProfileController.m */ = {isa = PBXFileReference; fileEncoding = 4; lastKnownFileType = sourcecode.c.objc; name = HWUserProfileController.m; path = Classes/MVC/ViewControllers/UserAccountInformation/UserProfileController/HWUserProfileController.m; sourceTree = "<group>"; };
		58B3055E1D508DA60011F405 /* HWUserProfileController.xib */ = {isa = PBXFileReference; fileEncoding = 4; lastKnownFileType = file.xib; name = HWUserProfileController.xib; path = Classes/MVC/ViewControllers/UserAccountInformation/UserProfileController/HWUserProfileController.xib; sourceTree = "<group>"; };
		58B305611D508DC40011F405 /* HWForgotPasswordView.h */ = {isa = PBXFileReference; fileEncoding = 4; lastKnownFileType = sourcecode.c.h; name = HWForgotPasswordView.h; path = Classes/MVC/Views/Auth/ForgotPasswordView/HWForgotPasswordView.h; sourceTree = "<group>"; };
		58B305621D508DC40011F405 /* HWForgotPasswordView.m */ = {isa = PBXFileReference; fileEncoding = 4; lastKnownFileType = sourcecode.c.objc; name = HWForgotPasswordView.m; path = Classes/MVC/Views/Auth/ForgotPasswordView/HWForgotPasswordView.m; sourceTree = "<group>"; };
		58B305631D508DC40011F405 /* HWForgotPasswordView.xib */ = {isa = PBXFileReference; fileEncoding = 4; lastKnownFileType = file.xib; name = HWForgotPasswordView.xib; path = Classes/MVC/Views/Auth/ForgotPasswordView/HWForgotPasswordView.xib; sourceTree = "<group>"; };
		58B305681D508DD10011F405 /* HWSignUpView.xib */ = {isa = PBXFileReference; fileEncoding = 4; lastKnownFileType = file.xib; name = HWSignUpView.xib; path = Classes/MVC/Views/Auth/SignUpView/HWSignUpView.xib; sourceTree = "<group>"; };
		58B3056B1D508DE00011F405 /* HWSignInView.h */ = {isa = PBXFileReference; fileEncoding = 4; lastKnownFileType = sourcecode.c.h; name = HWSignInView.h; path = Classes/MVC/Views/Auth/SignInView/HWSignInView.h; sourceTree = "<group>"; };
		58B3056C1D508DE00011F405 /* HWSignInView.m */ = {isa = PBXFileReference; fileEncoding = 4; lastKnownFileType = sourcecode.c.objc; name = HWSignInView.m; path = Classes/MVC/Views/Auth/SignInView/HWSignInView.m; sourceTree = "<group>"; };
		58B3056D1D508DE00011F405 /* HWSignInView.xib */ = {isa = PBXFileReference; fileEncoding = 4; lastKnownFileType = file.xib; name = HWSignInView.xib; path = Classes/MVC/Views/Auth/SignInView/HWSignInView.xib; sourceTree = "<group>"; };
		58B305701D508DF90011F405 /* HWCredentials.h */ = {isa = PBXFileReference; fileEncoding = 4; lastKnownFileType = sourcecode.c.h; name = HWCredentials.h; path = Classes/MVC/Models/Credentials/HWCredentials.h; sourceTree = "<group>"; };
		58B305711D508DF90011F405 /* HWCredentials.m */ = {isa = PBXFileReference; fileEncoding = 4; lastKnownFileType = sourcecode.c.objc; name = HWCredentials.m; path = Classes/MVC/Models/Credentials/HWCredentials.m; sourceTree = "<group>"; };
		58B305731D508E330011F405 /* HWAuthService.h */ = {isa = PBXFileReference; fileEncoding = 4; lastKnownFileType = sourcecode.c.h; name = HWAuthService.h; path = Classes/MVC/ModelsServices/AuthService/HWAuthService.h; sourceTree = "<group>"; };
		58B305741D508E330011F405 /* HWAuthService.m */ = {isa = PBXFileReference; fileEncoding = 4; lastKnownFileType = sourcecode.c.objc; name = HWAuthService.m; path = Classes/MVC/ModelsServices/AuthService/HWAuthService.m; sourceTree = "<group>"; };
		58C727621D23D0C000F5F85D /* HWMacros.h */ = {isa = PBXFileReference; fileEncoding = 4; lastKnownFileType = sourcecode.c.h; name = HWMacros.h; path = Macros/HWMacros.h; sourceTree = "<group>"; };
		58C727671D23D13400F5F85D /* HWAlertService.h */ = {isa = PBXFileReference; fileEncoding = 4; lastKnownFileType = sourcecode.c.h; name = HWAlertService.h; path = Classes/Services/AlertService/HWAlertService.h; sourceTree = "<group>"; };
		58C727681D23D13400F5F85D /* HWAlertService.m */ = {isa = PBXFileReference; fileEncoding = 4; lastKnownFileType = sourcecode.c.objc; name = HWAlertService.m; path = Classes/Services/AlertService/HWAlertService.m; sourceTree = "<group>"; };
		58C7276E1D23D30A00F5F85D /* HWErrorHandler.h */ = {isa = PBXFileReference; fileEncoding = 4; lastKnownFileType = sourcecode.c.h; name = HWErrorHandler.h; path = Classes/Services/ErrorHandler/HWErrorHandler.h; sourceTree = "<group>"; };
		58C7276F1D23D30A00F5F85D /* HWErrorHandler.m */ = {isa = PBXFileReference; fileEncoding = 4; lastKnownFileType = sourcecode.c.objc; name = HWErrorHandler.m; path = Classes/Services/ErrorHandler/HWErrorHandler.m; sourceTree = "<group>"; };
		58C727731D23D37E00F5F85D /* NSString+JSONRepresentation.h */ = {isa = PBXFileReference; fileEncoding = 4; lastKnownFileType = sourcecode.c.h; name = "NSString+JSONRepresentation.h"; path = "Classes/Categories/NSString/NSString+JSONRepresentation/NSString+JSONRepresentation.h"; sourceTree = "<group>"; };
		58C727741D23D37E00F5F85D /* NSString+JSONRepresentation.m */ = {isa = PBXFileReference; fileEncoding = 4; lastKnownFileType = sourcecode.c.objc; name = "NSString+JSONRepresentation.m"; path = "Classes/Categories/NSString/NSString+JSONRepresentation/NSString+JSONRepresentation.m"; sourceTree = "<group>"; };
		58C727761D23D3BD00F5F85D /* HWValidator.h */ = {isa = PBXFileReference; fileEncoding = 4; lastKnownFileType = sourcecode.c.h; name = HWValidator.h; path = Classes/Services/Validator/HWValidator.h; sourceTree = "<group>"; };
		58C727771D23D3BD00F5F85D /* HWValidator.m */ = {isa = PBXFileReference; fileEncoding = 4; lastKnownFileType = sourcecode.c.objc; name = HWValidator.m; path = Classes/Services/Validator/HWValidator.m; sourceTree = "<group>"; };
		58D774231D22C83B00CEE186 /* GoogleService-Info.plist */ = {isa = PBXFileReference; fileEncoding = 4; lastKnownFileType = text.plist.xml; path = "GoogleService-Info.plist"; sourceTree = "<group>"; };
		58E337C11D22F42E00B3A280 /* HWBaseAppManager.h */ = {isa = PBXFileReference; fileEncoding = 4; lastKnownFileType = sourcecode.c.h; name = HWBaseAppManager.h; path = Classes/Managers/BaseAppManager/HWBaseAppManager.h; sourceTree = "<group>"; };
		58E337C21D22F42E00B3A280 /* HWBaseAppManager.m */ = {isa = PBXFileReference; fileEncoding = 4; lastKnownFileType = sourcecode.c.objc; name = HWBaseAppManager.m; path = Classes/Managers/BaseAppManager/HWBaseAppManager.m; sourceTree = "<group>"; };
		BA484E84199F6DCBDAC57AFF /* libPods-HealthyWay.a */ = {isa = PBXFileReference; explicitFileType = archive.ar; includeInIndex = 0; path = "libPods-HealthyWay.a"; sourceTree = BUILT_PRODUCTS_DIR; };
/* End PBXFileReference section */

/* Begin PBXFrameworksBuildPhase section */
		580206131D1D368400349B32 /* Frameworks */ = {
			isa = PBXFrameworksBuildPhase;
			buildActionMask = 2147483647;
			files = (
				0E21C24B42EE3D4F591EC569 /* libPods-HealthyWay.a in Frameworks */,
			);
			runOnlyForDeploymentPostprocessing = 0;
		};
		5802062C1D1D368400349B32 /* Frameworks */ = {
			isa = PBXFrameworksBuildPhase;
			buildActionMask = 2147483647;
			files = (
			);
			runOnlyForDeploymentPostprocessing = 0;
		};
/* End PBXFrameworksBuildPhase section */

/* Begin PBXGroup section */
		0275D4CAB2CD3ED857631359 /* Pods */ = {
			isa = PBXGroup;
			children = (
				3CCE95E83D318FA9D7DFA3BC /* Pods-HealthyWay.debug.xcconfig */,
				0D6832D0B10F075E049BCAFE /* Pods-HealthyWay.release.xcconfig */,
			);
			name = Pods;
			sourceTree = "<group>";
		};
		44190E871D59273A00A8A4C1 /* Operations */ = {
			isa = PBXGroup;
			children = (
				580C29551D5B3CC5009B5118 /* CreateUpdateUserProfileOperation */,
				580C29511D5B2530009B5118 /* BaseOperation */,
				44190E881D59274100A8A4C1 /* AuthorizationOperation */,
			);
			name = Operations;
			sourceTree = "<group>";
		};
		44190E881D59274100A8A4C1 /* AuthorizationOperation */ = {
			isa = PBXGroup;
			children = (
				44190E891D59282B00A8A4C1 /* HWAuthorizationOperation.h */,
				44190E8A1D59282B00A8A4C1 /* HWAuthorizationOperation.m */,
			);
			name = AuthorizationOperation;
			sourceTree = "<group>";
		};
		44930B461D54C098007A4D41 /* AuthView */ = {
			isa = PBXGroup;
			children = (
				44930B471D54C0FD007A4D41 /* HWBaseAuthView.h */,
				44930B481D54C0FD007A4D41 /* HWBaseAuthView.m */,
			);
			name = AuthView;
			sourceTree = "<group>";
		};
		5802060D1D1D368300349B32 = {
			isa = PBXGroup;
			children = (
				580206181D1D368400349B32 /* HealthyWay */,
				580206321D1D368400349B32 /* HealthyWayTests */,
				580206171D1D368400349B32 /* Products */,
				0275D4CAB2CD3ED857631359 /* Pods */,
				76BEEEF084423C44EC460BE6 /* Frameworks */,
			);
			sourceTree = "<group>";
		};
		580206171D1D368400349B32 /* Products */ = {
			isa = PBXGroup;
			children = (
				580206161D1D368400349B32 /* HealthyWay.app */,
				5802062F1D1D368400349B32 /* HealthyWayTests.xctest */,
			);
			name = Products;
			sourceTree = "<group>";
		};
		580206181D1D368400349B32 /* HealthyWay */ = {
			isa = PBXGroup;
			children = (
				581049FC1D1D3A4A0082FF4B /* Classes */,
				5802061C1D1D368400349B32 /* AppDelegate.h */,
				5802061D1D1D368400349B32 /* AppDelegate.m */,
				580206251D1D368400349B32 /* Assets.xcassets */,
				580206271D1D368400349B32 /* LaunchScreen.storyboard */,
				5802062A1D1D368400349B32 /* Info.plist */,
				58D774231D22C83B00CEE186 /* GoogleService-Info.plist */,
				580206191D1D368400349B32 /* Supporting Files */,
			);
			path = HealthyWay;
			sourceTree = "<group>";
		};
		580206191D1D368400349B32 /* Supporting Files */ = {
			isa = PBXGroup;
			children = (
				58A2A7A11D4F88C8006DBC38 /* Constants */,
				58C727611D23D0B200F5F85D /* Macros */,
				58104A0D1D1D3D400082FF4B /* PrecompiledHeader */,
				5802061A1D1D368400349B32 /* main.m */,
			);
			name = "Supporting Files";
			sourceTree = "<group>";
		};
		580206321D1D368400349B32 /* HealthyWayTests */ = {
			isa = PBXGroup;
			children = (
				580206331D1D368400349B32 /* HealthyWayTests.m */,
				580206351D1D368400349B32 /* Info.plist */,
			);
			path = HealthyWayTests;
			sourceTree = "<group>";
		};
		580B40941D59E37C00B8D41D /* AuthTypes */ = {
			isa = PBXGroup;
			children = (
				580B40951D59E39D00B8D41D /* HWAuthTypes.h */,
			);
			name = AuthTypes;
			sourceTree = "<group>";
		};
		580C29511D5B2530009B5118 /* BaseOperation */ = {
			isa = PBXGroup;
			children = (
				580C29521D5B25CE009B5118 /* HWBaseOperation.h */,
				580C29531D5B25CE009B5118 /* HWBaseOperation.m */,
			);
			name = BaseOperation;
			sourceTree = "<group>";
		};
		580C29551D5B3CC5009B5118 /* CreateUpdateUserProfileOperation */ = {
			isa = PBXGroup;
			children = (
				580C29561D5B3CEE009B5118 /* HWCreateUpdateUserProfileOperation.h */,
				580C29571D5B3CEE009B5118 /* HWCreateUpdateUserProfileOperation.m */,
			);
			name = CreateUpdateUserProfileOperation;
			sourceTree = "<group>";
		};
		580C29591D5B3D0A009B5118 /* UserProfile */ = {
			isa = PBXGroup;
			children = (
				580C295A1D5B3D10009B5118 /* BirthDatePicker */,
			);
			name = UserProfile;
			sourceTree = "<group>";
		};
		580C295A1D5B3D10009B5118 /* BirthDatePicker */ = {
			isa = PBXGroup;
			children = (
				580C295B1D5B3D2C009B5118 /* HWBirthDatePicker.h */,
				580C295C1D5B3D2C009B5118 /* HWBirthDatePicker.m */,
				580C295E1D5B3D3E009B5118 /* HWBirthDatePicker.xib */,
			);
			name = BirthDatePicker;
			sourceTree = "<group>";
		};
		580C29601D5B3FE3009B5118 /* CommonDateFormatter */ = {
			isa = PBXGroup;
			children = (
				580C29611D5B400A009B5118 /* HWCommonDateFormatter.h */,
				580C29621D5B400A009B5118 /* HWCommonDateFormatter.m */,
			);
			name = CommonDateFormatter;
			sourceTree = "<group>";
		};
		580C29641D5B41E3009B5118 /* UserProfileController+ImagePicker */ = {
			isa = PBXGroup;
			children = (
				580C29651D5B421A009B5118 /* HWUserProfileController+ImagePicker.h */,
				580C29661D5B421A009B5118 /* HWUserProfileController+ImagePicker.m */,
			);
			name = "UserProfileController+ImagePicker";
			sourceTree = "<group>";
		};
		580C29691D5B4279009B5118 /* UIImage */ = {
			isa = PBXGroup;
			children = (
				580C296A1D5B427C009B5118 /* UIImage+Scale */,
			);
			name = UIImage;
			sourceTree = "<group>";
		};
		580C296A1D5B427C009B5118 /* UIImage+Scale */ = {
			isa = PBXGroup;
			children = (
				580C296B1D5B42A2009B5118 /* UIImage+Scale.h */,
				580C296C1D5B42A2009B5118 /* UIImage+Scale.m */,
			);
			name = "UIImage+Scale";
			sourceTree = "<group>";
		};
		580C296E1D5B50DC009B5118 /* UserProfileData */ = {
			isa = PBXGroup;
			children = (
				580C296F1D5B50F1009B5118 /* HWUserProfileData.h */,
				580C29701D5B50F1009B5118 /* HWUserProfileData.m */,
			);
			name = UserProfileData;
			sourceTree = "<group>";
		};
		581049FC1D1D3A4A0082FF4B /* Classes */ = {
			isa = PBXGroup;
			children = (
				44190E871D59273A00A8A4C1 /* Operations */,
				58E337C41D22F64800B3A280 /* HelperClasses */,
				58E337BF1D22F3E200B3A280 /* Managers */,
				58104A051D1D3AAE0082FF4B /* Services */,
				58104A041D1D3AA00082FF4B /* Protocols */,
				58104A031D1D3A9C0082FF4B /* Categories */,
				58104A021D1D3A970082FF4B /* Networking */,
				58104A011D1D3A900082FF4B /* CoreData */,
				581049FD1D1D3A550082FF4B /* MVC */,
			);
			name = Classes;
			sourceTree = "<group>";
		};
		581049FD1D1D3A550082FF4B /* MVC */ = {
			isa = PBXGroup;
			children = (
				58B305441D508BD30011F405 /* ViewControllers */,
				58C727791D23D6EC00F5F85D /* ModelsServices */,
				581049FF1D1D3A6F0082FF4B /* Views */,
				581049FE1D1D3A6A0082FF4B /* Models */,
			);
			name = MVC;
			sourceTree = "<group>";
		};
		581049FE1D1D3A6A0082FF4B /* Models */ = {
			isa = PBXGroup;
			children = (
				580C296E1D5B50DC009B5118 /* UserProfileData */,
				58A2A79A1D4F83BE006DBC38 /* Credentials */,
			);
			name = Models;
			sourceTree = "<group>";
		};
		581049FF1D1D3A6F0082FF4B /* Views */ = {
			isa = PBXGroup;
			children = (
				580C29591D5B3D0A009B5118 /* UserProfile */,
				58B305451D508C170011F405 /* Auth */,
			);
			name = Views;
			sourceTree = "<group>";
		};
		58104A011D1D3A900082FF4B /* CoreData */ = {
			isa = PBXGroup;
			children = (
			);
			name = CoreData;
			sourceTree = "<group>";
		};
		58104A021D1D3A970082FF4B /* Networking */ = {
			isa = PBXGroup;
			children = (
			);
			name = Networking;
			sourceTree = "<group>";
		};
		58104A031D1D3A9C0082FF4B /* Categories */ = {
			isa = PBXGroup;
			children = (
				580C29691D5B4279009B5118 /* UIImage */,
				5810FF0C1D58A99800AF5C96 /* CAAnimation */,
				58A2A7A71D4F932E006DBC38 /* UIView */,
				58C727711D23D36900F5F85D /* NSString */,
			);
			name = Categories;
			sourceTree = "<group>";
		};
		58104A041D1D3AA00082FF4B /* Protocols */ = {
			isa = PBXGroup;
			children = (
			);
			name = Protocols;
			sourceTree = "<group>";
		};
		58104A051D1D3AAE0082FF4B /* Services */ = {
			isa = PBXGroup;
			children = (
				58C727661D23D10A00F5F85D /* Keychain */,
				58C727651D23D10600F5F85D /* Validator */,
				58C727641D23D0FF00F5F85D /* ErrorHandler */,
				58C727631D23D0F800F5F85D /* AlertService */,
			);
			name = Services;
			sourceTree = "<group>";
		};
		58104A061D1D3CBB0082FF4B /* Authentication */ = {
			isa = PBXGroup;
			children = (
				58B3054F1D508D460011F405 /* AuthStoryBoard.storyboard */,
				58C727901D23DEAE00F5F85D /* AutologinViewController */,
				58104A0E1D1D3D9C0082FF4B /* AuthorizationViewController */,
			);
			name = Authentication;
			sourceTree = "<group>";
		};
		58104A091D1D3CF70082FF4B /* BaseViewController */ = {
			isa = PBXGroup;
			children = (
				58B305461D508D1A0011F405 /* HWBaseViewController.h */,
				58B305471D508D1A0011F405 /* HWBaseViewController.m */,
			);
			name = BaseViewController;
			sourceTree = "<group>";
		};
		58104A0D1D1D3D400082FF4B /* PrecompiledHeader */ = {
			isa = PBXGroup;
			children = (
				587861291D22C2A800CD0179 /* HealthyWay-PrefixHeader.pch */,
			);
			name = PrecompiledHeader;
			sourceTree = "<group>";
		};
		58104A0E1D1D3D9C0082FF4B /* AuthorizationViewController */ = {
			isa = PBXGroup;
			children = (
				5810FF081D589FA800AF5C96 /* AuthorizationViewController+AuthViewTransitionSubtype */,
				58B305541D508D690011F405 /* HWAuthorizationViewController.h */,
				58B305551D508D690011F405 /* HWAuthorizationViewController.m */,
			);
			name = AuthorizationViewController;
			sourceTree = "<group>";
		};
		5810FF081D589FA800AF5C96 /* AuthorizationViewController+AuthViewTransitionSubtype */ = {
			isa = PBXGroup;
			children = (
				5810FF091D589FEA00AF5C96 /* HWAuthorizationViewController+AuthViewTransitionSubtype.h */,
				5810FF0A1D589FEA00AF5C96 /* HWAuthorizationViewController+AuthViewTransitionSubtype.m */,
			);
			name = "AuthorizationViewController+AuthViewTransitionSubtype";
			sourceTree = "<group>";
		};
		5810FF0C1D58A99800AF5C96 /* CAAnimation */ = {
			isa = PBXGroup;
			children = (
				5810FF0D1D58A99C00AF5C96 /* CAAnimation+CompletionBlock */,
			);
			name = CAAnimation;
			sourceTree = "<group>";
		};
		5810FF0D1D58A99C00AF5C96 /* CAAnimation+CompletionBlock */ = {
			isa = PBXGroup;
			children = (
				5810FF0E1D58A9C500AF5C96 /* CAAnimation+CompletionBlock.h */,
				5810FF0F1D58A9C500AF5C96 /* CAAnimation+CompletionBlock.m */,
			);
			name = "CAAnimation+CompletionBlock";
			sourceTree = "<group>";
		};
		5810FF121D58CC9700AF5C96 /* NSString+ErrorString */ = {
			isa = PBXGroup;
			children = (
				5810FF131D58CCC300AF5C96 /* NSString+ErrorString.h */,
				5810FF141D58CCC300AF5C96 /* NSString+ErrorString.m */,
			);
			name = "NSString+ErrorString";
			sourceTree = "<group>";
		};
		58A2A7851D4F5454006DBC38 /* SignInView */ = {
			isa = PBXGroup;
			children = (
				58B3056B1D508DE00011F405 /* HWSignInView.h */,
				58B3056C1D508DE00011F405 /* HWSignInView.m */,
				58B3056D1D508DE00011F405 /* HWSignInView.xib */,
			);
			name = SignInView;
			sourceTree = "<group>";
		};
		58A2A7861D4F5462006DBC38 /* SignUpView */ = {
			isa = PBXGroup;
			children = (
				44930B4A1D54DF8B007A4D41 /* HWSignUpView.h */,
				44930B4B1D54DF8B007A4D41 /* HWSignUpView.m */,
				58B305681D508DD10011F405 /* HWSignUpView.xib */,
			);
			name = SignUpView;
			sourceTree = "<group>";
		};
		58A2A7871D4F5467006DBC38 /* ForgotPasswordView */ = {
			isa = PBXGroup;
			children = (
				58B305611D508DC40011F405 /* HWForgotPasswordView.h */,
				58B305621D508DC40011F405 /* HWForgotPasswordView.m */,
				58B305631D508DC40011F405 /* HWForgotPasswordView.xib */,
			);
			name = ForgotPasswordView;
			sourceTree = "<group>";
		};
		58A2A79A1D4F83BE006DBC38 /* Credentials */ = {
			isa = PBXGroup;
			children = (
				58B305701D508DF90011F405 /* HWCredentials.h */,
				58B305711D508DF90011F405 /* HWCredentials.m */,
			);
			name = Credentials;
			sourceTree = "<group>";
		};
		58A2A7A11D4F88C8006DBC38 /* Constants */ = {
			isa = PBXGroup;
			children = (
				58A2A7A21D4F88D9006DBC38 /* Constants.h */,
			);
			name = Constants;
			sourceTree = "<group>";
		};
		58A2A7A71D4F932E006DBC38 /* UIView */ = {
			isa = PBXGroup;
			children = (
				58A2A7A81D4F9330006DBC38 /* UIView+MakeFromXib */,
			);
			name = UIView;
			sourceTree = "<group>";
		};
		58A2A7A81D4F9330006DBC38 /* UIView+MakeFromXib */ = {
			isa = PBXGroup;
			children = (
				58A2A7A91D4F938E006DBC38 /* UIView+MakeFromXib.h */,
				58A2A7AA1D4F938E006DBC38 /* UIView+MakeFromXib.m */,
			);
			name = "UIView+MakeFromXib";
			sourceTree = "<group>";
		};
		58B305441D508BD30011F405 /* ViewControllers */ = {
			isa = PBXGroup;
			children = (
				58104A091D1D3CF70082FF4B /* BaseViewController */,
				58C7276A1D23D15A00F5F85D /* BaseNavigationController */,
				58C7278C1D23DE0100F5F85D /* BaseKeyboardHandlerViewController */,
				58104A061D1D3CBB0082FF4B /* Authentication */,
				58C7277E1D23D86500F5F85D /* UserAccountInformation */,
			);
			name = ViewControllers;
			sourceTree = "<group>";
		};
		58B305451D508C170011F405 /* Auth */ = {
			isa = PBXGroup;
			children = (
				44930B4E1D54FAC8007A4D41 /* HWAuthViews.h */,
				44930B461D54C098007A4D41 /* AuthView */,
				58A2A7871D4F5467006DBC38 /* ForgotPasswordView */,
				58A2A7861D4F5462006DBC38 /* SignUpView */,
				58A2A7851D4F5454006DBC38 /* SignInView */,
			);
			name = Auth;
			sourceTree = "<group>";
		};
		58C727611D23D0B200F5F85D /* Macros */ = {
			isa = PBXGroup;
			children = (
				58C727621D23D0C000F5F85D /* HWMacros.h */,
			);
			name = Macros;
			sourceTree = "<group>";
		};
		58C727631D23D0F800F5F85D /* AlertService */ = {
			isa = PBXGroup;
			children = (
				58C727671D23D13400F5F85D /* HWAlertService.h */,
				58C727681D23D13400F5F85D /* HWAlertService.m */,
			);
			name = AlertService;
			sourceTree = "<group>";
		};
		58C727641D23D0FF00F5F85D /* ErrorHandler */ = {
			isa = PBXGroup;
			children = (
				58C7276E1D23D30A00F5F85D /* HWErrorHandler.h */,
				58C7276F1D23D30A00F5F85D /* HWErrorHandler.m */,
			);
			name = ErrorHandler;
			sourceTree = "<group>";
		};
		58C727651D23D10600F5F85D /* Validator */ = {
			isa = PBXGroup;
			children = (
				58C727761D23D3BD00F5F85D /* HWValidator.h */,
				58C727771D23D3BD00F5F85D /* HWValidator.m */,
			);
			name = Validator;
			sourceTree = "<group>";
		};
		58C727661D23D10A00F5F85D /* Keychain */ = {
			isa = PBXGroup;
			children = (
				58A2A79E1D4F859E006DBC38 /* HWKeychainHandler.h */,
				58A2A79F1D4F859E006DBC38 /* HWKeychainHandler.m */,
			);
			name = Keychain;
			sourceTree = "<group>";
		};
		58C7276A1D23D15A00F5F85D /* BaseNavigationController */ = {
			isa = PBXGroup;
			children = (
				58B305491D508D280011F405 /* HWBaseNavigationController.h */,
				58B3054A1D508D280011F405 /* HWBaseNavigationController.m */,
			);
			name = BaseNavigationController;
			sourceTree = "<group>";
		};
		58C727711D23D36900F5F85D /* NSString */ = {
			isa = PBXGroup;
			children = (
				5810FF121D58CC9700AF5C96 /* NSString+ErrorString */,
				58C727721D23D36C00F5F85D /* NSString+JSONRepresentation */,
			);
			name = NSString;
			sourceTree = "<group>";
		};
		58C727721D23D36C00F5F85D /* NSString+JSONRepresentation */ = {
			isa = PBXGroup;
			children = (
				58C727731D23D37E00F5F85D /* NSString+JSONRepresentation.h */,
				58C727741D23D37E00F5F85D /* NSString+JSONRepresentation.m */,
			);
			name = "NSString+JSONRepresentation";
			sourceTree = "<group>";
		};
		58C727791D23D6EC00F5F85D /* ModelsServices */ = {
			isa = PBXGroup;
			children = (
				58C7277A1D23D6F300F5F85D /* AuthService */,
			);
			name = ModelsServices;
			sourceTree = "<group>";
		};
		58C7277A1D23D6F300F5F85D /* AuthService */ = {
			isa = PBXGroup;
			children = (
				580B40941D59E37C00B8D41D /* AuthTypes */,
				58B305731D508E330011F405 /* HWAuthService.h */,
				58B305741D508E330011F405 /* HWAuthService.m */,
			);
			name = AuthService;
			sourceTree = "<group>";
		};
		58C7277E1D23D86500F5F85D /* UserAccountInformation */ = {
			isa = PBXGroup;
			children = (
				58B305571D508D840011F405 /* UserProfileStoryboard.storyboard */,
				58C727881D23DACB00F5F85D /* CreateUserProfileContainerController */,
				58C7277F1D23D87400F5F85D /* UserProfileController */,
			);
			name = UserAccountInformation;
			sourceTree = "<group>";
		};
		58C7277F1D23D87400F5F85D /* UserProfileController */ = {
			isa = PBXGroup;
			children = (
				580C29641D5B41E3009B5118 /* UserProfileController+ImagePicker */,
				58B3055C1D508DA60011F405 /* HWUserProfileController.h */,
				58B3055D1D508DA60011F405 /* HWUserProfileController.m */,
				58B3055E1D508DA60011F405 /* HWUserProfileController.xib */,
			);
			name = UserProfileController;
			sourceTree = "<group>";
		};
		58C727881D23DACB00F5F85D /* CreateUserProfileContainerController */ = {
			isa = PBXGroup;
			children = (
				58B305591D508D950011F405 /* HWCreateUserProfileContainerController.h */,
				58B3055A1D508D950011F405 /* HWCreateUserProfileContainerController.m */,
			);
			name = CreateUserProfileContainerController;
			sourceTree = "<group>";
		};
		58C7278C1D23DE0100F5F85D /* BaseKeyboardHandlerViewController */ = {
			isa = PBXGroup;
			children = (
				58B3054C1D508D380011F405 /* HWBaseKeyboardHandlerViewController.h */,
				58B3054D1D508D380011F405 /* HWBaseKeyboardHandlerViewController.m */,
			);
			name = BaseKeyboardHandlerViewController;
			sourceTree = "<group>";
		};
		58C727901D23DEAE00F5F85D /* AutologinViewController */ = {
			isa = PBXGroup;
			children = (
				58B305511D508D550011F405 /* HWAutologinViewController.h */,
				58B305521D508D550011F405 /* HWAutologinViewController.m */,
			);
			name = AutologinViewController;
			sourceTree = "<group>";
		};
		58E337BF1D22F3E200B3A280 /* Managers */ = {
			isa = PBXGroup;
			children = (
				58E337C01D22F41E00B3A280 /* BaseAppManager */,
			);
			name = Managers;
			sourceTree = "<group>";
		};
		58E337C01D22F41E00B3A280 /* BaseAppManager */ = {
			isa = PBXGroup;
			children = (
				58E337C11D22F42E00B3A280 /* HWBaseAppManager.h */,
				58E337C21D22F42E00B3A280 /* HWBaseAppManager.m */,
			);
			name = BaseAppManager;
			sourceTree = "<group>";
		};
		58E337C41D22F64800B3A280 /* HelperClasses */ = {
			isa = PBXGroup;
			children = (
				580C29601D5B3FE3009B5118 /* CommonDateFormatter */,
				58E337C51D22F64F00B3A280 /* ErrorHandler */,
			);
			name = HelperClasses;
			sourceTree = "<group>";
		};
		58E337C51D22F64F00B3A280 /* ErrorHandler */ = {
			isa = PBXGroup;
			children = (
			);
			name = ErrorHandler;
			sourceTree = "<group>";
		};
		76BEEEF084423C44EC460BE6 /* Frameworks */ = {
			isa = PBXGroup;
			children = (
				BA484E84199F6DCBDAC57AFF /* libPods-HealthyWay.a */,
			);
			name = Frameworks;
			sourceTree = "<group>";
		};
/* End PBXGroup section */

/* Begin PBXNativeTarget section */
		580206151D1D368400349B32 /* HealthyWay */ = {
			isa = PBXNativeTarget;
			buildConfigurationList = 580206381D1D368400349B32 /* Build configuration list for PBXNativeTarget "HealthyWay" */;
			buildPhases = (
				9550D4007643155BE19F09F5 /* [CP] Check Pods Manifest.lock */,
				580206121D1D368400349B32 /* Sources */,
				580206131D1D368400349B32 /* Frameworks */,
				580206141D1D368400349B32 /* Resources */,
				495676B634E6C60E7975E1CE /* [CP] Embed Pods Frameworks */,
				5AFFAB00482334AFE2D86CAE /* [CP] Copy Pods Resources */,
			);
			buildRules = (
			);
			dependencies = (
			);
			name = HealthyWay;
			productName = HealthyWay;
			productReference = 580206161D1D368400349B32 /* HealthyWay.app */;
			productType = "com.apple.product-type.application";
		};
		5802062E1D1D368400349B32 /* HealthyWayTests */ = {
			isa = PBXNativeTarget;
			buildConfigurationList = 5802063B1D1D368400349B32 /* Build configuration list for PBXNativeTarget "HealthyWayTests" */;
			buildPhases = (
				5802062B1D1D368400349B32 /* Sources */,
				5802062C1D1D368400349B32 /* Frameworks */,
				5802062D1D1D368400349B32 /* Resources */,
			);
			buildRules = (
			);
			dependencies = (
				580206311D1D368400349B32 /* PBXTargetDependency */,
			);
			name = HealthyWayTests;
			productName = HealthyWayTests;
			productReference = 5802062F1D1D368400349B32 /* HealthyWayTests.xctest */;
			productType = "com.apple.product-type.bundle.unit-test";
		};
/* End PBXNativeTarget section */

/* Begin PBXProject section */
		5802060E1D1D368300349B32 /* Project object */ = {
			isa = PBXProject;
			attributes = {
				CLASSPREFIX = HW;
				LastUpgradeCheck = 0730;
				ORGANIZATIONNAME = Eugenity;
				TargetAttributes = {
					580206151D1D368400349B32 = {
						CreatedOnToolsVersion = 7.3;
					};
					5802062E1D1D368400349B32 = {
						CreatedOnToolsVersion = 7.3;
						TestTargetID = 580206151D1D368400349B32;
					};
				};
			};
			buildConfigurationList = 580206111D1D368300349B32 /* Build configuration list for PBXProject "HealthyWay" */;
			compatibilityVersion = "Xcode 3.2";
			developmentRegion = English;
			hasScannedForEncodings = 0;
			knownRegions = (
				en,
				Base,
			);
			mainGroup = 5802060D1D1D368300349B32;
			productRefGroup = 580206171D1D368400349B32 /* Products */;
			projectDirPath = "";
			projectRoot = "";
			targets = (
				580206151D1D368400349B32 /* HealthyWay */,
				5802062E1D1D368400349B32 /* HealthyWayTests */,
			);
		};
/* End PBXProject section */

/* Begin PBXResourcesBuildPhase section */
		580206141D1D368400349B32 /* Resources */ = {
			isa = PBXResourcesBuildPhase;
			buildActionMask = 2147483647;
			files = (
				58B305601D508DA60011F405 /* HWUserProfileController.xib in Resources */,
				58B305501D508D460011F405 /* AuthStoryBoard.storyboard in Resources */,
				580C295F1D5B3D3E009B5118 /* HWBirthDatePicker.xib in Resources */,
				580206291D1D368400349B32 /* LaunchScreen.storyboard in Resources */,
				58D774241D22C83B00CEE186 /* GoogleService-Info.plist in Resources */,
				58B305651D508DC40011F405 /* HWForgotPasswordView.xib in Resources */,
				58B3056A1D508DD10011F405 /* HWSignUpView.xib in Resources */,
				580206261D1D368400349B32 /* Assets.xcassets in Resources */,
				58B3056F1D508DE00011F405 /* HWSignInView.xib in Resources */,
				58B305581D508D840011F405 /* UserProfileStoryboard.storyboard in Resources */,
			);
			runOnlyForDeploymentPostprocessing = 0;
		};
		5802062D1D1D368400349B32 /* Resources */ = {
			isa = PBXResourcesBuildPhase;
			buildActionMask = 2147483647;
			files = (
			);
			runOnlyForDeploymentPostprocessing = 0;
		};
/* End PBXResourcesBuildPhase section */

/* Begin PBXShellScriptBuildPhase section */
		495676B634E6C60E7975E1CE /* [CP] Embed Pods Frameworks */ = {
			isa = PBXShellScriptBuildPhase;
			buildActionMask = 2147483647;
			files = (
			);
			inputPaths = (
			);
			name = "[CP] Embed Pods Frameworks";
			outputPaths = (
			);
			runOnlyForDeploymentPostprocessing = 0;
			shellPath = /bin/sh;
			shellScript = "\"${SRCROOT}/Pods/Target Support Files/Pods-HealthyWay/Pods-HealthyWay-frameworks.sh\"\n";
			showEnvVarsInLog = 0;
		};
		5AFFAB00482334AFE2D86CAE /* [CP] Copy Pods Resources */ = {
			isa = PBXShellScriptBuildPhase;
			buildActionMask = 2147483647;
			files = (
			);
			inputPaths = (
			);
			name = "[CP] Copy Pods Resources";
			outputPaths = (
			);
			runOnlyForDeploymentPostprocessing = 0;
			shellPath = /bin/sh;
			shellScript = "\"${SRCROOT}/Pods/Target Support Files/Pods-HealthyWay/Pods-HealthyWay-resources.sh\"\n";
			showEnvVarsInLog = 0;
		};
		9550D4007643155BE19F09F5 /* [CP] Check Pods Manifest.lock */ = {
			isa = PBXShellScriptBuildPhase;
			buildActionMask = 2147483647;
			files = (
			);
			inputPaths = (
			);
			name = "[CP] Check Pods Manifest.lock";
			outputPaths = (
			);
			runOnlyForDeploymentPostprocessing = 0;
			shellPath = /bin/sh;
			shellScript = "diff \"${PODS_ROOT}/../Podfile.lock\" \"${PODS_ROOT}/Manifest.lock\" > /dev/null\nif [[ $? != 0 ]] ; then\n    cat << EOM\nerror: The sandbox is not in sync with the Podfile.lock. Run 'pod install' or update your CocoaPods installation.\nEOM\n    exit 1\nfi\n";
			showEnvVarsInLog = 0;
		};
/* End PBXShellScriptBuildPhase section */

/* Begin PBXSourcesBuildPhase section */
		580206121D1D368400349B32 /* Sources */ = {
			isa = PBXSourcesBuildPhase;
			buildActionMask = 2147483647;
			files = (
				580C29541D5B25CE009B5118 /* HWBaseOperation.m in Sources */,
				580C295D1D5B3D2C009B5118 /* HWBirthDatePicker.m in Sources */,
				58B305751D508E330011F405 /* HWAuthService.m in Sources */,
				58B3056E1D508DE00011F405 /* HWSignInView.m in Sources */,
				580C29631D5B400A009B5118 /* HWCommonDateFormatter.m in Sources */,
				580C29671D5B421A009B5118 /* HWUserProfileController+ImagePicker.m in Sources */,
				5810FF0B1D589FEA00AF5C96 /* HWAuthorizationViewController+AuthViewTransitionSubtype.m in Sources */,
				58C727701D23D30A00F5F85D /* HWErrorHandler.m in Sources */,
				5810FF101D58A9C500AF5C96 /* CAAnimation+CompletionBlock.m in Sources */,
				580C29711D5B50F1009B5118 /* HWUserProfileData.m in Sources */,
				58B3055F1D508DA60011F405 /* HWUserProfileController.m in Sources */,
				58B305721D508DF90011F405 /* HWCredentials.m in Sources */,
				58B3054B1D508D280011F405 /* HWBaseNavigationController.m in Sources */,
				44190E8B1D59282B00A8A4C1 /* HWAuthorizationOperation.m in Sources */,
				58B305531D508D550011F405 /* HWAutologinViewController.m in Sources */,
				58C727751D23D37E00F5F85D /* NSString+JSONRepresentation.m in Sources */,
				58C727691D23D13400F5F85D /* HWAlertService.m in Sources */,
				44930B491D54C0FD007A4D41 /* HWBaseAuthView.m in Sources */,
				580C29581D5B3CEE009B5118 /* HWCreateUpdateUserProfileOperation.m in Sources */,
				5802061E1D1D368400349B32 /* AppDelegate.m in Sources */,
				58B305641D508DC40011F405 /* HWForgotPasswordView.m in Sources */,
				58B3054E1D508D380011F405 /* HWBaseKeyboardHandlerViewController.m in Sources */,
				58E337C31D22F42E00B3A280 /* HWBaseAppManager.m in Sources */,
				5810FF151D58CCC300AF5C96 /* NSString+ErrorString.m in Sources */,
				5802061B1D1D368400349B32 /* main.m in Sources */,
				58B305561D508D690011F405 /* HWAuthorizationViewController.m in Sources */,
				58B305481D508D1A0011F405 /* HWBaseViewController.m in Sources */,
				58C727781D23D3BD00F5F85D /* HWValidator.m in Sources */,
				58A2A7A01D4F859E006DBC38 /* HWKeychainHandler.m in Sources */,
				58A2A7AB1D4F938E006DBC38 /* UIView+MakeFromXib.m in Sources */,
				58B3055B1D508D950011F405 /* HWCreateUserProfileContainerController.m in Sources */,
				580C296D1D5B42A2009B5118 /* UIImage+Scale.m in Sources */,
				44930B4C1D54DF8B007A4D41 /* HWSignUpView.m in Sources */,
			);
			runOnlyForDeploymentPostprocessing = 0;
		};
		5802062B1D1D368400349B32 /* Sources */ = {
			isa = PBXSourcesBuildPhase;
			buildActionMask = 2147483647;
			files = (
				580206341D1D368400349B32 /* HealthyWayTests.m in Sources */,
			);
			runOnlyForDeploymentPostprocessing = 0;
		};
/* End PBXSourcesBuildPhase section */

/* Begin PBXTargetDependency section */
		580206311D1D368400349B32 /* PBXTargetDependency */ = {
			isa = PBXTargetDependency;
			target = 580206151D1D368400349B32 /* HealthyWay */;
			targetProxy = 580206301D1D368400349B32 /* PBXContainerItemProxy */;
		};
/* End PBXTargetDependency section */

/* Begin PBXVariantGroup section */
		580206271D1D368400349B32 /* LaunchScreen.storyboard */ = {
			isa = PBXVariantGroup;
			children = (
				580206281D1D368400349B32 /* Base */,
			);
			name = LaunchScreen.storyboard;
			sourceTree = "<group>";
		};
/* End PBXVariantGroup section */

/* Begin XCBuildConfiguration section */
		580206361D1D368400349B32 /* Debug */ = {
			isa = XCBuildConfiguration;
			buildSettings = {
				ALWAYS_SEARCH_USER_PATHS = NO;
				CLANG_ANALYZER_NONNULL = YES;
				CLANG_CXX_LANGUAGE_STANDARD = "gnu++0x";
				CLANG_CXX_LIBRARY = "libc++";
				CLANG_ENABLE_MODULES = YES;
				CLANG_ENABLE_OBJC_ARC = YES;
				CLANG_WARN_BOOL_CONVERSION = YES;
				CLANG_WARN_CONSTANT_CONVERSION = YES;
				CLANG_WARN_DIRECT_OBJC_ISA_USAGE = YES_ERROR;
				CLANG_WARN_EMPTY_BODY = YES;
				CLANG_WARN_ENUM_CONVERSION = YES;
				CLANG_WARN_INT_CONVERSION = YES;
				CLANG_WARN_OBJC_ROOT_CLASS = YES_ERROR;
				CLANG_WARN_UNREACHABLE_CODE = YES;
				CLANG_WARN__DUPLICATE_METHOD_MATCH = YES;
				"CODE_SIGN_IDENTITY[sdk=iphoneos*]" = "iPhone Developer";
				COPY_PHASE_STRIP = NO;
				DEBUG_INFORMATION_FORMAT = dwarf;
				ENABLE_STRICT_OBJC_MSGSEND = YES;
				ENABLE_TESTABILITY = YES;
				GCC_C_LANGUAGE_STANDARD = gnu99;
				GCC_DYNAMIC_NO_PIC = NO;
				GCC_NO_COMMON_BLOCKS = YES;
				GCC_OPTIMIZATION_LEVEL = 0;
				GCC_PREPROCESSOR_DEFINITIONS = (
					"DEBUG=1",
					"$(inherited)",
				);
				GCC_WARN_64_TO_32_BIT_CONVERSION = YES;
				GCC_WARN_ABOUT_RETURN_TYPE = YES_ERROR;
				GCC_WARN_UNDECLARED_SELECTOR = YES;
				GCC_WARN_UNINITIALIZED_AUTOS = YES_AGGRESSIVE;
				GCC_WARN_UNUSED_FUNCTION = YES;
				GCC_WARN_UNUSED_VARIABLE = YES;
				IPHONEOS_DEPLOYMENT_TARGET = 9.3;
				MTL_ENABLE_DEBUG_INFO = YES;
				ONLY_ACTIVE_ARCH = YES;
				SDKROOT = iphoneos;
			};
			name = Debug;
		};
		580206371D1D368400349B32 /* Release */ = {
			isa = XCBuildConfiguration;
			buildSettings = {
				ALWAYS_SEARCH_USER_PATHS = NO;
				CLANG_ANALYZER_NONNULL = YES;
				CLANG_CXX_LANGUAGE_STANDARD = "gnu++0x";
				CLANG_CXX_LIBRARY = "libc++";
				CLANG_ENABLE_MODULES = YES;
				CLANG_ENABLE_OBJC_ARC = YES;
				CLANG_WARN_BOOL_CONVERSION = YES;
				CLANG_WARN_CONSTANT_CONVERSION = YES;
				CLANG_WARN_DIRECT_OBJC_ISA_USAGE = YES_ERROR;
				CLANG_WARN_EMPTY_BODY = YES;
				CLANG_WARN_ENUM_CONVERSION = YES;
				CLANG_WARN_INT_CONVERSION = YES;
				CLANG_WARN_OBJC_ROOT_CLASS = YES_ERROR;
				CLANG_WARN_UNREACHABLE_CODE = YES;
				CLANG_WARN__DUPLICATE_METHOD_MATCH = YES;
				"CODE_SIGN_IDENTITY[sdk=iphoneos*]" = "iPhone Developer";
				COPY_PHASE_STRIP = NO;
				DEBUG_INFORMATION_FORMAT = "dwarf-with-dsym";
				ENABLE_NS_ASSERTIONS = NO;
				ENABLE_STRICT_OBJC_MSGSEND = YES;
				GCC_C_LANGUAGE_STANDARD = gnu99;
				GCC_NO_COMMON_BLOCKS = YES;
				GCC_WARN_64_TO_32_BIT_CONVERSION = YES;
				GCC_WARN_ABOUT_RETURN_TYPE = YES_ERROR;
				GCC_WARN_UNDECLARED_SELECTOR = YES;
				GCC_WARN_UNINITIALIZED_AUTOS = YES_AGGRESSIVE;
				GCC_WARN_UNUSED_FUNCTION = YES;
				GCC_WARN_UNUSED_VARIABLE = YES;
				IPHONEOS_DEPLOYMENT_TARGET = 9.3;
				MTL_ENABLE_DEBUG_INFO = NO;
				SDKROOT = iphoneos;
				VALIDATE_PRODUCT = YES;
			};
			name = Release;
		};
		580206391D1D368400349B32 /* Debug */ = {
			isa = XCBuildConfiguration;
			baseConfigurationReference = 3CCE95E83D318FA9D7DFA3BC /* Pods-HealthyWay.debug.xcconfig */;
			buildSettings = {
				ASSETCATALOG_COMPILER_APPICON_NAME = AppIcon;
				GCC_PRECOMPILE_PREFIX_HEADER = YES;
				GCC_PREFIX_HEADER = "HealthyWay/PrecompiledHeader/HealthyWay-PrefixHeader.pch";
				INFOPLIST_FILE = HealthyWay/Info.plist;
				LD_RUNPATH_SEARCH_PATHS = "$(inherited) @executable_path/Frameworks";
				PRODUCT_BUNDLE_IDENTIFIER = com.eugenity.HealthyWay;
				PRODUCT_NAME = "$(TARGET_NAME)";
			};
			name = Debug;
		};
		5802063A1D1D368400349B32 /* Release */ = {
			isa = XCBuildConfiguration;
			baseConfigurationReference = 0D6832D0B10F075E049BCAFE /* Pods-HealthyWay.release.xcconfig */;
			buildSettings = {
				ASSETCATALOG_COMPILER_APPICON_NAME = AppIcon;
				GCC_PRECOMPILE_PREFIX_HEADER = YES;
				GCC_PREFIX_HEADER = "HealthyWay/PrecompiledHeader/HealthyWay-PrefixHeader.pch";
				INFOPLIST_FILE = HealthyWay/Info.plist;
				LD_RUNPATH_SEARCH_PATHS = "$(inherited) @executable_path/Frameworks";
				PRODUCT_BUNDLE_IDENTIFIER = com.eugenity.HealthyWay;
				PRODUCT_NAME = "$(TARGET_NAME)";
			};
			name = Release;
		};
		5802063C1D1D368400349B32 /* Debug */ = {
			isa = XCBuildConfiguration;
			buildSettings = {
				BUNDLE_LOADER = "$(TEST_HOST)";
				INFOPLIST_FILE = HealthyWayTests/Info.plist;
				LD_RUNPATH_SEARCH_PATHS = "$(inherited) @executable_path/Frameworks @loader_path/Frameworks";
				PRODUCT_BUNDLE_IDENTIFIER = com.eugenity.HealthyWayTests;
				PRODUCT_NAME = "$(TARGET_NAME)";
				TEST_HOST = "$(BUILT_PRODUCTS_DIR)/HealthyWay.app/HealthyWay";
			};
			name = Debug;
		};
		5802063D1D1D368400349B32 /* Release */ = {
			isa = XCBuildConfiguration;
			buildSettings = {
				BUNDLE_LOADER = "$(TEST_HOST)";
				INFOPLIST_FILE = HealthyWayTests/Info.plist;
				LD_RUNPATH_SEARCH_PATHS = "$(inherited) @executable_path/Frameworks @loader_path/Frameworks";
				PRODUCT_BUNDLE_IDENTIFIER = com.eugenity.HealthyWayTests;
				PRODUCT_NAME = "$(TARGET_NAME)";
				TEST_HOST = "$(BUILT_PRODUCTS_DIR)/HealthyWay.app/HealthyWay";
			};
			name = Release;
		};
/* End XCBuildConfiguration section */

/* Begin XCConfigurationList section */
		580206111D1D368300349B32 /* Build configuration list for PBXProject "HealthyWay" */ = {
			isa = XCConfigurationList;
			buildConfigurations = (
				580206361D1D368400349B32 /* Debug */,
				580206371D1D368400349B32 /* Release */,
			);
			defaultConfigurationIsVisible = 0;
			defaultConfigurationName = Release;
		};
		580206381D1D368400349B32 /* Build configuration list for PBXNativeTarget "HealthyWay" */ = {
			isa = XCConfigurationList;
			buildConfigurations = (
				580206391D1D368400349B32 /* Debug */,
				5802063A1D1D368400349B32 /* Release */,
			);
			defaultConfigurationIsVisible = 0;
			defaultConfigurationName = Release;
		};
		5802063B1D1D368400349B32 /* Build configuration list for PBXNativeTarget "HealthyWayTests" */ = {
			isa = XCConfigurationList;
			buildConfigurations = (
				5802063C1D1D368400349B32 /* Debug */,
				5802063D1D1D368400349B32 /* Release */,
			);
			defaultConfigurationIsVisible = 0;
			defaultConfigurationName = Release;
		};
/* End XCConfigurationList section */
	};
	rootObject = 5802060E1D1D368300349B32 /* Project object */;
}
