// !$*UTF8*$!
{
	archiveVersion = 1;
	classes = {
	};
	objectVersion = 46;
	objects = {

/* Begin PBXBuildFile section */
		0E21C24B42EE3D4F591EC569 /* libPods-HealthyWay.a in Frameworks */ = {isa = PBXBuildFile; fileRef = BA484E84199F6DCBDAC57AFF /* libPods-HealthyWay.a */; };
		446796491D5DE77F0004DA1D /* HWSettingsFlowController.m in Sources */ = {isa = PBXBuildFile; fileRef = 446796481D5DE77F0004DA1D /* HWSettingsFlowController.m */; };
		4467964D1D5E091D0004DA1D /* HWSettingsFlowTableViewController.m in Sources */ = {isa = PBXBuildFile; fileRef = 4467964C1D5E091D0004DA1D /* HWSettingsFlowTableViewController.m */; };
		4490E4241D5B42AF00DFF882 /* HWTabBarController.m in Sources */ = {isa = PBXBuildFile; fileRef = 4490E4231D5B42AF00DFF882 /* HWTabBarController.m */; };
		44930B491D54C0FD007A4D41 /* HWBaseAuthView.m in Sources */ = {isa = PBXBuildFile; fileRef = 44930B481D54C0FD007A4D41 /* HWBaseAuthView.m */; };
		44930B4C1D54DF8B007A4D41 /* HWSignUpView.m in Sources */ = {isa = PBXBuildFile; fileRef = 44930B4B1D54DF8B007A4D41 /* HWSignUpView.m */; };
		44CE2ED31D64C8FD0087FCD2 /* HWAddFriendsViewController.m in Sources */ = {isa = PBXBuildFile; fileRef = 44CE2ED21D64C8FD0087FCD2 /* HWAddFriendsViewController.m */; };
		44CE2EDE1D64D12A0087FCD2 /* HWFriendCell.m in Sources */ = {isa = PBXBuildFile; fileRef = 44CE2EDC1D64D12A0087FCD2 /* HWFriendCell.m */; };
		44CE2EDF1D64D12A0087FCD2 /* HWFriendCell.xib in Resources */ = {isa = PBXBuildFile; fileRef = 44CE2EDD1D64D12A0087FCD2 /* HWFriendCell.xib */; };
		5802061B1D1D368400349B32 /* main.m in Sources */ = {isa = PBXBuildFile; fileRef = 5802061A1D1D368400349B32 /* main.m */; };
		5802061E1D1D368400349B32 /* AppDelegate.m in Sources */ = {isa = PBXBuildFile; fileRef = 5802061D1D1D368400349B32 /* AppDelegate.m */; };
		580206261D1D368400349B32 /* Assets.xcassets in Resources */ = {isa = PBXBuildFile; fileRef = 580206251D1D368400349B32 /* Assets.xcassets */; };
		580206291D1D368400349B32 /* LaunchScreen.storyboard in Resources */ = {isa = PBXBuildFile; fileRef = 580206271D1D368400349B32 /* LaunchScreen.storyboard */; };
		580206341D1D368400349B32 /* HealthyWayTests.m in Sources */ = {isa = PBXBuildFile; fileRef = 580206331D1D368400349B32 /* HealthyWayTests.m */; };
		580C295D1D5B3D2C009B5118 /* HWBirthDatePicker.m in Sources */ = {isa = PBXBuildFile; fileRef = 580C295C1D5B3D2C009B5118 /* HWBirthDatePicker.m */; };
		580C295F1D5B3D3E009B5118 /* HWBirthDatePicker.xib in Resources */ = {isa = PBXBuildFile; fileRef = 580C295E1D5B3D3E009B5118 /* HWBirthDatePicker.xib */; };
		580C29631D5B400A009B5118 /* HWCommonDateFormatter.m in Sources */ = {isa = PBXBuildFile; fileRef = 580C29621D5B400A009B5118 /* HWCommonDateFormatter.m */; };
		580C29671D5B421A009B5118 /* HWUserProfileController+ImagePicker.m in Sources */ = {isa = PBXBuildFile; fileRef = 580C29661D5B421A009B5118 /* HWUserProfileController+ImagePicker.m */; };
		580C296D1D5B42A2009B5118 /* UIImage+Scale.m in Sources */ = {isa = PBXBuildFile; fileRef = 580C296C1D5B42A2009B5118 /* UIImage+Scale.m */; };
		580C29711D5B50F1009B5118 /* HWUserProfileData.m in Sources */ = {isa = PBXBuildFile; fileRef = 580C29701D5B50F1009B5118 /* HWUserProfileData.m */; };
		580C29731D5B5B84009B5118 /* ChooseFlowBoard.storyboard in Resources */ = {isa = PBXBuildFile; fileRef = 580C29721D5B5B84009B5118 /* ChooseFlowBoard.storyboard */; };
		580C297B1D5B7865009B5118 /* UIImage+EncodeToBase64.m in Sources */ = {isa = PBXBuildFile; fileRef = 580C297A1D5B7865009B5118 /* UIImage+EncodeToBase64.m */; };
		580C297F1D5B78AF009B5118 /* NSString+DecodeFromBase64.m in Sources */ = {isa = PBXBuildFile; fileRef = 580C297E1D5B78AF009B5118 /* NSString+DecodeFromBase64.m */; };
		580C29841D5B8126009B5118 /* HWUserProfileData+Mapping.m in Sources */ = {isa = PBXBuildFile; fileRef = 580C29831D5B8126009B5118 /* HWUserProfileData+Mapping.m */; };
		580C3FB91D6B1CB800CC3BA8 /* HWCheckBoxButton.m in Sources */ = {isa = PBXBuildFile; fileRef = 580C3FB81D6B1CB800CC3BA8 /* HWCheckBoxButton.m */; };
		580C3FBD1D6B1E9800CC3BA8 /* HWFetchRequestedFriendsTask.m in Sources */ = {isa = PBXBuildFile; fileRef = 580C3FBC1D6B1E9800CC3BA8 /* HWFetchRequestedFriendsTask.m */; };
		580C3FC11D6B1EB100CC3BA8 /* HWFetchRequestingFriendsTask.m in Sources */ = {isa = PBXBuildFile; fileRef = 580C3FC01D6B1EB100CC3BA8 /* HWFetchRequestingFriendsTask.m */; };
		580C3FC51D6B203C00CC3BA8 /* HWSendOrDenyFriendsRequestTask.m in Sources */ = {isa = PBXBuildFile; fileRef = 580C3FC41D6B203C00CC3BA8 /* HWSendOrDenyFriendsRequestTask.m */; };
		580C3FC91D6B496000CC3BA8 /* HWFriendsDataSource.m in Sources */ = {isa = PBXBuildFile; fileRef = 580C3FC81D6B496000CC3BA8 /* HWFriendsDataSource.m */; };
		580C3FCC1D6B4C9900CC3BA8 /* HWAddFriendsDataSource.m in Sources */ = {isa = PBXBuildFile; fileRef = 580C3FCB1D6B4C9900CC3BA8 /* HWAddFriendsDataSource.m */; };
		5810FF0B1D589FEA00AF5C96 /* HWAuthorizationViewController+AuthViewTransitionSubtype.m in Sources */ = {isa = PBXBuildFile; fileRef = 5810FF0A1D589FEA00AF5C96 /* HWAuthorizationViewController+AuthViewTransitionSubtype.m */; };
		5810FF101D58A9C500AF5C96 /* CAAnimation+CompletionBlock.m in Sources */ = {isa = PBXBuildFile; fileRef = 5810FF0F1D58A9C500AF5C96 /* CAAnimation+CompletionBlock.m */; };
		5810FF151D58CCC300AF5C96 /* NSString+ErrorString.m in Sources */ = {isa = PBXBuildFile; fileRef = 5810FF141D58CCC300AF5C96 /* NSString+ErrorString.m */; };
		583F47211D5DF9740099C9E0 /* HWOperationsManager.m in Sources */ = {isa = PBXBuildFile; fileRef = 583F47201D5DF9740099C9E0 /* HWOperationsManager.m */; };
		583F47241D5DF97C0099C9E0 /* HWOperationsFacade.m in Sources */ = {isa = PBXBuildFile; fileRef = 583F47231D5DF97C0099C9E0 /* HWOperationsFacade.m */; };
		583F47281D5DF9A30099C9E0 /* HWAuthorizationService.m in Sources */ = {isa = PBXBuildFile; fileRef = 583F47271D5DF9A30099C9E0 /* HWAuthorizationService.m */; };
		583F472C1D5E06300099C9E0 /* HWUserProfileService.m in Sources */ = {isa = PBXBuildFile; fileRef = 583F472B1D5E06300099C9E0 /* HWUserProfileService.m */; };
		586AC89B1D61C3E200685CBA /* HWBaseTask.m in Sources */ = {isa = PBXBuildFile; fileRef = 586AC89A1D61C3E200685CBA /* HWBaseTask.m */; };
		586AC8A01D61C7C000685CBA /* HWAutologinTask.m in Sources */ = {isa = PBXBuildFile; fileRef = 586AC89F1D61C7C000685CBA /* HWAutologinTask.m */; };
		586AC8A41D61C9D000685CBA /* HWFetchUsersTask.m in Sources */ = {isa = PBXBuildFile; fileRef = 586AC8A31D61C9D000685CBA /* HWFetchUsersTask.m */; };
		586AC8AA1D61DFB100685CBA /* HWCreateUpdateUserProfileTask.m in Sources */ = {isa = PBXBuildFile; fileRef = 586AC8A91D61DFB100685CBA /* HWCreateUpdateUserProfileTask.m */; };
		586AC8AD1D61E8FE00685CBA /* HWAuthorizationTask.m in Sources */ = {isa = PBXBuildFile; fileRef = 586AC8AC1D61E8FE00685CBA /* HWAuthorizationTask.m */; };
		586AC8B01D61F85000685CBA /* HWBaseOperation.m in Sources */ = {isa = PBXBuildFile; fileRef = 586AC8AF1D61F85000685CBA /* HWBaseOperation.m */; };
		58A1FADF1D6C418E007EFB90 /* HWBaseDataSource.m in Sources */ = {isa = PBXBuildFile; fileRef = 58A1FADE1D6C418E007EFB90 /* HWBaseDataSource.m */; };
		58A1FAE41D6C5EE9007EFB90 /* NSData+Base64.m in Sources */ = {isa = PBXBuildFile; fileRef = 58A1FAE31D6C5EE9007EFB90 /* NSData+Base64.m */; };
		58A2A7A01D4F859E006DBC38 /* HWKeychainHandler.m in Sources */ = {isa = PBXBuildFile; fileRef = 58A2A79F1D4F859E006DBC38 /* HWKeychainHandler.m */; };
		58A2A7AB1D4F938E006DBC38 /* UIView+MakeFromXib.m in Sources */ = {isa = PBXBuildFile; fileRef = 58A2A7AA1D4F938E006DBC38 /* UIView+MakeFromXib.m */; };
		58B305481D508D1A0011F405 /* HWBaseViewController.m in Sources */ = {isa = PBXBuildFile; fileRef = 58B305471D508D1A0011F405 /* HWBaseViewController.m */; };
		58B3054B1D508D280011F405 /* HWBaseNavigationController.m in Sources */ = {isa = PBXBuildFile; fileRef = 58B3054A1D508D280011F405 /* HWBaseNavigationController.m */; };
		58B3054E1D508D380011F405 /* HWBaseKeyboardHandlerViewController.m in Sources */ = {isa = PBXBuildFile; fileRef = 58B3054D1D508D380011F405 /* HWBaseKeyboardHandlerViewController.m */; };
		58B305501D508D460011F405 /* AuthStoryBoard.storyboard in Resources */ = {isa = PBXBuildFile; fileRef = 58B3054F1D508D460011F405 /* AuthStoryBoard.storyboard */; };
		58B305531D508D550011F405 /* HWAutologinViewController.m in Sources */ = {isa = PBXBuildFile; fileRef = 58B305521D508D550011F405 /* HWAutologinViewController.m */; };
		58B305561D508D690011F405 /* HWAuthorizationViewController.m in Sources */ = {isa = PBXBuildFile; fileRef = 58B305551D508D690011F405 /* HWAuthorizationViewController.m */; };
		58B305581D508D840011F405 /* UserProfileStoryboard.storyboard in Resources */ = {isa = PBXBuildFile; fileRef = 58B305571D508D840011F405 /* UserProfileStoryboard.storyboard */; };
		58B3055B1D508D950011F405 /* HWCreateUserProfileContainerController.m in Sources */ = {isa = PBXBuildFile; fileRef = 58B3055A1D508D950011F405 /* HWCreateUserProfileContainerController.m */; };
		58B3055F1D508DA60011F405 /* HWUserProfileController.m in Sources */ = {isa = PBXBuildFile; fileRef = 58B3055D1D508DA60011F405 /* HWUserProfileController.m */; };
		58B305601D508DA60011F405 /* HWUserProfileController.xib in Resources */ = {isa = PBXBuildFile; fileRef = 58B3055E1D508DA60011F405 /* HWUserProfileController.xib */; };
		58B305641D508DC40011F405 /* HWForgotPasswordView.m in Sources */ = {isa = PBXBuildFile; fileRef = 58B305621D508DC40011F405 /* HWForgotPasswordView.m */; };
		58B305651D508DC40011F405 /* HWForgotPasswordView.xib in Resources */ = {isa = PBXBuildFile; fileRef = 58B305631D508DC40011F405 /* HWForgotPasswordView.xib */; };
		58B3056A1D508DD10011F405 /* HWSignUpView.xib in Resources */ = {isa = PBXBuildFile; fileRef = 58B305681D508DD10011F405 /* HWSignUpView.xib */; };
		58B3056E1D508DE00011F405 /* HWSignInView.m in Sources */ = {isa = PBXBuildFile; fileRef = 58B3056C1D508DE00011F405 /* HWSignInView.m */; };
		58B3056F1D508DE00011F405 /* HWSignInView.xib in Resources */ = {isa = PBXBuildFile; fileRef = 58B3056D1D508DE00011F405 /* HWSignInView.xib */; };
		58B305721D508DF90011F405 /* HWCredentials.m in Sources */ = {isa = PBXBuildFile; fileRef = 58B305711D508DF90011F405 /* HWCredentials.m */; };
		58B4572F1D5E3B87005ED79C /* HWFriendsViewController.m in Sources */ = {isa = PBXBuildFile; fileRef = 58B4572E1D5E3B87005ED79C /* HWFriendsViewController.m */; };
		58C727691D23D13400F5F85D /* HWAlertService.m in Sources */ = {isa = PBXBuildFile; fileRef = 58C727681D23D13400F5F85D /* HWAlertService.m */; };
		58C727701D23D30A00F5F85D /* HWErrorHandler.m in Sources */ = {isa = PBXBuildFile; fileRef = 58C7276F1D23D30A00F5F85D /* HWErrorHandler.m */; };
		58C727751D23D37E00F5F85D /* NSString+JSONRepresentation.m in Sources */ = {isa = PBXBuildFile; fileRef = 58C727741D23D37E00F5F85D /* NSString+JSONRepresentation.m */; };
		58C727781D23D3BD00F5F85D /* HWValidator.m in Sources */ = {isa = PBXBuildFile; fileRef = 58C727771D23D3BD00F5F85D /* HWValidator.m */; };
		58D774241D22C83B00CEE186 /* GoogleService-Info.plist in Resources */ = {isa = PBXBuildFile; fileRef = 58D774231D22C83B00CEE186 /* GoogleService-Info.plist */; };
		58E337C31D22F42E00B3A280 /* HWBaseAppManager.m in Sources */ = {isa = PBXBuildFile; fileRef = 58E337C21D22F42E00B3A280 /* HWBaseAppManager.m */; };
		58FDB09B1D5C995400908ADC /* SettingsBoard.storyboard in Resources */ = {isa = PBXBuildFile; fileRef = 58FDB09A1D5C995400908ADC /* SettingsBoard.storyboard */; };
		58FDB09D1D5C997000908ADC /* EditProfileBoard.storyboard in Resources */ = {isa = PBXBuildFile; fileRef = 58FDB09C1D5C997000908ADC /* EditProfileBoard.storyboard */; };
		58FDB09F1D5C998100908ADC /* MapBoard.storyboard in Resources */ = {isa = PBXBuildFile; fileRef = 58FDB09E1D5C998100908ADC /* MapBoard.storyboard */; };
		58FDB0A11D5C999200908ADC /* FriendsBoard.storyboard in Resources */ = {isa = PBXBuildFile; fileRef = 58FDB0A01D5C999200908ADC /* FriendsBoard.storyboard */; };
		58FDB0A31D5C99A400908ADC /* EventsBoard.storyboard in Resources */ = {isa = PBXBuildFile; fileRef = 58FDB0A21D5C99A400908ADC /* EventsBoard.storyboard */; };
/* End PBXBuildFile section */

/* Begin PBXContainerItemProxy section */
		580206301D1D368400349B32 /* PBXContainerItemProxy */ = {
			isa = PBXContainerItemProxy;
			containerPortal = 5802060E1D1D368300349B32 /* Project object */;
			proxyType = 1;
			remoteGlobalIDString = 580206151D1D368400349B32;
			remoteInfo = HealthyWay;
		};
/* End PBXContainerItemProxy section */

/* Begin PBXFileReference section */
		0D6832D0B10F075E049BCAFE /* Pods-HealthyWay.release.xcconfig */ = {isa = PBXFileReference; includeInIndex = 1; lastKnownFileType = text.xcconfig; name = "Pods-HealthyWay.release.xcconfig"; path = "Pods/Target Support Files/Pods-HealthyWay/Pods-HealthyWay.release.xcconfig"; sourceTree = "<group>"; };
		3CCE95E83D318FA9D7DFA3BC /* Pods-HealthyWay.debug.xcconfig */ = {isa = PBXFileReference; includeInIndex = 1; lastKnownFileType = text.xcconfig; name = "Pods-HealthyWay.debug.xcconfig"; path = "Pods/Target Support Files/Pods-HealthyWay/Pods-HealthyWay.debug.xcconfig"; sourceTree = "<group>"; };
		446796471D5DE77F0004DA1D /* HWSettingsFlowController.h */ = {isa = PBXFileReference; fileEncoding = 4; lastKnownFileType = sourcecode.c.h; name = HWSettingsFlowController.h; path = Classes/MVC/ViewControllers/TabBarComponents/SettingsFlow/SettingsFlowController/HWSettingsFlowController.h; sourceTree = "<group>"; };
		446796481D5DE77F0004DA1D /* HWSettingsFlowController.m */ = {isa = PBXFileReference; fileEncoding = 4; lastKnownFileType = sourcecode.c.objc; name = HWSettingsFlowController.m; path = Classes/MVC/ViewControllers/TabBarComponents/SettingsFlow/SettingsFlowController/HWSettingsFlowController.m; sourceTree = "<group>"; };
		4467964B1D5E091D0004DA1D /* HWSettingsFlowTableViewController.h */ = {isa = PBXFileReference; fileEncoding = 4; lastKnownFileType = sourcecode.c.h; name = HWSettingsFlowTableViewController.h; path = Classes/MVC/ViewControllers/TabBarComponents/SettingsFlow/SettingsFlowTableViewController/HWSettingsFlowTableViewController.h; sourceTree = "<group>"; };
		4467964C1D5E091D0004DA1D /* HWSettingsFlowTableViewController.m */ = {isa = PBXFileReference; fileEncoding = 4; lastKnownFileType = sourcecode.c.objc; name = HWSettingsFlowTableViewController.m; path = Classes/MVC/ViewControllers/TabBarComponents/SettingsFlow/SettingsFlowTableViewController/HWSettingsFlowTableViewController.m; sourceTree = "<group>"; };
		4490E4221D5B42AF00DFF882 /* HWTabBarController.h */ = {isa = PBXFileReference; fileEncoding = 4; lastKnownFileType = sourcecode.c.h; name = HWTabBarController.h; path = Classes/MVC/ViewControllers/ChooseFlowBoard/TabBarController/HWTabBarController.h; sourceTree = "<group>"; };
		4490E4231D5B42AF00DFF882 /* HWTabBarController.m */ = {isa = PBXFileReference; fileEncoding = 4; lastKnownFileType = sourcecode.c.objc; name = HWTabBarController.m; path = Classes/MVC/ViewControllers/ChooseFlowBoard/TabBarController/HWTabBarController.m; sourceTree = "<group>"; };
		44930B471D54C0FD007A4D41 /* HWBaseAuthView.h */ = {isa = PBXFileReference; fileEncoding = 4; lastKnownFileType = sourcecode.c.h; name = HWBaseAuthView.h; path = Classes/MVC/Views/Auth/AuthView/HWBaseAuthView.h; sourceTree = "<group>"; };
		44930B481D54C0FD007A4D41 /* HWBaseAuthView.m */ = {isa = PBXFileReference; fileEncoding = 4; lastKnownFileType = sourcecode.c.objc; name = HWBaseAuthView.m; path = Classes/MVC/Views/Auth/AuthView/HWBaseAuthView.m; sourceTree = "<group>"; };
		44930B4A1D54DF8B007A4D41 /* HWSignUpView.h */ = {isa = PBXFileReference; fileEncoding = 4; lastKnownFileType = sourcecode.c.h; name = HWSignUpView.h; path = Classes/MVC/Views/Auth/SignUpView/HWSignUpView.h; sourceTree = "<group>"; };
		44930B4B1D54DF8B007A4D41 /* HWSignUpView.m */ = {isa = PBXFileReference; fileEncoding = 4; lastKnownFileType = sourcecode.c.objc; name = HWSignUpView.m; path = Classes/MVC/Views/Auth/SignUpView/HWSignUpView.m; sourceTree = "<group>"; };
		44930B4E1D54FAC8007A4D41 /* HWAuthViews.h */ = {isa = PBXFileReference; fileEncoding = 4; lastKnownFileType = sourcecode.c.h; name = HWAuthViews.h; path = Classes/MVC/Views/Auth/HWAuthViews.h; sourceTree = "<group>"; };
		44CE2ED11D64C8FD0087FCD2 /* HWAddFriendsViewController.h */ = {isa = PBXFileReference; fileEncoding = 4; lastKnownFileType = sourcecode.c.h; name = HWAddFriendsViewController.h; path = Classes/MVC/ViewControllers/TabBarComponents/FriendsFlow/AddFriendsViewController/HWAddFriendsViewController.h; sourceTree = "<group>"; };
		44CE2ED21D64C8FD0087FCD2 /* HWAddFriendsViewController.m */ = {isa = PBXFileReference; fileEncoding = 4; lastKnownFileType = sourcecode.c.objc; name = HWAddFriendsViewController.m; path = Classes/MVC/ViewControllers/TabBarComponents/FriendsFlow/AddFriendsViewController/HWAddFriendsViewController.m; sourceTree = "<group>"; };
		44CE2EDB1D64D12A0087FCD2 /* HWFriendCell.h */ = {isa = PBXFileReference; fileEncoding = 4; lastKnownFileType = sourcecode.c.h; name = HWFriendCell.h; path = Classes/Cells/FriendCell/HWFriendCell.h; sourceTree = "<group>"; };
		44CE2EDC1D64D12A0087FCD2 /* HWFriendCell.m */ = {isa = PBXFileReference; fileEncoding = 4; lastKnownFileType = sourcecode.c.objc; name = HWFriendCell.m; path = Classes/Cells/FriendCell/HWFriendCell.m; sourceTree = "<group>"; };
		44CE2EDD1D64D12A0087FCD2 /* HWFriendCell.xib */ = {isa = PBXFileReference; fileEncoding = 4; lastKnownFileType = file.xib; name = HWFriendCell.xib; path = Classes/Cells/FriendCell/HWFriendCell.xib; sourceTree = "<group>"; };
		580206161D1D368400349B32 /* HealthyWay.app */ = {isa = PBXFileReference; explicitFileType = wrapper.application; includeInIndex = 0; path = HealthyWay.app; sourceTree = BUILT_PRODUCTS_DIR; };
		5802061A1D1D368400349B32 /* main.m */ = {isa = PBXFileReference; lastKnownFileType = sourcecode.c.objc; path = main.m; sourceTree = "<group>"; };
		5802061C1D1D368400349B32 /* AppDelegate.h */ = {isa = PBXFileReference; lastKnownFileType = sourcecode.c.h; path = AppDelegate.h; sourceTree = "<group>"; };
		5802061D1D1D368400349B32 /* AppDelegate.m */ = {isa = PBXFileReference; lastKnownFileType = sourcecode.c.objc; path = AppDelegate.m; sourceTree = "<group>"; };
		580206251D1D368400349B32 /* Assets.xcassets */ = {isa = PBXFileReference; lastKnownFileType = folder.assetcatalog; path = Assets.xcassets; sourceTree = "<group>"; };
		580206281D1D368400349B32 /* Base */ = {isa = PBXFileReference; lastKnownFileType = file.storyboard; name = Base; path = Base.lproj/LaunchScreen.storyboard; sourceTree = "<group>"; };
		5802062A1D1D368400349B32 /* Info.plist */ = {isa = PBXFileReference; lastKnownFileType = text.plist.xml; path = Info.plist; sourceTree = "<group>"; };
		5802062F1D1D368400349B32 /* HealthyWayTests.xctest */ = {isa = PBXFileReference; explicitFileType = wrapper.cfbundle; includeInIndex = 0; path = HealthyWayTests.xctest; sourceTree = BUILT_PRODUCTS_DIR; };
		580206331D1D368400349B32 /* HealthyWayTests.m */ = {isa = PBXFileReference; lastKnownFileType = sourcecode.c.objc; path = HealthyWayTests.m; sourceTree = "<group>"; };
		580206351D1D368400349B32 /* Info.plist */ = {isa = PBXFileReference; lastKnownFileType = text.plist.xml; path = Info.plist; sourceTree = "<group>"; };
		580C295B1D5B3D2C009B5118 /* HWBirthDatePicker.h */ = {isa = PBXFileReference; fileEncoding = 4; lastKnownFileType = sourcecode.c.h; name = HWBirthDatePicker.h; path = Classes/MVC/Views/UserProfile/HWBirthDatePicker.h; sourceTree = "<group>"; };
		580C295C1D5B3D2C009B5118 /* HWBirthDatePicker.m */ = {isa = PBXFileReference; fileEncoding = 4; lastKnownFileType = sourcecode.c.objc; name = HWBirthDatePicker.m; path = Classes/MVC/Views/UserProfile/HWBirthDatePicker.m; sourceTree = "<group>"; };
		580C295E1D5B3D3E009B5118 /* HWBirthDatePicker.xib */ = {isa = PBXFileReference; fileEncoding = 4; lastKnownFileType = file.xib; name = HWBirthDatePicker.xib; path = Classes/MVC/Views/UserProfile/HWBirthDatePicker.xib; sourceTree = "<group>"; };
		580C29611D5B400A009B5118 /* HWCommonDateFormatter.h */ = {isa = PBXFileReference; fileEncoding = 4; lastKnownFileType = sourcecode.c.h; name = HWCommonDateFormatter.h; path = Classes/HelperClasses/CommonDateFormatter/HWCommonDateFormatter.h; sourceTree = "<group>"; };
		580C29621D5B400A009B5118 /* HWCommonDateFormatter.m */ = {isa = PBXFileReference; fileEncoding = 4; lastKnownFileType = sourcecode.c.objc; name = HWCommonDateFormatter.m; path = Classes/HelperClasses/CommonDateFormatter/HWCommonDateFormatter.m; sourceTree = "<group>"; };
		580C29651D5B421A009B5118 /* HWUserProfileController+ImagePicker.h */ = {isa = PBXFileReference; fileEncoding = 4; lastKnownFileType = sourcecode.c.h; name = "HWUserProfileController+ImagePicker.h"; path = "Classes/MVC/ViewControllers/UserAccountInformation/UserProfileController/UserProfileController+ImagePicker/HWUserProfileController+ImagePicker.h"; sourceTree = "<group>"; };
		580C29661D5B421A009B5118 /* HWUserProfileController+ImagePicker.m */ = {isa = PBXFileReference; fileEncoding = 4; lastKnownFileType = sourcecode.c.objc; name = "HWUserProfileController+ImagePicker.m"; path = "Classes/MVC/ViewControllers/UserAccountInformation/UserProfileController/UserProfileController+ImagePicker/HWUserProfileController+ImagePicker.m"; sourceTree = "<group>"; };
		580C296B1D5B42A2009B5118 /* UIImage+Scale.h */ = {isa = PBXFileReference; fileEncoding = 4; lastKnownFileType = sourcecode.c.h; name = "UIImage+Scale.h"; path = "Classes/Categories/UIImage/UIImage+Scale/UIImage+Scale.h"; sourceTree = "<group>"; };
		580C296C1D5B42A2009B5118 /* UIImage+Scale.m */ = {isa = PBXFileReference; fileEncoding = 4; lastKnownFileType = sourcecode.c.objc; name = "UIImage+Scale.m"; path = "Classes/Categories/UIImage/UIImage+Scale/UIImage+Scale.m"; sourceTree = "<group>"; };
		580C296F1D5B50F1009B5118 /* HWUserProfileData.h */ = {isa = PBXFileReference; fileEncoding = 4; lastKnownFileType = sourcecode.c.h; name = HWUserProfileData.h; path = Classes/MVC/Models/UserProfileData/HWUserProfileData.h; sourceTree = "<group>"; };
		580C29701D5B50F1009B5118 /* HWUserProfileData.m */ = {isa = PBXFileReference; fileEncoding = 4; lastKnownFileType = sourcecode.c.objc; name = HWUserProfileData.m; path = Classes/MVC/Models/UserProfileData/HWUserProfileData.m; sourceTree = "<group>"; };
		580C29721D5B5B84009B5118 /* ChooseFlowBoard.storyboard */ = {isa = PBXFileReference; fileEncoding = 4; lastKnownFileType = file.storyboard; name = ChooseFlowBoard.storyboard; path = Classes/MVC/ViewControllers/ChooseFlowBoard/ChooseFlowBoard.storyboard; sourceTree = "<group>"; };
		580C29791D5B7865009B5118 /* UIImage+EncodeToBase64.h */ = {isa = PBXFileReference; fileEncoding = 4; lastKnownFileType = sourcecode.c.h; name = "UIImage+EncodeToBase64.h"; path = "Classes/Categories/UIImage/UIImage+EncodeToBase64/UIImage+EncodeToBase64.h"; sourceTree = "<group>"; };
		580C297A1D5B7865009B5118 /* UIImage+EncodeToBase64.m */ = {isa = PBXFileReference; fileEncoding = 4; lastKnownFileType = sourcecode.c.objc; name = "UIImage+EncodeToBase64.m"; path = "Classes/Categories/UIImage/UIImage+EncodeToBase64/UIImage+EncodeToBase64.m"; sourceTree = "<group>"; };
		580C297D1D5B78AF009B5118 /* NSString+DecodeFromBase64.h */ = {isa = PBXFileReference; fileEncoding = 4; lastKnownFileType = sourcecode.c.h; name = "NSString+DecodeFromBase64.h"; path = "Classes/Categories/NSString/NSString+DecodeFromBase64/NSString+DecodeFromBase64.h"; sourceTree = "<group>"; };
		580C297E1D5B78AF009B5118 /* NSString+DecodeFromBase64.m */ = {isa = PBXFileReference; fileEncoding = 4; lastKnownFileType = sourcecode.c.objc; name = "NSString+DecodeFromBase64.m"; path = "Classes/Categories/NSString/NSString+DecodeFromBase64/NSString+DecodeFromBase64.m"; sourceTree = "<group>"; };
		580C29821D5B8126009B5118 /* HWUserProfileData+Mapping.h */ = {isa = PBXFileReference; fileEncoding = 4; lastKnownFileType = sourcecode.c.h; name = "HWUserProfileData+Mapping.h"; path = "Classes/MVC/Models/UserProfileData/UserProfileData+Mapping/HWUserProfileData+Mapping.h"; sourceTree = "<group>"; };
		580C29831D5B8126009B5118 /* HWUserProfileData+Mapping.m */ = {isa = PBXFileReference; fileEncoding = 4; lastKnownFileType = sourcecode.c.objc; name = "HWUserProfileData+Mapping.m"; path = "Classes/MVC/Models/UserProfileData/UserProfileData+Mapping/HWUserProfileData+Mapping.m"; sourceTree = "<group>"; };
		580C3FB71D6B1CB800CC3BA8 /* HWCheckBoxButton.h */ = {isa = PBXFileReference; fileEncoding = 4; lastKnownFileType = sourcecode.c.h; name = HWCheckBoxButton.h; path = Classes/MVC/Views/Friends/CheckboxButton/HWCheckBoxButton.h; sourceTree = "<group>"; };
		580C3FB81D6B1CB800CC3BA8 /* HWCheckBoxButton.m */ = {isa = PBXFileReference; fileEncoding = 4; lastKnownFileType = sourcecode.c.objc; name = HWCheckBoxButton.m; path = Classes/MVC/Views/Friends/CheckboxButton/HWCheckBoxButton.m; sourceTree = "<group>"; };
		580C3FBB1D6B1E9800CC3BA8 /* HWFetchRequestedFriendsTask.h */ = {isa = PBXFileReference; fileEncoding = 4; lastKnownFileType = sourcecode.c.h; name = HWFetchRequestedFriendsTask.h; path = Classes/OperationsFlow/Tasks/FetchRequestedFriendsTask/HWFetchRequestedFriendsTask.h; sourceTree = "<group>"; };
		580C3FBC1D6B1E9800CC3BA8 /* HWFetchRequestedFriendsTask.m */ = {isa = PBXFileReference; fileEncoding = 4; lastKnownFileType = sourcecode.c.objc; name = HWFetchRequestedFriendsTask.m; path = Classes/OperationsFlow/Tasks/FetchRequestedFriendsTask/HWFetchRequestedFriendsTask.m; sourceTree = "<group>"; };
		580C3FBF1D6B1EB100CC3BA8 /* HWFetchRequestingFriendsTask.h */ = {isa = PBXFileReference; fileEncoding = 4; lastKnownFileType = sourcecode.c.h; name = HWFetchRequestingFriendsTask.h; path = Classes/OperationsFlow/Tasks/FetchRequestingFriendsTask/HWFetchRequestingFriendsTask.h; sourceTree = "<group>"; };
		580C3FC01D6B1EB100CC3BA8 /* HWFetchRequestingFriendsTask.m */ = {isa = PBXFileReference; fileEncoding = 4; lastKnownFileType = sourcecode.c.objc; name = HWFetchRequestingFriendsTask.m; path = Classes/OperationsFlow/Tasks/FetchRequestingFriendsTask/HWFetchRequestingFriendsTask.m; sourceTree = "<group>"; };
		580C3FC31D6B203C00CC3BA8 /* HWSendOrDenyFriendsRequestTask.h */ = {isa = PBXFileReference; fileEncoding = 4; lastKnownFileType = sourcecode.c.h; name = HWSendOrDenyFriendsRequestTask.h; path = Classes/OperationsFlow/Tasks/SendOrDenyFriendsRequestTask/HWSendOrDenyFriendsRequestTask.h; sourceTree = "<group>"; };
		580C3FC41D6B203C00CC3BA8 /* HWSendOrDenyFriendsRequestTask.m */ = {isa = PBXFileReference; fileEncoding = 4; lastKnownFileType = sourcecode.c.objc; name = HWSendOrDenyFriendsRequestTask.m; path = Classes/OperationsFlow/Tasks/SendOrDenyFriendsRequestTask/HWSendOrDenyFriendsRequestTask.m; sourceTree = "<group>"; };
		580C3FC71D6B496000CC3BA8 /* HWFriendsDataSource.h */ = {isa = PBXFileReference; fileEncoding = 4; lastKnownFileType = sourcecode.c.h; name = HWFriendsDataSource.h; path = Classes/DataSources/FriendsDataSource/HWFriendsDataSource.h; sourceTree = "<group>"; };
		580C3FC81D6B496000CC3BA8 /* HWFriendsDataSource.m */ = {isa = PBXFileReference; fileEncoding = 4; lastKnownFileType = sourcecode.c.objc; name = HWFriendsDataSource.m; path = Classes/DataSources/FriendsDataSource/HWFriendsDataSource.m; sourceTree = "<group>"; };
		580C3FCA1D6B4C9900CC3BA8 /* HWAddFriendsDataSource.h */ = {isa = PBXFileReference; fileEncoding = 4; lastKnownFileType = sourcecode.c.h; name = HWAddFriendsDataSource.h; path = Classes/DataSources/AddFriendsDataSource/HWAddFriendsDataSource.h; sourceTree = "<group>"; };
		580C3FCB1D6B4C9900CC3BA8 /* HWAddFriendsDataSource.m */ = {isa = PBXFileReference; fileEncoding = 4; lastKnownFileType = sourcecode.c.objc; name = HWAddFriendsDataSource.m; path = Classes/DataSources/AddFriendsDataSource/HWAddFriendsDataSource.m; sourceTree = "<group>"; };
		5810FF091D589FEA00AF5C96 /* HWAuthorizationViewController+AuthViewTransitionSubtype.h */ = {isa = PBXFileReference; fileEncoding = 4; lastKnownFileType = sourcecode.c.h; name = "HWAuthorizationViewController+AuthViewTransitionSubtype.h"; path = "Classes/MVC/ViewControllers/Authentication/AuthorizationViewController/AuthorizationViewController+AuthViewTransitionSubtype/HWAuthorizationViewController+AuthViewTransitionSubtype.h"; sourceTree = "<group>"; };
		5810FF0A1D589FEA00AF5C96 /* HWAuthorizationViewController+AuthViewTransitionSubtype.m */ = {isa = PBXFileReference; fileEncoding = 4; lastKnownFileType = sourcecode.c.objc; name = "HWAuthorizationViewController+AuthViewTransitionSubtype.m"; path = "Classes/MVC/ViewControllers/Authentication/AuthorizationViewController/AuthorizationViewController+AuthViewTransitionSubtype/HWAuthorizationViewController+AuthViewTransitionSubtype.m"; sourceTree = "<group>"; };
		5810FF0E1D58A9C500AF5C96 /* CAAnimation+CompletionBlock.h */ = {isa = PBXFileReference; fileEncoding = 4; lastKnownFileType = sourcecode.c.h; name = "CAAnimation+CompletionBlock.h"; path = "Classes/Categories/CAAnimation/CAAnimation+CompletionBlock/CAAnimation+CompletionBlock.h"; sourceTree = "<group>"; };
		5810FF0F1D58A9C500AF5C96 /* CAAnimation+CompletionBlock.m */ = {isa = PBXFileReference; fileEncoding = 4; lastKnownFileType = sourcecode.c.objc; name = "CAAnimation+CompletionBlock.m"; path = "Classes/Categories/CAAnimation/CAAnimation+CompletionBlock/CAAnimation+CompletionBlock.m"; sourceTree = "<group>"; };
		5810FF131D58CCC300AF5C96 /* NSString+ErrorString.h */ = {isa = PBXFileReference; fileEncoding = 4; lastKnownFileType = sourcecode.c.h; name = "NSString+ErrorString.h"; path = "Classes/Categories/NSString/NSString+ErrorString/NSString+ErrorString.h"; sourceTree = "<group>"; };
		5810FF141D58CCC300AF5C96 /* NSString+ErrorString.m */ = {isa = PBXFileReference; fileEncoding = 4; lastKnownFileType = sourcecode.c.objc; name = "NSString+ErrorString.m"; path = "Classes/Categories/NSString/NSString+ErrorString/NSString+ErrorString.m"; sourceTree = "<group>"; };
		583F471F1D5DF9740099C9E0 /* HWOperationsManager.h */ = {isa = PBXFileReference; fileEncoding = 4; lastKnownFileType = sourcecode.c.h; name = HWOperationsManager.h; path = Classes/OperationsFlow/OperationsManager/HWOperationsManager.h; sourceTree = "<group>"; };
		583F47201D5DF9740099C9E0 /* HWOperationsManager.m */ = {isa = PBXFileReference; fileEncoding = 4; lastKnownFileType = sourcecode.c.objc; name = HWOperationsManager.m; path = Classes/OperationsFlow/OperationsManager/HWOperationsManager.m; sourceTree = "<group>"; };
		583F47221D5DF97C0099C9E0 /* HWOperationsFacade.h */ = {isa = PBXFileReference; fileEncoding = 4; lastKnownFileType = sourcecode.c.h; name = HWOperationsFacade.h; path = Classes/OperationsFlow/OperationsFacade/HWOperationsFacade.h; sourceTree = "<group>"; };
		583F47231D5DF97C0099C9E0 /* HWOperationsFacade.m */ = {isa = PBXFileReference; fileEncoding = 4; lastKnownFileType = sourcecode.c.objc; name = HWOperationsFacade.m; path = Classes/OperationsFlow/OperationsFacade/HWOperationsFacade.m; sourceTree = "<group>"; };
		583F47261D5DF9A30099C9E0 /* HWAuthorizationService.h */ = {isa = PBXFileReference; fileEncoding = 4; lastKnownFileType = sourcecode.c.h; name = HWAuthorizationService.h; path = Classes/Services/AuthorizationService/HWAuthorizationService.h; sourceTree = "<group>"; };
		583F47271D5DF9A30099C9E0 /* HWAuthorizationService.m */ = {isa = PBXFileReference; fileEncoding = 4; lastKnownFileType = sourcecode.c.objc; name = HWAuthorizationService.m; path = Classes/Services/AuthorizationService/HWAuthorizationService.m; sourceTree = "<group>"; };
		583F472A1D5E06300099C9E0 /* HWUserProfileService.h */ = {isa = PBXFileReference; fileEncoding = 4; lastKnownFileType = sourcecode.c.h; name = HWUserProfileService.h; path = Classes/Services/UserProfileService/HWUserProfileService.h; sourceTree = "<group>"; };
		583F472B1D5E06300099C9E0 /* HWUserProfileService.m */ = {isa = PBXFileReference; fileEncoding = 4; lastKnownFileType = sourcecode.c.objc; name = HWUserProfileService.m; path = Classes/Services/UserProfileService/HWUserProfileService.m; sourceTree = "<group>"; };
		586AC8991D61C3E200685CBA /* HWBaseTask.h */ = {isa = PBXFileReference; fileEncoding = 4; lastKnownFileType = sourcecode.c.h; name = HWBaseTask.h; path = Classes/OperationsFlow/Tasks/BaseTask/HWBaseTask.h; sourceTree = "<group>"; };
		586AC89A1D61C3E200685CBA /* HWBaseTask.m */ = {isa = PBXFileReference; fileEncoding = 4; lastKnownFileType = sourcecode.c.objc; name = HWBaseTask.m; path = Classes/OperationsFlow/Tasks/BaseTask/HWBaseTask.m; sourceTree = "<group>"; };
		586AC89C1D61C64800685CBA /* HWTask.h */ = {isa = PBXFileReference; fileEncoding = 4; lastKnownFileType = sourcecode.c.h; name = HWTask.h; path = Classes/OperationsFlow/Tasks/BaseTask/HWTask.h; sourceTree = "<group>"; };
		586AC89E1D61C7C000685CBA /* HWAutologinTask.h */ = {isa = PBXFileReference; fileEncoding = 4; lastKnownFileType = sourcecode.c.h; name = HWAutologinTask.h; path = Classes/OperationsFlow/Tasks/AutologinTask/HWAutologinTask.h; sourceTree = "<group>"; };
		586AC89F1D61C7C000685CBA /* HWAutologinTask.m */ = {isa = PBXFileReference; fileEncoding = 4; lastKnownFileType = sourcecode.c.objc; name = HWAutologinTask.m; path = Classes/OperationsFlow/Tasks/AutologinTask/HWAutologinTask.m; sourceTree = "<group>"; };
		586AC8A21D61C9D000685CBA /* HWFetchUsersTask.h */ = {isa = PBXFileReference; fileEncoding = 4; lastKnownFileType = sourcecode.c.h; name = HWFetchUsersTask.h; path = Classes/OperationsFlow/Tasks/FetchUsersTask/HWFetchUsersTask.h; sourceTree = "<group>"; };
		586AC8A31D61C9D000685CBA /* HWFetchUsersTask.m */ = {isa = PBXFileReference; fileEncoding = 4; lastKnownFileType = sourcecode.c.objc; name = HWFetchUsersTask.m; path = Classes/OperationsFlow/Tasks/FetchUsersTask/HWFetchUsersTask.m; sourceTree = "<group>"; };
		586AC8A51D61CCB600685CBA /* HWTasks.h */ = {isa = PBXFileReference; lastKnownFileType = sourcecode.c.h; name = HWTasks.h; path = Classes/OperationsFlow/HWTasks.h; sourceTree = "<group>"; };
		586AC8A81D61DFB100685CBA /* HWCreateUpdateUserProfileTask.h */ = {isa = PBXFileReference; fileEncoding = 4; lastKnownFileType = sourcecode.c.h; name = HWCreateUpdateUserProfileTask.h; path = Classes/OperationsFlow/Tasks/CreateUpdateUserProfileTask/HWCreateUpdateUserProfileTask.h; sourceTree = "<group>"; };
		586AC8A91D61DFB100685CBA /* HWCreateUpdateUserProfileTask.m */ = {isa = PBXFileReference; fileEncoding = 4; lastKnownFileType = sourcecode.c.objc; name = HWCreateUpdateUserProfileTask.m; path = Classes/OperationsFlow/Tasks/CreateUpdateUserProfileTask/HWCreateUpdateUserProfileTask.m; sourceTree = "<group>"; };
		586AC8AB1D61E8FE00685CBA /* HWAuthorizationTask.h */ = {isa = PBXFileReference; fileEncoding = 4; lastKnownFileType = sourcecode.c.h; name = HWAuthorizationTask.h; path = Classes/OperationsFlow/Tasks/AuthorizationTask/HWAuthorizationTask.h; sourceTree = "<group>"; };
		586AC8AC1D61E8FE00685CBA /* HWAuthorizationTask.m */ = {isa = PBXFileReference; fileEncoding = 4; lastKnownFileType = sourcecode.c.objc; name = HWAuthorizationTask.m; path = Classes/OperationsFlow/Tasks/AuthorizationTask/HWAuthorizationTask.m; sourceTree = "<group>"; };
		586AC8AE1D61F85000685CBA /* HWBaseOperation.h */ = {isa = PBXFileReference; fileEncoding = 4; lastKnownFileType = sourcecode.c.h; name = HWBaseOperation.h; path = Classes/OperationsFlow/BaseOperation/HWBaseOperation.h; sourceTree = "<group>"; };
		586AC8AF1D61F85000685CBA /* HWBaseOperation.m */ = {isa = PBXFileReference; fileEncoding = 4; lastKnownFileType = sourcecode.c.objc; name = HWBaseOperation.m; path = Classes/OperationsFlow/BaseOperation/HWBaseOperation.m; sourceTree = "<group>"; };
		586AC8B11D61F86800685CBA /* HWAuthTypes.h */ = {isa = PBXFileReference; fileEncoding = 4; lastKnownFileType = sourcecode.c.h; name = HWAuthTypes.h; path = HealthyWay/Classes/OperationsFlow/Tasks/AuthorizationTask/AuthTypes/HWAuthTypes.h; sourceTree = SOURCE_ROOT; };
		587861291D22C2A800CD0179 /* HealthyWay-PrefixHeader.pch */ = {isa = PBXFileReference; lastKnownFileType = sourcecode.c.h; name = "HealthyWay-PrefixHeader.pch"; path = "PrecompiledHeader/HealthyWay-PrefixHeader.pch"; sourceTree = "<group>"; };
		58A1FADD1D6C418E007EFB90 /* HWBaseDataSource.h */ = {isa = PBXFileReference; fileEncoding = 4; lastKnownFileType = sourcecode.c.h; name = HWBaseDataSource.h; path = Classes/DataSources/BaseDataSource/HWBaseDataSource.h; sourceTree = "<group>"; };
		58A1FADE1D6C418E007EFB90 /* HWBaseDataSource.m */ = {isa = PBXFileReference; fileEncoding = 4; lastKnownFileType = sourcecode.c.objc; name = HWBaseDataSource.m; path = Classes/DataSources/BaseDataSource/HWBaseDataSource.m; sourceTree = "<group>"; };
		58A1FAE21D6C5EE9007EFB90 /* NSData+Base64.h */ = {isa = PBXFileReference; fileEncoding = 4; lastKnownFileType = sourcecode.c.h; name = "NSData+Base64.h"; path = "Classes/Categories/NSData/NSData+Base64/NSData+Base64.h"; sourceTree = "<group>"; };
		58A1FAE31D6C5EE9007EFB90 /* NSData+Base64.m */ = {isa = PBXFileReference; fileEncoding = 4; lastKnownFileType = sourcecode.c.objc; name = "NSData+Base64.m"; path = "Classes/Categories/NSData/NSData+Base64/NSData+Base64.m"; sourceTree = "<group>"; };
		58A2A79E1D4F859E006DBC38 /* HWKeychainHandler.h */ = {isa = PBXFileReference; fileEncoding = 4; lastKnownFileType = sourcecode.c.h; name = HWKeychainHandler.h; path = Classes/Services/Keychain/HWKeychainHandler.h; sourceTree = "<group>"; };
		58A2A79F1D4F859E006DBC38 /* HWKeychainHandler.m */ = {isa = PBXFileReference; fileEncoding = 4; lastKnownFileType = sourcecode.c.objc; name = HWKeychainHandler.m; path = Classes/Services/Keychain/HWKeychainHandler.m; sourceTree = "<group>"; };
		58A2A7A21D4F88D9006DBC38 /* Constants.h */ = {isa = PBXFileReference; lastKnownFileType = sourcecode.c.h; name = Constants.h; path = Constants/Constants.h; sourceTree = "<group>"; };
		58A2A7A91D4F938E006DBC38 /* UIView+MakeFromXib.h */ = {isa = PBXFileReference; fileEncoding = 4; lastKnownFileType = sourcecode.c.h; name = "UIView+MakeFromXib.h"; path = "Classes/Categories/UIView/UIView+MakeFromXib/UIView+MakeFromXib.h"; sourceTree = "<group>"; };
		58A2A7AA1D4F938E006DBC38 /* UIView+MakeFromXib.m */ = {isa = PBXFileReference; fileEncoding = 4; lastKnownFileType = sourcecode.c.objc; name = "UIView+MakeFromXib.m"; path = "Classes/Categories/UIView/UIView+MakeFromXib/UIView+MakeFromXib.m"; sourceTree = "<group>"; };
		58B305461D508D1A0011F405 /* HWBaseViewController.h */ = {isa = PBXFileReference; fileEncoding = 4; lastKnownFileType = sourcecode.c.h; name = HWBaseViewController.h; path = Classes/MVC/ViewControllers/BaseViewController/HWBaseViewController.h; sourceTree = "<group>"; };
		58B305471D508D1A0011F405 /* HWBaseViewController.m */ = {isa = PBXFileReference; fileEncoding = 4; lastKnownFileType = sourcecode.c.objc; name = HWBaseViewController.m; path = Classes/MVC/ViewControllers/BaseViewController/HWBaseViewController.m; sourceTree = "<group>"; };
		58B305491D508D280011F405 /* HWBaseNavigationController.h */ = {isa = PBXFileReference; fileEncoding = 4; lastKnownFileType = sourcecode.c.h; name = HWBaseNavigationController.h; path = Classes/MVC/ViewControllers/BaseNavigationController/HWBaseNavigationController.h; sourceTree = "<group>"; };
		58B3054A1D508D280011F405 /* HWBaseNavigationController.m */ = {isa = PBXFileReference; fileEncoding = 4; lastKnownFileType = sourcecode.c.objc; name = HWBaseNavigationController.m; path = Classes/MVC/ViewControllers/BaseNavigationController/HWBaseNavigationController.m; sourceTree = "<group>"; };
		58B3054C1D508D380011F405 /* HWBaseKeyboardHandlerViewController.h */ = {isa = PBXFileReference; fileEncoding = 4; lastKnownFileType = sourcecode.c.h; name = HWBaseKeyboardHandlerViewController.h; path = Classes/MVC/ViewControllers/BaseKeyboardHandlerViewController/HWBaseKeyboardHandlerViewController.h; sourceTree = "<group>"; };
		58B3054D1D508D380011F405 /* HWBaseKeyboardHandlerViewController.m */ = {isa = PBXFileReference; fileEncoding = 4; lastKnownFileType = sourcecode.c.objc; name = HWBaseKeyboardHandlerViewController.m; path = Classes/MVC/ViewControllers/BaseKeyboardHandlerViewController/HWBaseKeyboardHandlerViewController.m; sourceTree = "<group>"; };
		58B3054F1D508D460011F405 /* AuthStoryBoard.storyboard */ = {isa = PBXFileReference; fileEncoding = 4; lastKnownFileType = file.storyboard; name = AuthStoryBoard.storyboard; path = Classes/MVC/ViewControllers/Authentication/AuthStoryBoard.storyboard; sourceTree = "<group>"; };
		58B305511D508D550011F405 /* HWAutologinViewController.h */ = {isa = PBXFileReference; fileEncoding = 4; lastKnownFileType = sourcecode.c.h; name = HWAutologinViewController.h; path = Classes/MVC/ViewControllers/Authentication/AutologinViewController/HWAutologinViewController.h; sourceTree = "<group>"; };
		58B305521D508D550011F405 /* HWAutologinViewController.m */ = {isa = PBXFileReference; fileEncoding = 4; lastKnownFileType = sourcecode.c.objc; name = HWAutologinViewController.m; path = Classes/MVC/ViewControllers/Authentication/AutologinViewController/HWAutologinViewController.m; sourceTree = "<group>"; };
		58B305541D508D690011F405 /* HWAuthorizationViewController.h */ = {isa = PBXFileReference; fileEncoding = 4; lastKnownFileType = sourcecode.c.h; name = HWAuthorizationViewController.h; path = Classes/MVC/ViewControllers/Authentication/AuthorizationViewController/HWAuthorizationViewController.h; sourceTree = "<group>"; };
		58B305551D508D690011F405 /* HWAuthorizationViewController.m */ = {isa = PBXFileReference; fileEncoding = 4; lastKnownFileType = sourcecode.c.objc; name = HWAuthorizationViewController.m; path = Classes/MVC/ViewControllers/Authentication/AuthorizationViewController/HWAuthorizationViewController.m; sourceTree = "<group>"; };
		58B305571D508D840011F405 /* UserProfileStoryboard.storyboard */ = {isa = PBXFileReference; fileEncoding = 4; lastKnownFileType = file.storyboard; name = UserProfileStoryboard.storyboard; path = Classes/MVC/ViewControllers/UserAccountInformation/UserProfileStoryboard.storyboard; sourceTree = "<group>"; };
		58B305591D508D950011F405 /* HWCreateUserProfileContainerController.h */ = {isa = PBXFileReference; fileEncoding = 4; lastKnownFileType = sourcecode.c.h; name = HWCreateUserProfileContainerController.h; path = Classes/MVC/ViewControllers/UserAccountInformation/CreateUserProfileContainerController/HWCreateUserProfileContainerController.h; sourceTree = "<group>"; };
		58B3055A1D508D950011F405 /* HWCreateUserProfileContainerController.m */ = {isa = PBXFileReference; fileEncoding = 4; lastKnownFileType = sourcecode.c.objc; name = HWCreateUserProfileContainerController.m; path = Classes/MVC/ViewControllers/UserAccountInformation/CreateUserProfileContainerController/HWCreateUserProfileContainerController.m; sourceTree = "<group>"; };
		58B3055C1D508DA60011F405 /* HWUserProfileController.h */ = {isa = PBXFileReference; fileEncoding = 4; lastKnownFileType = sourcecode.c.h; name = HWUserProfileController.h; path = Classes/MVC/ViewControllers/UserAccountInformation/UserProfileController/HWUserProfileController.h; sourceTree = "<group>"; };
		58B3055D1D508DA60011F405 /* HWUserProfileController.m */ = {isa = PBXFileReference; fileEncoding = 4; lastKnownFileType = sourcecode.c.objc; name = HWUserProfileController.m; path = Classes/MVC/ViewControllers/UserAccountInformation/UserProfileController/HWUserProfileController.m; sourceTree = "<group>"; };
		58B3055E1D508DA60011F405 /* HWUserProfileController.xib */ = {isa = PBXFileReference; fileEncoding = 4; lastKnownFileType = file.xib; name = HWUserProfileController.xib; path = Classes/MVC/ViewControllers/UserAccountInformation/UserProfileController/HWUserProfileController.xib; sourceTree = "<group>"; };
		58B305611D508DC40011F405 /* HWForgotPasswordView.h */ = {isa = PBXFileReference; fileEncoding = 4; lastKnownFileType = sourcecode.c.h; name = HWForgotPasswordView.h; path = Classes/MVC/Views/Auth/ForgotPasswordView/HWForgotPasswordView.h; sourceTree = "<group>"; };
		58B305621D508DC40011F405 /* HWForgotPasswordView.m */ = {isa = PBXFileReference; fileEncoding = 4; lastKnownFileType = sourcecode.c.objc; name = HWForgotPasswordView.m; path = Classes/MVC/Views/Auth/ForgotPasswordView/HWForgotPasswordView.m; sourceTree = "<group>"; };
		58B305631D508DC40011F405 /* HWForgotPasswordView.xib */ = {isa = PBXFileReference; fileEncoding = 4; lastKnownFileType = file.xib; name = HWForgotPasswordView.xib; path = Classes/MVC/Views/Auth/ForgotPasswordView/HWForgotPasswordView.xib; sourceTree = "<group>"; };
		58B305681D508DD10011F405 /* HWSignUpView.xib */ = {isa = PBXFileReference; fileEncoding = 4; lastKnownFileType = file.xib; name = HWSignUpView.xib; path = Classes/MVC/Views/Auth/SignUpView/HWSignUpView.xib; sourceTree = "<group>"; };
		58B3056B1D508DE00011F405 /* HWSignInView.h */ = {isa = PBXFileReference; fileEncoding = 4; lastKnownFileType = sourcecode.c.h; name = HWSignInView.h; path = Classes/MVC/Views/Auth/SignInView/HWSignInView.h; sourceTree = "<group>"; };
		58B3056C1D508DE00011F405 /* HWSignInView.m */ = {isa = PBXFileReference; fileEncoding = 4; lastKnownFileType = sourcecode.c.objc; name = HWSignInView.m; path = Classes/MVC/Views/Auth/SignInView/HWSignInView.m; sourceTree = "<group>"; };
		58B3056D1D508DE00011F405 /* HWSignInView.xib */ = {isa = PBXFileReference; fileEncoding = 4; lastKnownFileType = file.xib; name = HWSignInView.xib; path = Classes/MVC/Views/Auth/SignInView/HWSignInView.xib; sourceTree = "<group>"; };
		58B305701D508DF90011F405 /* HWCredentials.h */ = {isa = PBXFileReference; fileEncoding = 4; lastKnownFileType = sourcecode.c.h; name = HWCredentials.h; path = Classes/MVC/Models/Credentials/HWCredentials.h; sourceTree = "<group>"; };
		58B305711D508DF90011F405 /* HWCredentials.m */ = {isa = PBXFileReference; fileEncoding = 4; lastKnownFileType = sourcecode.c.objc; name = HWCredentials.m; path = Classes/MVC/Models/Credentials/HWCredentials.m; sourceTree = "<group>"; };
		58B4572D1D5E3B87005ED79C /* HWFriendsViewController.h */ = {isa = PBXFileReference; fileEncoding = 4; lastKnownFileType = sourcecode.c.h; name = HWFriendsViewController.h; path = Classes/MVC/ViewControllers/TabBarComponents/FriendsFlow/FriendsViewController/HWFriendsViewController.h; sourceTree = "<group>"; };
		58B4572E1D5E3B87005ED79C /* HWFriendsViewController.m */ = {isa = PBXFileReference; fileEncoding = 4; lastKnownFileType = sourcecode.c.objc; name = HWFriendsViewController.m; path = Classes/MVC/ViewControllers/TabBarComponents/FriendsFlow/FriendsViewController/HWFriendsViewController.m; sourceTree = "<group>"; };
		58C727621D23D0C000F5F85D /* HWMacros.h */ = {isa = PBXFileReference; fileEncoding = 4; lastKnownFileType = sourcecode.c.h; name = HWMacros.h; path = Macros/HWMacros.h; sourceTree = "<group>"; };
		58C727671D23D13400F5F85D /* HWAlertService.h */ = {isa = PBXFileReference; fileEncoding = 4; lastKnownFileType = sourcecode.c.h; name = HWAlertService.h; path = Classes/Services/AlertService/HWAlertService.h; sourceTree = "<group>"; };
		58C727681D23D13400F5F85D /* HWAlertService.m */ = {isa = PBXFileReference; fileEncoding = 4; lastKnownFileType = sourcecode.c.objc; name = HWAlertService.m; path = Classes/Services/AlertService/HWAlertService.m; sourceTree = "<group>"; };
		58C7276E1D23D30A00F5F85D /* HWErrorHandler.h */ = {isa = PBXFileReference; fileEncoding = 4; lastKnownFileType = sourcecode.c.h; name = HWErrorHandler.h; path = Classes/Services/ErrorHandler/HWErrorHandler.h; sourceTree = "<group>"; };
		58C7276F1D23D30A00F5F85D /* HWErrorHandler.m */ = {isa = PBXFileReference; fileEncoding = 4; lastKnownFileType = sourcecode.c.objc; name = HWErrorHandler.m; path = Classes/Services/ErrorHandler/HWErrorHandler.m; sourceTree = "<group>"; };
		58C727731D23D37E00F5F85D /* NSString+JSONRepresentation.h */ = {isa = PBXFileReference; fileEncoding = 4; lastKnownFileType = sourcecode.c.h; name = "NSString+JSONRepresentation.h"; path = "Classes/Categories/NSString/NSString+JSONRepresentation/NSString+JSONRepresentation.h"; sourceTree = "<group>"; };
		58C727741D23D37E00F5F85D /* NSString+JSONRepresentation.m */ = {isa = PBXFileReference; fileEncoding = 4; lastKnownFileType = sourcecode.c.objc; name = "NSString+JSONRepresentation.m"; path = "Classes/Categories/NSString/NSString+JSONRepresentation/NSString+JSONRepresentation.m"; sourceTree = "<group>"; };
		58C727761D23D3BD00F5F85D /* HWValidator.h */ = {isa = PBXFileReference; fileEncoding = 4; lastKnownFileType = sourcecode.c.h; name = HWValidator.h; path = Classes/Services/Validator/HWValidator.h; sourceTree = "<group>"; };
		58C727771D23D3BD00F5F85D /* HWValidator.m */ = {isa = PBXFileReference; fileEncoding = 4; lastKnownFileType = sourcecode.c.objc; name = HWValidator.m; path = Classes/Services/Validator/HWValidator.m; sourceTree = "<group>"; };
		58D774231D22C83B00CEE186 /* GoogleService-Info.plist */ = {isa = PBXFileReference; fileEncoding = 4; lastKnownFileType = text.plist.xml; path = "GoogleService-Info.plist"; sourceTree = "<group>"; };
		58E337C11D22F42E00B3A280 /* HWBaseAppManager.h */ = {isa = PBXFileReference; fileEncoding = 4; lastKnownFileType = sourcecode.c.h; name = HWBaseAppManager.h; path = Classes/Managers/BaseAppManager/HWBaseAppManager.h; sourceTree = "<group>"; };
		58E337C21D22F42E00B3A280 /* HWBaseAppManager.m */ = {isa = PBXFileReference; fileEncoding = 4; lastKnownFileType = sourcecode.c.objc; name = HWBaseAppManager.m; path = Classes/Managers/BaseAppManager/HWBaseAppManager.m; sourceTree = "<group>"; };
		58FDB06B1D5C6EC000908ADC /* HWUserProfile.h */ = {isa = PBXFileReference; fileEncoding = 4; lastKnownFileType = sourcecode.c.h; name = HWUserProfile.h; path = Classes/Protocols/UserProfile/HWUserProfile.h; sourceTree = "<group>"; };
		58FDB09A1D5C995400908ADC /* SettingsBoard.storyboard */ = {isa = PBXFileReference; fileEncoding = 4; lastKnownFileType = file.storyboard; name = SettingsBoard.storyboard; path = Classes/MVC/ViewControllers/TabBarComponents/SettingsFlow/SettingsBoard.storyboard; sourceTree = "<group>"; };
		58FDB09C1D5C997000908ADC /* EditProfileBoard.storyboard */ = {isa = PBXFileReference; fileEncoding = 4; lastKnownFileType = file.storyboard; name = EditProfileBoard.storyboard; path = Classes/MVC/ViewControllers/TabBarComponents/EditProfileFlow/EditProfileBoard.storyboard; sourceTree = "<group>"; };
		58FDB09E1D5C998100908ADC /* MapBoard.storyboard */ = {isa = PBXFileReference; fileEncoding = 4; lastKnownFileType = file.storyboard; name = MapBoard.storyboard; path = Classes/MVC/ViewControllers/TabBarComponents/MapFlow/MapBoard.storyboard; sourceTree = "<group>"; };
		58FDB0A01D5C999200908ADC /* FriendsBoard.storyboard */ = {isa = PBXFileReference; fileEncoding = 4; lastKnownFileType = file.storyboard; name = FriendsBoard.storyboard; path = Classes/MVC/ViewControllers/TabBarComponents/FriendsFlow/FriendsBoard.storyboard; sourceTree = "<group>"; };
		58FDB0A21D5C99A400908ADC /* EventsBoard.storyboard */ = {isa = PBXFileReference; fileEncoding = 4; lastKnownFileType = file.storyboard; name = EventsBoard.storyboard; path = Classes/MVC/ViewControllers/TabBarComponents/EventsFlow/EventsBoard.storyboard; sourceTree = "<group>"; };
		BA484E84199F6DCBDAC57AFF /* libPods-HealthyWay.a */ = {isa = PBXFileReference; explicitFileType = archive.ar; includeInIndex = 0; path = "libPods-HealthyWay.a"; sourceTree = BUILT_PRODUCTS_DIR; };
/* End PBXFileReference section */

/* Begin PBXFrameworksBuildPhase section */
		580206131D1D368400349B32 /* Frameworks */ = {
			isa = PBXFrameworksBuildPhase;
			buildActionMask = 2147483647;
			files = (
				0E21C24B42EE3D4F591EC569 /* libPods-HealthyWay.a in Frameworks */,
			);
			runOnlyForDeploymentPostprocessing = 0;
		};
		5802062C1D1D368400349B32 /* Frameworks */ = {
			isa = PBXFrameworksBuildPhase;
			buildActionMask = 2147483647;
			files = (
			);
			runOnlyForDeploymentPostprocessing = 0;
		};
/* End PBXFrameworksBuildPhase section */

/* Begin PBXGroup section */
		0275D4CAB2CD3ED857631359 /* Pods */ = {
			isa = PBXGroup;
			children = (
				3CCE95E83D318FA9D7DFA3BC /* Pods-HealthyWay.debug.xcconfig */,
				0D6832D0B10F075E049BCAFE /* Pods-HealthyWay.release.xcconfig */,
			);
			name = Pods;
			sourceTree = "<group>";
		};
		44190E871D59273A00A8A4C1 /* OperationsFlow */ = {
			isa = PBXGroup;
			children = (
				586AC8A51D61CCB600685CBA /* HWTasks.h */,
				580C29511D5B2530009B5118 /* BaseOperation */,
				586AC8971D61C3AE00685CBA /* Tasks */,
				583F46ED1D5DAB710099C9E0 /* OperationsManager */,
				583F46E91D5DA9BD0099C9E0 /* OperationsFacade */,
			);
			name = OperationsFlow;
			sourceTree = "<group>";
		};
		446796461D5DE7290004DA1D /* SettingsFlowController */ = {
			isa = PBXGroup;
			children = (
				446796471D5DE77F0004DA1D /* HWSettingsFlowController.h */,
				446796481D5DE77F0004DA1D /* HWSettingsFlowController.m */,
			);
			name = SettingsFlowController;
			sourceTree = "<group>";
		};
		4467964A1D5E086B0004DA1D /* SettingsFlowTableViewController */ = {
			isa = PBXGroup;
			children = (
				4467964B1D5E091D0004DA1D /* HWSettingsFlowTableViewController.h */,
				4467964C1D5E091D0004DA1D /* HWSettingsFlowTableViewController.m */,
			);
			name = SettingsFlowTableViewController;
			sourceTree = "<group>";
		};
		4490E41E1D5B376100DFF882 /* ChooseFlowBoard */ = {
			isa = PBXGroup;
			children = (
				580C29721D5B5B84009B5118 /* ChooseFlowBoard.storyboard */,
				4490E4211D5B421A00DFF882 /* TabBarController */,
			);
			name = ChooseFlowBoard;
			sourceTree = "<group>";
		};
		4490E4211D5B421A00DFF882 /* TabBarController */ = {
			isa = PBXGroup;
			children = (
				4490E4221D5B42AF00DFF882 /* HWTabBarController.h */,
				4490E4231D5B42AF00DFF882 /* HWTabBarController.m */,
			);
			name = TabBarController;
			sourceTree = "<group>";
		};
		44930B461D54C098007A4D41 /* AuthView */ = {
			isa = PBXGroup;
			children = (
				44930B471D54C0FD007A4D41 /* HWBaseAuthView.h */,
				44930B481D54C0FD007A4D41 /* HWBaseAuthView.m */,
			);
			name = AuthView;
			sourceTree = "<group>";
		};
		44CE2ED01D64C87A0087FCD2 /* AddFriendsViewController */ = {
			isa = PBXGroup;
			children = (
				44CE2ED11D64C8FD0087FCD2 /* HWAddFriendsViewController.h */,
				44CE2ED21D64C8FD0087FCD2 /* HWAddFriendsViewController.m */,
			);
			name = AddFriendsViewController;
			sourceTree = "<group>";
		};
		44CE2ED41D64D07C0087FCD2 /* DataSources */ = {
			isa = PBXGroup;
			children = (
				58A1FADC1D6C4133007EFB90 /* BaseDataSource */,
				580C3FC61D6B494200CC3BA8 /* FriendsDataSource */,
				44CE2ED51D64D0810087FCD2 /* AddFriendsDataSource */,
			);
			name = DataSources;
			sourceTree = "<group>";
		};
		44CE2ED51D64D0810087FCD2 /* AddFriendsDataSource */ = {
			isa = PBXGroup;
			children = (
				580C3FCA1D6B4C9900CC3BA8 /* HWAddFriendsDataSource.h */,
				580C3FCB1D6B4C9900CC3BA8 /* HWAddFriendsDataSource.m */,
			);
			name = AddFriendsDataSource;
			sourceTree = "<group>";
		};
		44CE2ED91D64D1010087FCD2 /* Cells */ = {
			isa = PBXGroup;
			children = (
				44CE2EDA1D64D1090087FCD2 /* FriendCell */,
			);
			name = Cells;
			sourceTree = "<group>";
		};
		44CE2EDA1D64D1090087FCD2 /* FriendCell */ = {
			isa = PBXGroup;
			children = (
				44CE2EDB1D64D12A0087FCD2 /* HWFriendCell.h */,
				44CE2EDC1D64D12A0087FCD2 /* HWFriendCell.m */,
				44CE2EDD1D64D12A0087FCD2 /* HWFriendCell.xib */,
			);
			name = FriendCell;
			sourceTree = "<group>";
		};
		5802060D1D1D368300349B32 = {
			isa = PBXGroup;
			children = (
				580206181D1D368400349B32 /* HealthyWay */,
				580206321D1D368400349B32 /* HealthyWayTests */,
				580206171D1D368400349B32 /* Products */,
				0275D4CAB2CD3ED857631359 /* Pods */,
				76BEEEF084423C44EC460BE6 /* Frameworks */,
			);
			sourceTree = "<group>";
		};
		580206171D1D368400349B32 /* Products */ = {
			isa = PBXGroup;
			children = (
				580206161D1D368400349B32 /* HealthyWay.app */,
				5802062F1D1D368400349B32 /* HealthyWayTests.xctest */,
			);
			name = Products;
			sourceTree = "<group>";
		};
		580206181D1D368400349B32 /* HealthyWay */ = {
			isa = PBXGroup;
			children = (
				581049FC1D1D3A4A0082FF4B /* Classes */,
				5802061C1D1D368400349B32 /* AppDelegate.h */,
				5802061D1D1D368400349B32 /* AppDelegate.m */,
				580206251D1D368400349B32 /* Assets.xcassets */,
				580206271D1D368400349B32 /* LaunchScreen.storyboard */,
				5802062A1D1D368400349B32 /* Info.plist */,
				58D774231D22C83B00CEE186 /* GoogleService-Info.plist */,
				580206191D1D368400349B32 /* Supporting Files */,
			);
			path = HealthyWay;
			sourceTree = "<group>";
		};
		580206191D1D368400349B32 /* Supporting Files */ = {
			isa = PBXGroup;
			children = (
				58A2A7A11D4F88C8006DBC38 /* Constants */,
				58C727611D23D0B200F5F85D /* Macros */,
				58104A0D1D1D3D400082FF4B /* PrecompiledHeader */,
				5802061A1D1D368400349B32 /* main.m */,
			);
			name = "Supporting Files";
			sourceTree = "<group>";
		};
		580206321D1D368400349B32 /* HealthyWayTests */ = {
			isa = PBXGroup;
			children = (
				580206331D1D368400349B32 /* HealthyWayTests.m */,
				580206351D1D368400349B32 /* Info.plist */,
			);
			path = HealthyWayTests;
			sourceTree = "<group>";
		};
		580C29511D5B2530009B5118 /* BaseOperation */ = {
			isa = PBXGroup;
			children = (
				586AC8AE1D61F85000685CBA /* HWBaseOperation.h */,
				586AC8AF1D61F85000685CBA /* HWBaseOperation.m */,
			);
			name = BaseOperation;
			sourceTree = "<group>";
		};
		580C29591D5B3D0A009B5118 /* UserProfile */ = {
			isa = PBXGroup;
			children = (
				580C295A1D5B3D10009B5118 /* BirthDatePicker */,
			);
			name = UserProfile;
			sourceTree = "<group>";
		};
		580C295A1D5B3D10009B5118 /* BirthDatePicker */ = {
			isa = PBXGroup;
			children = (
				580C295B1D5B3D2C009B5118 /* HWBirthDatePicker.h */,
				580C295C1D5B3D2C009B5118 /* HWBirthDatePicker.m */,
				580C295E1D5B3D3E009B5118 /* HWBirthDatePicker.xib */,
			);
			name = BirthDatePicker;
			sourceTree = "<group>";
		};
		580C29601D5B3FE3009B5118 /* CommonDateFormatter */ = {
			isa = PBXGroup;
			children = (
				580C29611D5B400A009B5118 /* HWCommonDateFormatter.h */,
				580C29621D5B400A009B5118 /* HWCommonDateFormatter.m */,
			);
			name = CommonDateFormatter;
			sourceTree = "<group>";
		};
		580C29641D5B41E3009B5118 /* UserProfileController+ImagePicker */ = {
			isa = PBXGroup;
			children = (
				580C29651D5B421A009B5118 /* HWUserProfileController+ImagePicker.h */,
				580C29661D5B421A009B5118 /* HWUserProfileController+ImagePicker.m */,
			);
			name = "UserProfileController+ImagePicker";
			sourceTree = "<group>";
		};
		580C29691D5B4279009B5118 /* UIImage */ = {
			isa = PBXGroup;
			children = (
				580C29781D5B7848009B5118 /* UIImage+EncodeToBase64 */,
				580C296A1D5B427C009B5118 /* UIImage+Scale */,
			);
			name = UIImage;
			sourceTree = "<group>";
		};
		580C296A1D5B427C009B5118 /* UIImage+Scale */ = {
			isa = PBXGroup;
			children = (
				580C296B1D5B42A2009B5118 /* UIImage+Scale.h */,
				580C296C1D5B42A2009B5118 /* UIImage+Scale.m */,
			);
			name = "UIImage+Scale";
			sourceTree = "<group>";
		};
		580C296E1D5B50DC009B5118 /* UserProfileData */ = {
			isa = PBXGroup;
			children = (
				580C29811D5B8105009B5118 /* UserProfileData+Mapping */,
				580C296F1D5B50F1009B5118 /* HWUserProfileData.h */,
				580C29701D5B50F1009B5118 /* HWUserProfileData.m */,
			);
			name = UserProfileData;
			sourceTree = "<group>";
		};
		580C29781D5B7848009B5118 /* UIImage+EncodeToBase64 */ = {
			isa = PBXGroup;
			children = (
				580C29791D5B7865009B5118 /* UIImage+EncodeToBase64.h */,
				580C297A1D5B7865009B5118 /* UIImage+EncodeToBase64.m */,
			);
			name = "UIImage+EncodeToBase64";
			sourceTree = "<group>";
		};
		580C297C1D5B788F009B5118 /* NSString+DecodeFromBase64 */ = {
			isa = PBXGroup;
			children = (
				580C297D1D5B78AF009B5118 /* NSString+DecodeFromBase64.h */,
				580C297E1D5B78AF009B5118 /* NSString+DecodeFromBase64.m */,
			);
			name = "NSString+DecodeFromBase64";
			sourceTree = "<group>";
		};
		580C29811D5B8105009B5118 /* UserProfileData+Mapping */ = {
			isa = PBXGroup;
			children = (
				580C29821D5B8126009B5118 /* HWUserProfileData+Mapping.h */,
				580C29831D5B8126009B5118 /* HWUserProfileData+Mapping.m */,
			);
			name = "UserProfileData+Mapping";
			sourceTree = "<group>";
		};
		580C3FB51D6B1C0100CC3BA8 /* Friends */ = {
			isa = PBXGroup;
			children = (
				580C3FB61D6B1C0300CC3BA8 /* CheckboxButton */,
			);
			name = Friends;
			sourceTree = "<group>";
		};
		580C3FB61D6B1C0300CC3BA8 /* CheckboxButton */ = {
			isa = PBXGroup;
			children = (
				580C3FB71D6B1CB800CC3BA8 /* HWCheckBoxButton.h */,
				580C3FB81D6B1CB800CC3BA8 /* HWCheckBoxButton.m */,
			);
			name = CheckboxButton;
			sourceTree = "<group>";
		};
		580C3FBA1D6B1E7D00CC3BA8 /* FetchRequestedFriendsTask */ = {
			isa = PBXGroup;
			children = (
				580C3FBB1D6B1E9800CC3BA8 /* HWFetchRequestedFriendsTask.h */,
				580C3FBC1D6B1E9800CC3BA8 /* HWFetchRequestedFriendsTask.m */,
			);
			name = FetchRequestedFriendsTask;
			sourceTree = "<group>";
		};
		580C3FBE1D6B1E9B00CC3BA8 /* FetchRequestingFriendsTask */ = {
			isa = PBXGroup;
			children = (
				580C3FBF1D6B1EB100CC3BA8 /* HWFetchRequestingFriendsTask.h */,
				580C3FC01D6B1EB100CC3BA8 /* HWFetchRequestingFriendsTask.m */,
			);
			name = FetchRequestingFriendsTask;
			sourceTree = "<group>";
		};
		580C3FC21D6B200100CC3BA8 /* SendOrDenyFriendsRequestTask */ = {
			isa = PBXGroup;
			children = (
				580C3FC31D6B203C00CC3BA8 /* HWSendOrDenyFriendsRequestTask.h */,
				580C3FC41D6B203C00CC3BA8 /* HWSendOrDenyFriendsRequestTask.m */,
			);
			name = SendOrDenyFriendsRequestTask;
			sourceTree = "<group>";
		};
		580C3FC61D6B494200CC3BA8 /* FriendsDataSource */ = {
			isa = PBXGroup;
			children = (
				580C3FC71D6B496000CC3BA8 /* HWFriendsDataSource.h */,
				580C3FC81D6B496000CC3BA8 /* HWFriendsDataSource.m */,
			);
			name = FriendsDataSource;
			sourceTree = "<group>";
		};
		581049FC1D1D3A4A0082FF4B /* Classes */ = {
			isa = PBXGroup;
			children = (
				44CE2ED91D64D1010087FCD2 /* Cells */,
				44CE2ED41D64D07C0087FCD2 /* DataSources */,
				44190E871D59273A00A8A4C1 /* OperationsFlow */,
				58E337C41D22F64800B3A280 /* HelperClasses */,
				58E337BF1D22F3E200B3A280 /* Managers */,
				58104A051D1D3AAE0082FF4B /* Services */,
				58104A041D1D3AA00082FF4B /* Protocols */,
				58104A031D1D3A9C0082FF4B /* Categories */,
				58104A021D1D3A970082FF4B /* Networking */,
				581049FD1D1D3A550082FF4B /* MVC */,
			);
			name = Classes;
			sourceTree = "<group>";
		};
		581049FD1D1D3A550082FF4B /* MVC */ = {
			isa = PBXGroup;
			children = (
				58B305441D508BD30011F405 /* ViewControllers */,
				581049FF1D1D3A6F0082FF4B /* Views */,
				581049FE1D1D3A6A0082FF4B /* Models */,
			);
			name = MVC;
			sourceTree = "<group>";
		};
		581049FE1D1D3A6A0082FF4B /* Models */ = {
			isa = PBXGroup;
			children = (
				580C296E1D5B50DC009B5118 /* UserProfileData */,
				58A2A79A1D4F83BE006DBC38 /* Credentials */,
			);
			name = Models;
			sourceTree = "<group>";
		};
		581049FF1D1D3A6F0082FF4B /* Views */ = {
			isa = PBXGroup;
			children = (
				580C3FB51D6B1C0100CC3BA8 /* Friends */,
				580C29591D5B3D0A009B5118 /* UserProfile */,
				58B305451D508C170011F405 /* Auth */,
			);
			name = Views;
			sourceTree = "<group>";
		};
		58104A021D1D3A970082FF4B /* Networking */ = {
			isa = PBXGroup;
			children = (
			);
			name = Networking;
			sourceTree = "<group>";
		};
		58104A031D1D3A9C0082FF4B /* Categories */ = {
			isa = PBXGroup;
			children = (
				58A1FAE01D6C5ED6007EFB90 /* NSData */,
				580C29691D5B4279009B5118 /* UIImage */,
				5810FF0C1D58A99800AF5C96 /* CAAnimation */,
				58A2A7A71D4F932E006DBC38 /* UIView */,
				58C727711D23D36900F5F85D /* NSString */,
			);
			name = Categories;
			sourceTree = "<group>";
		};
		58104A041D1D3AA00082FF4B /* Protocols */ = {
			isa = PBXGroup;
			children = (
				58FDB06A1D5C6EAB00908ADC /* UserProfile */,
			);
			name = Protocols;
			sourceTree = "<group>";
		};
		58104A051D1D3AAE0082FF4B /* Services */ = {
			isa = PBXGroup;
			children = (
				583F47291D5E061C0099C9E0 /* UserProfileService */,
				583F47251D5DF98A0099C9E0 /* AuthorizationService */,
				58C727661D23D10A00F5F85D /* Keychain */,
				58C727651D23D10600F5F85D /* Validator */,
				58C727641D23D0FF00F5F85D /* ErrorHandler */,
				58C727631D23D0F800F5F85D /* AlertService */,
			);
			name = Services;
			sourceTree = "<group>";
		};
		58104A061D1D3CBB0082FF4B /* Authentication */ = {
			isa = PBXGroup;
			children = (
				58B3054F1D508D460011F405 /* AuthStoryBoard.storyboard */,
				58C727901D23DEAE00F5F85D /* AutologinViewController */,
				58104A0E1D1D3D9C0082FF4B /* AuthorizationViewController */,
			);
			name = Authentication;
			sourceTree = "<group>";
		};
		58104A091D1D3CF70082FF4B /* BaseViewController */ = {
			isa = PBXGroup;
			children = (
				58B305461D508D1A0011F405 /* HWBaseViewController.h */,
				58B305471D508D1A0011F405 /* HWBaseViewController.m */,
			);
			name = BaseViewController;
			sourceTree = "<group>";
		};
		58104A0D1D1D3D400082FF4B /* PrecompiledHeader */ = {
			isa = PBXGroup;
			children = (
				587861291D22C2A800CD0179 /* HealthyWay-PrefixHeader.pch */,
			);
			name = PrecompiledHeader;
			sourceTree = "<group>";
		};
		58104A0E1D1D3D9C0082FF4B /* AuthorizationViewController */ = {
			isa = PBXGroup;
			children = (
				5810FF081D589FA800AF5C96 /* AuthorizationViewController+AuthViewTransitionSubtype */,
				58B305541D508D690011F405 /* HWAuthorizationViewController.h */,
				58B305551D508D690011F405 /* HWAuthorizationViewController.m */,
			);
			name = AuthorizationViewController;
			sourceTree = "<group>";
		};
		5810FF081D589FA800AF5C96 /* AuthorizationViewController+AuthViewTransitionSubtype */ = {
			isa = PBXGroup;
			children = (
				5810FF091D589FEA00AF5C96 /* HWAuthorizationViewController+AuthViewTransitionSubtype.h */,
				5810FF0A1D589FEA00AF5C96 /* HWAuthorizationViewController+AuthViewTransitionSubtype.m */,
			);
			name = "AuthorizationViewController+AuthViewTransitionSubtype";
			sourceTree = "<group>";
		};
		5810FF0C1D58A99800AF5C96 /* CAAnimation */ = {
			isa = PBXGroup;
			children = (
				5810FF0D1D58A99C00AF5C96 /* CAAnimation+CompletionBlock */,
			);
			name = CAAnimation;
			sourceTree = "<group>";
		};
		5810FF0D1D58A99C00AF5C96 /* CAAnimation+CompletionBlock */ = {
			isa = PBXGroup;
			children = (
				5810FF0E1D58A9C500AF5C96 /* CAAnimation+CompletionBlock.h */,
				5810FF0F1D58A9C500AF5C96 /* CAAnimation+CompletionBlock.m */,
			);
			name = "CAAnimation+CompletionBlock";
			sourceTree = "<group>";
		};
		5810FF121D58CC9700AF5C96 /* NSString+ErrorString */ = {
			isa = PBXGroup;
			children = (
				5810FF131D58CCC300AF5C96 /* NSString+ErrorString.h */,
				5810FF141D58CCC300AF5C96 /* NSString+ErrorString.m */,
			);
			name = "NSString+ErrorString";
			sourceTree = "<group>";
		};
		583F46E91D5DA9BD0099C9E0 /* OperationsFacade */ = {
			isa = PBXGroup;
			children = (
				583F47221D5DF97C0099C9E0 /* HWOperationsFacade.h */,
				583F47231D5DF97C0099C9E0 /* HWOperationsFacade.m */,
			);
			name = OperationsFacade;
			sourceTree = "<group>";
		};
		583F46ED1D5DAB710099C9E0 /* OperationsManager */ = {
			isa = PBXGroup;
			children = (
				583F471F1D5DF9740099C9E0 /* HWOperationsManager.h */,
				583F47201D5DF9740099C9E0 /* HWOperationsManager.m */,
			);
			name = OperationsManager;
			sourceTree = "<group>";
		};
		583F47071D5DCD880099C9E0 /* AuthTypes */ = {
			isa = PBXGroup;
			children = (
				586AC8B11D61F86800685CBA /* HWAuthTypes.h */,
			);
			name = AuthTypes;
			path = Classes/Operations/AuthorizationOperation/AuthTypes;
			sourceTree = "<group>";
		};
		583F47251D5DF98A0099C9E0 /* AuthorizationService */ = {
			isa = PBXGroup;
			children = (
				583F47261D5DF9A30099C9E0 /* HWAuthorizationService.h */,
				583F47271D5DF9A30099C9E0 /* HWAuthorizationService.m */,
			);
			name = AuthorizationService;
			sourceTree = "<group>";
		};
		583F47291D5E061C0099C9E0 /* UserProfileService */ = {
			isa = PBXGroup;
			children = (
				583F472A1D5E06300099C9E0 /* HWUserProfileService.h */,
				583F472B1D5E06300099C9E0 /* HWUserProfileService.m */,
			);
			name = UserProfileService;
			sourceTree = "<group>";
		};
		586AC8971D61C3AE00685CBA /* Tasks */ = {
			isa = PBXGroup;
			children = (
				580C3FC21D6B200100CC3BA8 /* SendOrDenyFriendsRequestTask */,
				580C3FBE1D6B1E9B00CC3BA8 /* FetchRequestingFriendsTask */,
				580C3FBA1D6B1E7D00CC3BA8 /* FetchRequestedFriendsTask */,
				586AC8A71D61CE6900685CBA /* CreateUpdateUserProfileTask */,
				586AC8A61D61CE6300685CBA /* AuthorizationTask */,
				586AC8A11D61C9B500685CBA /* FetchUsersTask */,
				586AC89D1D61C79E00685CBA /* AutologinTask */,
				586AC8981D61C3C700685CBA /* BaseTask */,
			);
			name = Tasks;
			sourceTree = "<group>";
		};
		586AC8981D61C3C700685CBA /* BaseTask */ = {
			isa = PBXGroup;
			children = (
				586AC8991D61C3E200685CBA /* HWBaseTask.h */,
				586AC89A1D61C3E200685CBA /* HWBaseTask.m */,
				586AC89C1D61C64800685CBA /* HWTask.h */,
			);
			name = BaseTask;
			sourceTree = "<group>";
		};
		586AC89D1D61C79E00685CBA /* AutologinTask */ = {
			isa = PBXGroup;
			children = (
				586AC89E1D61C7C000685CBA /* HWAutologinTask.h */,
				586AC89F1D61C7C000685CBA /* HWAutologinTask.m */,
			);
			name = AutologinTask;
			sourceTree = "<group>";
		};
		586AC8A11D61C9B500685CBA /* FetchUsersTask */ = {
			isa = PBXGroup;
			children = (
				586AC8A21D61C9D000685CBA /* HWFetchUsersTask.h */,
				586AC8A31D61C9D000685CBA /* HWFetchUsersTask.m */,
			);
			name = FetchUsersTask;
			sourceTree = "<group>";
		};
		586AC8A61D61CE6300685CBA /* AuthorizationTask */ = {
			isa = PBXGroup;
			children = (
				583F47071D5DCD880099C9E0 /* AuthTypes */,
				586AC8AB1D61E8FE00685CBA /* HWAuthorizationTask.h */,
				586AC8AC1D61E8FE00685CBA /* HWAuthorizationTask.m */,
			);
			name = AuthorizationTask;
			sourceTree = "<group>";
		};
		586AC8A71D61CE6900685CBA /* CreateUpdateUserProfileTask */ = {
			isa = PBXGroup;
			children = (
				586AC8A81D61DFB100685CBA /* HWCreateUpdateUserProfileTask.h */,
				586AC8A91D61DFB100685CBA /* HWCreateUpdateUserProfileTask.m */,
			);
			name = CreateUpdateUserProfileTask;
			sourceTree = "<group>";
		};
		58A1FADC1D6C4133007EFB90 /* BaseDataSource */ = {
			isa = PBXGroup;
			children = (
				58A1FADD1D6C418E007EFB90 /* HWBaseDataSource.h */,
				58A1FADE1D6C418E007EFB90 /* HWBaseDataSource.m */,
			);
			name = BaseDataSource;
			sourceTree = "<group>";
		};
		58A1FAE01D6C5ED6007EFB90 /* NSData */ = {
			isa = PBXGroup;
			children = (
				58A1FAE11D6C5ED8007EFB90 /* NSData+Base64 */,
			);
			name = NSData;
			sourceTree = "<group>";
		};
		58A1FAE11D6C5ED8007EFB90 /* NSData+Base64 */ = {
			isa = PBXGroup;
			children = (
				58A1FAE21D6C5EE9007EFB90 /* NSData+Base64.h */,
				58A1FAE31D6C5EE9007EFB90 /* NSData+Base64.m */,
			);
			name = "NSData+Base64";
			sourceTree = "<group>";
		};
		58A2A7851D4F5454006DBC38 /* SignInView */ = {
			isa = PBXGroup;
			children = (
				58B3056B1D508DE00011F405 /* HWSignInView.h */,
				58B3056C1D508DE00011F405 /* HWSignInView.m */,
				58B3056D1D508DE00011F405 /* HWSignInView.xib */,
			);
			name = SignInView;
			sourceTree = "<group>";
		};
		58A2A7861D4F5462006DBC38 /* SignUpView */ = {
			isa = PBXGroup;
			children = (
				44930B4A1D54DF8B007A4D41 /* HWSignUpView.h */,
				44930B4B1D54DF8B007A4D41 /* HWSignUpView.m */,
				58B305681D508DD10011F405 /* HWSignUpView.xib */,
			);
			name = SignUpView;
			sourceTree = "<group>";
		};
		58A2A7871D4F5467006DBC38 /* ForgotPasswordView */ = {
			isa = PBXGroup;
			children = (
				58B305611D508DC40011F405 /* HWForgotPasswordView.h */,
				58B305621D508DC40011F405 /* HWForgotPasswordView.m */,
				58B305631D508DC40011F405 /* HWForgotPasswordView.xib */,
			);
			name = ForgotPasswordView;
			sourceTree = "<group>";
		};
		58A2A79A1D4F83BE006DBC38 /* Credentials */ = {
			isa = PBXGroup;
			children = (
				58B305701D508DF90011F405 /* HWCredentials.h */,
				58B305711D508DF90011F405 /* HWCredentials.m */,
			);
			name = Credentials;
			sourceTree = "<group>";
		};
		58A2A7A11D4F88C8006DBC38 /* Constants */ = {
			isa = PBXGroup;
			children = (
				58A2A7A21D4F88D9006DBC38 /* Constants.h */,
			);
			name = Constants;
			sourceTree = "<group>";
		};
		58A2A7A71D4F932E006DBC38 /* UIView */ = {
			isa = PBXGroup;
			children = (
				58A2A7A81D4F9330006DBC38 /* UIView+MakeFromXib */,
			);
			name = UIView;
			sourceTree = "<group>";
		};
		58A2A7A81D4F9330006DBC38 /* UIView+MakeFromXib */ = {
			isa = PBXGroup;
			children = (
				58A2A7A91D4F938E006DBC38 /* UIView+MakeFromXib.h */,
				58A2A7AA1D4F938E006DBC38 /* UIView+MakeFromXib.m */,
			);
			name = "UIView+MakeFromXib";
			sourceTree = "<group>";
		};
		58B305441D508BD30011F405 /* ViewControllers */ = {
			isa = PBXGroup;
			children = (
				4490E41E1D5B376100DFF882 /* ChooseFlowBoard */,
				58FDB0971D5C98B600908ADC /* TabBarComponents */,
				58104A091D1D3CF70082FF4B /* BaseViewController */,
				58C7276A1D23D15A00F5F85D /* BaseNavigationController */,
				58C7278C1D23DE0100F5F85D /* BaseKeyboardHandlerViewController */,
				58104A061D1D3CBB0082FF4B /* Authentication */,
				58C7277E1D23D86500F5F85D /* UserAccountInformation */,
			);
			name = ViewControllers;
			sourceTree = "<group>";
		};
		58B305451D508C170011F405 /* Auth */ = {
			isa = PBXGroup;
			children = (
				44930B4E1D54FAC8007A4D41 /* HWAuthViews.h */,
				44930B461D54C098007A4D41 /* AuthView */,
				58A2A7871D4F5467006DBC38 /* ForgotPasswordView */,
				58A2A7861D4F5462006DBC38 /* SignUpView */,
				58A2A7851D4F5454006DBC38 /* SignInView */,
			);
			name = Auth;
			sourceTree = "<group>";
		};
		58B4572C1D5E2D84005ED79C /* FriendsViewController */ = {
			isa = PBXGroup;
			children = (
				58B4572D1D5E3B87005ED79C /* HWFriendsViewController.h */,
				58B4572E1D5E3B87005ED79C /* HWFriendsViewController.m */,
			);
			name = FriendsViewController;
			sourceTree = "<group>";
		};
		58C727611D23D0B200F5F85D /* Macros */ = {
			isa = PBXGroup;
			children = (
				58C727621D23D0C000F5F85D /* HWMacros.h */,
			);
			name = Macros;
			sourceTree = "<group>";
		};
		58C727631D23D0F800F5F85D /* AlertService */ = {
			isa = PBXGroup;
			children = (
				58C727671D23D13400F5F85D /* HWAlertService.h */,
				58C727681D23D13400F5F85D /* HWAlertService.m */,
			);
			name = AlertService;
			sourceTree = "<group>";
		};
		58C727641D23D0FF00F5F85D /* ErrorHandler */ = {
			isa = PBXGroup;
			children = (
				58C7276E1D23D30A00F5F85D /* HWErrorHandler.h */,
				58C7276F1D23D30A00F5F85D /* HWErrorHandler.m */,
			);
			name = ErrorHandler;
			sourceTree = "<group>";
		};
		58C727651D23D10600F5F85D /* Validator */ = {
			isa = PBXGroup;
			children = (
				58C727761D23D3BD00F5F85D /* HWValidator.h */,
				58C727771D23D3BD00F5F85D /* HWValidator.m */,
			);
			name = Validator;
			sourceTree = "<group>";
		};
		58C727661D23D10A00F5F85D /* Keychain */ = {
			isa = PBXGroup;
			children = (
				58A2A79E1D4F859E006DBC38 /* HWKeychainHandler.h */,
				58A2A79F1D4F859E006DBC38 /* HWKeychainHandler.m */,
			);
			name = Keychain;
			sourceTree = "<group>";
		};
		58C7276A1D23D15A00F5F85D /* BaseNavigationController */ = {
			isa = PBXGroup;
			children = (
				58B305491D508D280011F405 /* HWBaseNavigationController.h */,
				58B3054A1D508D280011F405 /* HWBaseNavigationController.m */,
			);
			name = BaseNavigationController;
			sourceTree = "<group>";
		};
		58C727711D23D36900F5F85D /* NSString */ = {
			isa = PBXGroup;
			children = (
				580C297C1D5B788F009B5118 /* NSString+DecodeFromBase64 */,
				5810FF121D58CC9700AF5C96 /* NSString+ErrorString */,
				58C727721D23D36C00F5F85D /* NSString+JSONRepresentation */,
			);
			name = NSString;
			sourceTree = "<group>";
		};
		58C727721D23D36C00F5F85D /* NSString+JSONRepresentation */ = {
			isa = PBXGroup;
			children = (
				58C727731D23D37E00F5F85D /* NSString+JSONRepresentation.h */,
				58C727741D23D37E00F5F85D /* NSString+JSONRepresentation.m */,
			);
			name = "NSString+JSONRepresentation";
			sourceTree = "<group>";
		};
		58C7277E1D23D86500F5F85D /* UserAccountInformation */ = {
			isa = PBXGroup;
			children = (
				58B305571D508D840011F405 /* UserProfileStoryboard.storyboard */,
				58C727881D23DACB00F5F85D /* CreateUserProfileContainerController */,
				58C7277F1D23D87400F5F85D /* UserProfileController */,
			);
			name = UserAccountInformation;
			sourceTree = "<group>";
		};
		58C7277F1D23D87400F5F85D /* UserProfileController */ = {
			isa = PBXGroup;
			children = (
				580C29641D5B41E3009B5118 /* UserProfileController+ImagePicker */,
				58B3055C1D508DA60011F405 /* HWUserProfileController.h */,
				58B3055D1D508DA60011F405 /* HWUserProfileController.m */,
				58B3055E1D508DA60011F405 /* HWUserProfileController.xib */,
			);
			name = UserProfileController;
			sourceTree = "<group>";
		};
		58C727881D23DACB00F5F85D /* CreateUserProfileContainerController */ = {
			isa = PBXGroup;
			children = (
				58B305591D508D950011F405 /* HWCreateUserProfileContainerController.h */,
				58B3055A1D508D950011F405 /* HWCreateUserProfileContainerController.m */,
			);
			name = CreateUserProfileContainerController;
			sourceTree = "<group>";
		};
		58C7278C1D23DE0100F5F85D /* BaseKeyboardHandlerViewController */ = {
			isa = PBXGroup;
			children = (
				58B3054C1D508D380011F405 /* HWBaseKeyboardHandlerViewController.h */,
				58B3054D1D508D380011F405 /* HWBaseKeyboardHandlerViewController.m */,
			);
			name = BaseKeyboardHandlerViewController;
			sourceTree = "<group>";
		};
		58C727901D23DEAE00F5F85D /* AutologinViewController */ = {
			isa = PBXGroup;
			children = (
				58B305511D508D550011F405 /* HWAutologinViewController.h */,
				58B305521D508D550011F405 /* HWAutologinViewController.m */,
			);
			name = AutologinViewController;
			sourceTree = "<group>";
		};
		58E337BF1D22F3E200B3A280 /* Managers */ = {
			isa = PBXGroup;
			children = (
				58E337C01D22F41E00B3A280 /* BaseAppManager */,
			);
			name = Managers;
			sourceTree = "<group>";
		};
		58E337C01D22F41E00B3A280 /* BaseAppManager */ = {
			isa = PBXGroup;
			children = (
				58E337C11D22F42E00B3A280 /* HWBaseAppManager.h */,
				58E337C21D22F42E00B3A280 /* HWBaseAppManager.m */,
			);
			name = BaseAppManager;
			sourceTree = "<group>";
		};
		58E337C41D22F64800B3A280 /* HelperClasses */ = {
			isa = PBXGroup;
			children = (
				580C29601D5B3FE3009B5118 /* CommonDateFormatter */,
			);
			name = HelperClasses;
			sourceTree = "<group>";
		};
		58FDB06A1D5C6EAB00908ADC /* UserProfile */ = {
			isa = PBXGroup;
			children = (
				58FDB06B1D5C6EC000908ADC /* HWUserProfile.h */,
			);
			name = UserProfile;
			sourceTree = "<group>";
		};
		58FDB0941D5C989400908ADC /* EventsFlow */ = {
			isa = PBXGroup;
			children = (
				58FDB0A21D5C99A400908ADC /* EventsBoard.storyboard */,
			);
			name = EventsFlow;
			sourceTree = "<group>";
		};
		58FDB0951D5C989E00908ADC /* FriendsFlow */ = {
			isa = PBXGroup;
			children = (
				44CE2ED01D64C87A0087FCD2 /* AddFriendsViewController */,
				58B4572C1D5E2D84005ED79C /* FriendsViewController */,
				58FDB0A01D5C999200908ADC /* FriendsBoard.storyboard */,
			);
			name = FriendsFlow;
			sourceTree = "<group>";
		};
		58FDB0961D5C98B000908ADC /* MapFlow */ = {
			isa = PBXGroup;
			children = (
				58FDB09E1D5C998100908ADC /* MapBoard.storyboard */,
			);
			name = MapFlow;
			sourceTree = "<group>";
		};
		58FDB0971D5C98B600908ADC /* TabBarComponents */ = {
			isa = PBXGroup;
			children = (
				58FDB0991D5C98FC00908ADC /* SettingsFlow */,
				58FDB0981D5C98F600908ADC /* EditProfileFlow */,
				58FDB0961D5C98B000908ADC /* MapFlow */,
				58FDB0951D5C989E00908ADC /* FriendsFlow */,
				58FDB0941D5C989400908ADC /* EventsFlow */,
			);
			name = TabBarComponents;
			sourceTree = "<group>";
		};
		58FDB0981D5C98F600908ADC /* EditProfileFlow */ = {
			isa = PBXGroup;
			children = (
				58FDB09C1D5C997000908ADC /* EditProfileBoard.storyboard */,
			);
			name = EditProfileFlow;
			sourceTree = "<group>";
		};
		58FDB0991D5C98FC00908ADC /* SettingsFlow */ = {
			isa = PBXGroup;
			children = (
				58FDB09A1D5C995400908ADC /* SettingsBoard.storyboard */,
				446796461D5DE7290004DA1D /* SettingsFlowController */,
				4467964A1D5E086B0004DA1D /* SettingsFlowTableViewController */,
			);
			name = SettingsFlow;
			sourceTree = "<group>";
		};
		76BEEEF084423C44EC460BE6 /* Frameworks */ = {
			isa = PBXGroup;
			children = (
				BA484E84199F6DCBDAC57AFF /* libPods-HealthyWay.a */,
			);
			name = Frameworks;
			sourceTree = "<group>";
		};
/* End PBXGroup section */

/* Begin PBXNativeTarget section */
		580206151D1D368400349B32 /* HealthyWay */ = {
			isa = PBXNativeTarget;
			buildConfigurationList = 580206381D1D368400349B32 /* Build configuration list for PBXNativeTarget "HealthyWay" */;
			buildPhases = (
				9550D4007643155BE19F09F5 /* [CP] Check Pods Manifest.lock */,
				580206121D1D368400349B32 /* Sources */,
				580206131D1D368400349B32 /* Frameworks */,
				580206141D1D368400349B32 /* Resources */,
				495676B634E6C60E7975E1CE /* [CP] Embed Pods Frameworks */,
				5AFFAB00482334AFE2D86CAE /* [CP] Copy Pods Resources */,
			);
			buildRules = (
			);
			dependencies = (
			);
			name = HealthyWay;
			productName = HealthyWay;
			productReference = 580206161D1D368400349B32 /* HealthyWay.app */;
			productType = "com.apple.product-type.application";
		};
		5802062E1D1D368400349B32 /* HealthyWayTests */ = {
			isa = PBXNativeTarget;
			buildConfigurationList = 5802063B1D1D368400349B32 /* Build configuration list for PBXNativeTarget "HealthyWayTests" */;
			buildPhases = (
				5802062B1D1D368400349B32 /* Sources */,
				5802062C1D1D368400349B32 /* Frameworks */,
				5802062D1D1D368400349B32 /* Resources */,
			);
			buildRules = (
			);
			dependencies = (
				580206311D1D368400349B32 /* PBXTargetDependency */,
			);
			name = HealthyWayTests;
			productName = HealthyWayTests;
			productReference = 5802062F1D1D368400349B32 /* HealthyWayTests.xctest */;
			productType = "com.apple.product-type.bundle.unit-test";
		};
/* End PBXNativeTarget section */

/* Begin PBXProject section */
		5802060E1D1D368300349B32 /* Project object */ = {
			isa = PBXProject;
			attributes = {
				CLASSPREFIX = HW;
				LastUpgradeCheck = 0730;
				ORGANIZATIONNAME = Eugenity;
				TargetAttributes = {
					580206151D1D368400349B32 = {
						CreatedOnToolsVersion = 7.3;
					};
					5802062E1D1D368400349B32 = {
						CreatedOnToolsVersion = 7.3;
						TestTargetID = 580206151D1D368400349B32;
					};
				};
			};
			buildConfigurationList = 580206111D1D368300349B32 /* Build configuration list for PBXProject "HealthyWay" */;
			compatibilityVersion = "Xcode 3.2";
			developmentRegion = English;
			hasScannedForEncodings = 0;
			knownRegions = (
				en,
				Base,
			);
			mainGroup = 5802060D1D1D368300349B32;
			productRefGroup = 580206171D1D368400349B32 /* Products */;
			projectDirPath = "";
			projectRoot = "";
			targets = (
				580206151D1D368400349B32 /* HealthyWay */,
				5802062E1D1D368400349B32 /* HealthyWayTests */,
			);
		};
/* End PBXProject section */

/* Begin PBXResourcesBuildPhase section */
		580206141D1D368400349B32 /* Resources */ = {
			isa = PBXResourcesBuildPhase;
			buildActionMask = 2147483647;
			files = (
				58B305601D508DA60011F405 /* HWUserProfileController.xib in Resources */,
				58FDB0A11D5C999200908ADC /* FriendsBoard.storyboard in Resources */,
				58B305501D508D460011F405 /* AuthStoryBoard.storyboard in Resources */,
				580C295F1D5B3D3E009B5118 /* HWBirthDatePicker.xib in Resources */,
				580C29731D5B5B84009B5118 /* ChooseFlowBoard.storyboard in Resources */,
				58FDB09B1D5C995400908ADC /* SettingsBoard.storyboard in Resources */,
				58FDB09D1D5C997000908ADC /* EditProfileBoard.storyboard in Resources */,
				44CE2EDF1D64D12A0087FCD2 /* HWFriendCell.xib in Resources */,
				580206291D1D368400349B32 /* LaunchScreen.storyboard in Resources */,
				58D774241D22C83B00CEE186 /* GoogleService-Info.plist in Resources */,
				58FDB09F1D5C998100908ADC /* MapBoard.storyboard in Resources */,
				58FDB0A31D5C99A400908ADC /* EventsBoard.storyboard in Resources */,
				58B305651D508DC40011F405 /* HWForgotPasswordView.xib in Resources */,
				58B3056A1D508DD10011F405 /* HWSignUpView.xib in Resources */,
				580206261D1D368400349B32 /* Assets.xcassets in Resources */,
				58B3056F1D508DE00011F405 /* HWSignInView.xib in Resources */,
				58B305581D508D840011F405 /* UserProfileStoryboard.storyboard in Resources */,
			);
			runOnlyForDeploymentPostprocessing = 0;
		};
		5802062D1D1D368400349B32 /* Resources */ = {
			isa = PBXResourcesBuildPhase;
			buildActionMask = 2147483647;
			files = (
			);
			runOnlyForDeploymentPostprocessing = 0;
		};
/* End PBXResourcesBuildPhase section */

/* Begin PBXShellScriptBuildPhase section */
		495676B634E6C60E7975E1CE /* [CP] Embed Pods Frameworks */ = {
			isa = PBXShellScriptBuildPhase;
			buildActionMask = 2147483647;
			files = (
			);
			inputPaths = (
			);
			name = "[CP] Embed Pods Frameworks";
			outputPaths = (
			);
			runOnlyForDeploymentPostprocessing = 0;
			shellPath = /bin/sh;
			shellScript = "\"${SRCROOT}/Pods/Target Support Files/Pods-HealthyWay/Pods-HealthyWay-frameworks.sh\"\n";
			showEnvVarsInLog = 0;
		};
		5AFFAB00482334AFE2D86CAE /* [CP] Copy Pods Resources */ = {
			isa = PBXShellScriptBuildPhase;
			buildActionMask = 2147483647;
			files = (
			);
			inputPaths = (
			);
			name = "[CP] Copy Pods Resources";
			outputPaths = (
			);
			runOnlyForDeploymentPostprocessing = 0;
			shellPath = /bin/sh;
			shellScript = "\"${SRCROOT}/Pods/Target Support Files/Pods-HealthyWay/Pods-HealthyWay-resources.sh\"\n";
			showEnvVarsInLog = 0;
		};
		9550D4007643155BE19F09F5 /* [CP] Check Pods Manifest.lock */ = {
			isa = PBXShellScriptBuildPhase;
			buildActionMask = 2147483647;
			files = (
			);
			inputPaths = (
			);
			name = "[CP] Check Pods Manifest.lock";
			outputPaths = (
			);
			runOnlyForDeploymentPostprocessing = 0;
			shellPath = /bin/sh;
			shellScript = "diff \"${PODS_ROOT}/../Podfile.lock\" \"${PODS_ROOT}/Manifest.lock\" > /dev/null\nif [[ $? != 0 ]] ; then\n    cat << EOM\nerror: The sandbox is not in sync with the Podfile.lock. Run 'pod install' or update your CocoaPods installation.\nEOM\n    exit 1\nfi\n";
			showEnvVarsInLog = 0;
		};
/* End PBXShellScriptBuildPhase section */

/* Begin PBXSourcesBuildPhase section */
		580206121D1D368400349B32 /* Sources */ = {
			isa = PBXSourcesBuildPhase;
			buildActionMask = 2147483647;
			files = (
				44CE2EDE1D64D12A0087FCD2 /* HWFriendCell.m in Sources */,
				586AC8B01D61F85000685CBA /* HWBaseOperation.m in Sources */,
				586AC8A01D61C7C000685CBA /* HWAutologinTask.m in Sources */,
				58A1FAE41D6C5EE9007EFB90 /* NSData+Base64.m in Sources */,
				580C295D1D5B3D2C009B5118 /* HWBirthDatePicker.m in Sources */,
				58B3056E1D508DE00011F405 /* HWSignInView.m in Sources */,
				580C29631D5B400A009B5118 /* HWCommonDateFormatter.m in Sources */,
				580C29671D5B421A009B5118 /* HWUserProfileController+ImagePicker.m in Sources */,
				5810FF0B1D589FEA00AF5C96 /* HWAuthorizationViewController+AuthViewTransitionSubtype.m in Sources */,
				583F47211D5DF9740099C9E0 /* HWOperationsManager.m in Sources */,
				580C3FCC1D6B4C9900CC3BA8 /* HWAddFriendsDataSource.m in Sources */,
				586AC89B1D61C3E200685CBA /* HWBaseTask.m in Sources */,
				58C727701D23D30A00F5F85D /* HWErrorHandler.m in Sources */,
				5810FF101D58A9C500AF5C96 /* CAAnimation+CompletionBlock.m in Sources */,
				4490E4241D5B42AF00DFF882 /* HWTabBarController.m in Sources */,
				580C29711D5B50F1009B5118 /* HWUserProfileData.m in Sources */,
				583F47281D5DF9A30099C9E0 /* HWAuthorizationService.m in Sources */,
				580C3FC51D6B203C00CC3BA8 /* HWSendOrDenyFriendsRequestTask.m in Sources */,
				58B3055F1D508DA60011F405 /* HWUserProfileController.m in Sources */,
				58B305721D508DF90011F405 /* HWCredentials.m in Sources */,
				58B3054B1D508D280011F405 /* HWBaseNavigationController.m in Sources */,
				58B305531D508D550011F405 /* HWAutologinViewController.m in Sources */,
				58C727751D23D37E00F5F85D /* NSString+JSONRepresentation.m in Sources */,
				58C727691D23D13400F5F85D /* HWAlertService.m in Sources */,
				4467964D1D5E091D0004DA1D /* HWSettingsFlowTableViewController.m in Sources */,
				586AC8AD1D61E8FE00685CBA /* HWAuthorizationTask.m in Sources */,
				580C29841D5B8126009B5118 /* HWUserProfileData+Mapping.m in Sources */,
				44930B491D54C0FD007A4D41 /* HWBaseAuthView.m in Sources */,
				583F472C1D5E06300099C9E0 /* HWUserProfileService.m in Sources */,
				5802061E1D1D368400349B32 /* AppDelegate.m in Sources */,
				580C3FB91D6B1CB800CC3BA8 /* HWCheckBoxButton.m in Sources */,
				58B305641D508DC40011F405 /* HWForgotPasswordView.m in Sources */,
				58B3054E1D508D380011F405 /* HWBaseKeyboardHandlerViewController.m in Sources */,
				58E337C31D22F42E00B3A280 /* HWBaseAppManager.m in Sources */,
				5810FF151D58CCC300AF5C96 /* NSString+ErrorString.m in Sources */,
				580C3FC11D6B1EB100CC3BA8 /* HWFetchRequestingFriendsTask.m in Sources */,
				44CE2ED31D64C8FD0087FCD2 /* HWAddFriendsViewController.m in Sources */,
				580C297B1D5B7865009B5118 /* UIImage+EncodeToBase64.m in Sources */,
				5802061B1D1D368400349B32 /* main.m in Sources */,
				58B305561D508D690011F405 /* HWAuthorizationViewController.m in Sources */,
				586AC8A41D61C9D000685CBA /* HWFetchUsersTask.m in Sources */,
				580C3FBD1D6B1E9800CC3BA8 /* HWFetchRequestedFriendsTask.m in Sources */,
				58B305481D508D1A0011F405 /* HWBaseViewController.m in Sources */,
				58C727781D23D3BD00F5F85D /* HWValidator.m in Sources */,
				58A2A7A01D4F859E006DBC38 /* HWKeychainHandler.m in Sources */,
				580C3FC91D6B496000CC3BA8 /* HWFriendsDataSource.m in Sources */,
				586AC8AA1D61DFB100685CBA /* HWCreateUpdateUserProfileTask.m in Sources */,
				58A2A7AB1D4F938E006DBC38 /* UIView+MakeFromXib.m in Sources */,
				580C297F1D5B78AF009B5118 /* NSString+DecodeFromBase64.m in Sources */,
				583F47241D5DF97C0099C9E0 /* HWOperationsFacade.m in Sources */,
				58B3055B1D508D950011F405 /* HWCreateUserProfileContainerController.m in Sources */,
				58A1FADF1D6C418E007EFB90 /* HWBaseDataSource.m in Sources */,
				446796491D5DE77F0004DA1D /* HWSettingsFlowController.m in Sources */,
				580C296D1D5B42A2009B5118 /* UIImage+Scale.m in Sources */,
				58B4572F1D5E3B87005ED79C /* HWFriendsViewController.m in Sources */,
				44930B4C1D54DF8B007A4D41 /* HWSignUpView.m in Sources */,
			);
			runOnlyForDeploymentPostprocessing = 0;
		};
		5802062B1D1D368400349B32 /* Sources */ = {
			isa = PBXSourcesBuildPhase;
			buildActionMask = 2147483647;
			files = (
				580206341D1D368400349B32 /* HealthyWayTests.m in Sources */,
			);
			runOnlyForDeploymentPostprocessing = 0;
		};
/* End PBXSourcesBuildPhase section */

/* Begin PBXTargetDependency section */
		580206311D1D368400349B32 /* PBXTargetDependency */ = {
			isa = PBXTargetDependency;
			target = 580206151D1D368400349B32 /* HealthyWay */;
			targetProxy = 580206301D1D368400349B32 /* PBXContainerItemProxy */;
		};
/* End PBXTargetDependency section */

/* Begin PBXVariantGroup section */
		580206271D1D368400349B32 /* LaunchScreen.storyboard */ = {
			isa = PBXVariantGroup;
			children = (
				580206281D1D368400349B32 /* Base */,
			);
			name = LaunchScreen.storyboard;
			sourceTree = "<group>";
		};
/* End PBXVariantGroup section */

/* Begin XCBuildConfiguration section */
		580206361D1D368400349B32 /* Debug */ = {
			isa = XCBuildConfiguration;
			buildSettings = {
				ALWAYS_SEARCH_USER_PATHS = NO;
				CLANG_ANALYZER_NONNULL = YES;
				CLANG_CXX_LANGUAGE_STANDARD = "gnu++0x";
				CLANG_CXX_LIBRARY = "libc++";
				CLANG_ENABLE_MODULES = YES;
				CLANG_ENABLE_OBJC_ARC = YES;
				CLANG_WARN_BOOL_CONVERSION = YES;
				CLANG_WARN_CONSTANT_CONVERSION = YES;
				CLANG_WARN_DIRECT_OBJC_ISA_USAGE = YES_ERROR;
				CLANG_WARN_EMPTY_BODY = YES;
				CLANG_WARN_ENUM_CONVERSION = YES;
				CLANG_WARN_INT_CONVERSION = YES;
				CLANG_WARN_OBJC_ROOT_CLASS = YES_ERROR;
				CLANG_WARN_UNREACHABLE_CODE = YES;
				CLANG_WARN__DUPLICATE_METHOD_MATCH = YES;
				"CODE_SIGN_IDENTITY[sdk=iphoneos*]" = "iPhone Developer";
				COPY_PHASE_STRIP = NO;
				DEBUG_INFORMATION_FORMAT = dwarf;
				ENABLE_STRICT_OBJC_MSGSEND = YES;
				ENABLE_TESTABILITY = YES;
				GCC_C_LANGUAGE_STANDARD = gnu99;
				GCC_DYNAMIC_NO_PIC = NO;
				GCC_NO_COMMON_BLOCKS = YES;
				GCC_OPTIMIZATION_LEVEL = 0;
				GCC_PREPROCESSOR_DEFINITIONS = (
					"DEBUG=1",
					"$(inherited)",
				);
				GCC_WARN_64_TO_32_BIT_CONVERSION = YES;
				GCC_WARN_ABOUT_RETURN_TYPE = YES_ERROR;
				GCC_WARN_UNDECLARED_SELECTOR = YES;
				GCC_WARN_UNINITIALIZED_AUTOS = YES_AGGRESSIVE;
				GCC_WARN_UNUSED_FUNCTION = YES;
				GCC_WARN_UNUSED_VARIABLE = YES;
				IPHONEOS_DEPLOYMENT_TARGET = 9.3;
				MTL_ENABLE_DEBUG_INFO = YES;
				ONLY_ACTIVE_ARCH = YES;
				SDKROOT = iphoneos;
			};
			name = Debug;
		};
		580206371D1D368400349B32 /* Release */ = {
			isa = XCBuildConfiguration;
			buildSettings = {
				ALWAYS_SEARCH_USER_PATHS = NO;
				CLANG_ANALYZER_NONNULL = YES;
				CLANG_CXX_LANGUAGE_STANDARD = "gnu++0x";
				CLANG_CXX_LIBRARY = "libc++";
				CLANG_ENABLE_MODULES = YES;
				CLANG_ENABLE_OBJC_ARC = YES;
				CLANG_WARN_BOOL_CONVERSION = YES;
				CLANG_WARN_CONSTANT_CONVERSION = YES;
				CLANG_WARN_DIRECT_OBJC_ISA_USAGE = YES_ERROR;
				CLANG_WARN_EMPTY_BODY = YES;
				CLANG_WARN_ENUM_CONVERSION = YES;
				CLANG_WARN_INT_CONVERSION = YES;
				CLANG_WARN_OBJC_ROOT_CLASS = YES_ERROR;
				CLANG_WARN_UNREACHABLE_CODE = YES;
				CLANG_WARN__DUPLICATE_METHOD_MATCH = YES;
				"CODE_SIGN_IDENTITY[sdk=iphoneos*]" = "iPhone Developer";
				COPY_PHASE_STRIP = NO;
				DEBUG_INFORMATION_FORMAT = "dwarf-with-dsym";
				ENABLE_NS_ASSERTIONS = NO;
				ENABLE_STRICT_OBJC_MSGSEND = YES;
				GCC_C_LANGUAGE_STANDARD = gnu99;
				GCC_NO_COMMON_BLOCKS = YES;
				GCC_WARN_64_TO_32_BIT_CONVERSION = YES;
				GCC_WARN_ABOUT_RETURN_TYPE = YES_ERROR;
				GCC_WARN_UNDECLARED_SELECTOR = YES;
				GCC_WARN_UNINITIALIZED_AUTOS = YES_AGGRESSIVE;
				GCC_WARN_UNUSED_FUNCTION = YES;
				GCC_WARN_UNUSED_VARIABLE = YES;
				IPHONEOS_DEPLOYMENT_TARGET = 9.3;
				MTL_ENABLE_DEBUG_INFO = NO;
				SDKROOT = iphoneos;
				VALIDATE_PRODUCT = YES;
			};
			name = Release;
		};
		580206391D1D368400349B32 /* Debug */ = {
			isa = XCBuildConfiguration;
			baseConfigurationReference = 3CCE95E83D318FA9D7DFA3BC /* Pods-HealthyWay.debug.xcconfig */;
			buildSettings = {
				ASSETCATALOG_COMPILER_APPICON_NAME = AppIcon;
				GCC_PRECOMPILE_PREFIX_HEADER = YES;
				GCC_PREFIX_HEADER = "HealthyWay/PrecompiledHeader/HealthyWay-PrefixHeader.pch";
				INFOPLIST_FILE = HealthyWay/Info.plist;
				LD_RUNPATH_SEARCH_PATHS = "$(inherited) @executable_path/Frameworks";
				PRODUCT_BUNDLE_IDENTIFIER = com.eugenity.HealthyWay;
				PRODUCT_NAME = "$(TARGET_NAME)";
			};
			name = Debug;
		};
		5802063A1D1D368400349B32 /* Release */ = {
			isa = XCBuildConfiguration;
			baseConfigurationReference = 0D6832D0B10F075E049BCAFE /* Pods-HealthyWay.release.xcconfig */;
			buildSettings = {
				ASSETCATALOG_COMPILER_APPICON_NAME = AppIcon;
				GCC_PRECOMPILE_PREFIX_HEADER = YES;
				GCC_PREFIX_HEADER = "HealthyWay/PrecompiledHeader/HealthyWay-PrefixHeader.pch";
				INFOPLIST_FILE = HealthyWay/Info.plist;
				LD_RUNPATH_SEARCH_PATHS = "$(inherited) @executable_path/Frameworks";
				PRODUCT_BUNDLE_IDENTIFIER = com.eugenity.HealthyWay;
				PRODUCT_NAME = "$(TARGET_NAME)";
			};
			name = Release;
		};
		5802063C1D1D368400349B32 /* Debug */ = {
			isa = XCBuildConfiguration;
			buildSettings = {
				BUNDLE_LOADER = "$(TEST_HOST)";
				INFOPLIST_FILE = HealthyWayTests/Info.plist;
				LD_RUNPATH_SEARCH_PATHS = "$(inherited) @executable_path/Frameworks @loader_path/Frameworks";
				PRODUCT_BUNDLE_IDENTIFIER = com.eugenity.HealthyWayTests;
				PRODUCT_NAME = "$(TARGET_NAME)";
				TEST_HOST = "$(BUILT_PRODUCTS_DIR)/HealthyWay.app/HealthyWay";
			};
			name = Debug;
		};
		5802063D1D1D368400349B32 /* Release */ = {
			isa = XCBuildConfiguration;
			buildSettings = {
				BUNDLE_LOADER = "$(TEST_HOST)";
				INFOPLIST_FILE = HealthyWayTests/Info.plist;
				LD_RUNPATH_SEARCH_PATHS = "$(inherited) @executable_path/Frameworks @loader_path/Frameworks";
				PRODUCT_BUNDLE_IDENTIFIER = com.eugenity.HealthyWayTests;
				PRODUCT_NAME = "$(TARGET_NAME)";
				TEST_HOST = "$(BUILT_PRODUCTS_DIR)/HealthyWay.app/HealthyWay";
			};
			name = Release;
		};
/* End XCBuildConfiguration section */

/* Begin XCConfigurationList section */
		580206111D1D368300349B32 /* Build configuration list for PBXProject "HealthyWay" */ = {
			isa = XCConfigurationList;
			buildConfigurations = (
				580206361D1D368400349B32 /* Debug */,
				580206371D1D368400349B32 /* Release */,
			);
			defaultConfigurationIsVisible = 0;
			defaultConfigurationName = Release;
		};
		580206381D1D368400349B32 /* Build configuration list for PBXNativeTarget "HealthyWay" */ = {
			isa = XCConfigurationList;
			buildConfigurations = (
				580206391D1D368400349B32 /* Debug */,
				5802063A1D1D368400349B32 /* Release */,
			);
			defaultConfigurationIsVisible = 0;
			defaultConfigurationName = Release;
		};
		5802063B1D1D368400349B32 /* Build configuration list for PBXNativeTarget "HealthyWayTests" */ = {
			isa = XCConfigurationList;
			buildConfigurations = (
				5802063C1D1D368400349B32 /* Debug */,
				5802063D1D1D368400349B32 /* Release */,
			);
			defaultConfigurationIsVisible = 0;
			defaultConfigurationName = Release;
		};
/* End XCConfigurationList section */
	};
	rootObject = 5802060E1D1D368300349B32 /* Project object */;
}
